// !$*UTF8*$!
{
	archiveVersion = 1;
	classes = {
	};
	objectVersion = 50;
	objects = {

/* Begin PBXBuildFile section */
		D6074D7123D5ACB80062DE7A /* main.cpp in Sources */ = {isa = PBXBuildFile; fileRef = D6074D7023D5ACB80062DE7A /* main.cpp */; };
		D6074DA123D638F60062DE7A /* Vector.cpp in Sources */ = {isa = PBXBuildFile; fileRef = D6074D9F23D638F60062DE7A /* Vector.cpp */; };
		D6074DA923D63F810062DE7A /* main.cpp in Sources */ = {isa = PBXBuildFile; fileRef = D6074DA823D63F810062DE7A /* main.cpp */; };
		D6074DAF23D6403C0062DE7A /* Vector.cpp in Sources */ = {isa = PBXBuildFile; fileRef = D6074DAD23D6403C0062DE7A /* Vector.cpp */; };
		D6074DB723D65E350062DE7A /* main.cpp in Sources */ = {isa = PBXBuildFile; fileRef = D6074DB623D65E350062DE7A /* main.cpp */; };
		D6074DC223D660D50062DE7A /* main.cpp in Sources */ = {isa = PBXBuildFile; fileRef = D6074DC123D660D50062DE7A /* main.cpp */; };
		D630B49923CCCE8000F35AB6 /* main.cpp in Sources */ = {isa = PBXBuildFile; fileRef = D630B49823CCCE8000F35AB6 /* main.cpp */; };
		D630B4A523CCD83600F35AB6 /* main.cpp in Sources */ = {isa = PBXBuildFile; fileRef = D630B4A423CCD83600F35AB6 /* main.cpp */; };
		D65B35C923CC7DA00011C191 /* main.cpp in Sources */ = {isa = PBXBuildFile; fileRef = D65B35C823CC7DA00011C191 /* main.cpp */; };
		D65B35DF23CC896B0011C191 /* main.cpp in Sources */ = {isa = PBXBuildFile; fileRef = D65B35DE23CC896B0011C191 /* main.cpp */; };
		D65D693523D1DD4B00033F78 /* main.cpp in Sources */ = {isa = PBXBuildFile; fileRef = D65D693423D1DD4B00033F78 /* main.cpp */; };
		D67EA61023D9A05E003639BA /* main.cpp in Sources */ = {isa = PBXBuildFile; fileRef = D67EA60F23D9A05E003639BA /* main.cpp */; };
		D67EA61623D9A06E003639BA /* Vector.cpp in Sources */ = {isa = PBXBuildFile; fileRef = D67EA61423D9A06E003639BA /* Vector.cpp */; };
		D67EA61E23D9ADC9003639BA /* main.cpp in Sources */ = {isa = PBXBuildFile; fileRef = D67EA61D23D9ADC9003639BA /* main.cpp */; };
		D67EA62923D9BAC0003639BA /* main.cpp in Sources */ = {isa = PBXBuildFile; fileRef = D67EA62823D9BAC0003639BA /* main.cpp */; };
		D67EA63423D9C8A8003639BA /* main.cpp in Sources */ = {isa = PBXBuildFile; fileRef = D67EA63323D9C8A8003639BA /* main.cpp */; };
		D68E0C7823CCB6EA003D8E85 /* main.cpp in Sources */ = {isa = PBXBuildFile; fileRef = D68E0C7723CCB6EA003D8E85 /* main.cpp */; };
		D6BE255023CBC7AF004B9414 /* main.cpp in Sources */ = {isa = PBXBuildFile; fileRef = D6BE254F23CBC7AF004B9414 /* main.cpp */; };
		D6BE255D23CBC7CB004B9414 /* main.cpp in Sources */ = {isa = PBXBuildFile; fileRef = D6BE255C23CBC7CB004B9414 /* main.cpp */; };
		D6D714AF23CC6521004E359D /* main.cpp in Sources */ = {isa = PBXBuildFile; fileRef = D6D714AE23CC6521004E359D /* main.cpp */; };
		D6EB0F9023CDCBAF00DF7B06 /* main.cpp in Sources */ = {isa = PBXBuildFile; fileRef = D6EB0F8F23CDCBAF00DF7B06 /* main.cpp */; };
		D6EB0FB023CDE1EE00DF7B06 /* main.cpp in Sources */ = {isa = PBXBuildFile; fileRef = D6EB0FAF23CDE1EE00DF7B06 /* main.cpp */; };
		D6EB0FB423CDE1F900DF7B06 /* my.cpp in Sources */ = {isa = PBXBuildFile; fileRef = D6EB0FA023CDDE9300DF7B06 /* my.cpp */; };
		D6EB0FBD23CDF6D100DF7B06 /* main.cpp in Sources */ = {isa = PBXBuildFile; fileRef = D6EB0FBC23CDF6D100DF7B06 /* main.cpp */; };
		D6EB103523CE3EA300DF7B06 /* main.cpp in Sources */ = {isa = PBXBuildFile; fileRef = D6EB103423CE3EA300DF7B06 /* main.cpp */; };
/* End PBXBuildFile section */

/* Begin PBXCopyFilesBuildPhase section */
		D6074D6C23D5ACB80062DE7A /* CopyFiles */ = {
			isa = PBXCopyFilesBuildPhase;
			buildActionMask = 2147483647;
			dstPath = /usr/share/man/man1/;
			dstSubfolderSpec = 0;
			files = (
			);
			runOnlyForDeploymentPostprocessing = 1;
		};
		D6074DA423D63F810062DE7A /* CopyFiles */ = {
			isa = PBXCopyFilesBuildPhase;
			buildActionMask = 2147483647;
			dstPath = /usr/share/man/man1/;
			dstSubfolderSpec = 0;
			files = (
			);
			runOnlyForDeploymentPostprocessing = 1;
		};
		D6074DB223D65E350062DE7A /* CopyFiles */ = {
			isa = PBXCopyFilesBuildPhase;
			buildActionMask = 2147483647;
			dstPath = /usr/share/man/man1/;
			dstSubfolderSpec = 0;
			files = (
			);
			runOnlyForDeploymentPostprocessing = 1;
		};
		D6074DBD23D660D50062DE7A /* CopyFiles */ = {
			isa = PBXCopyFilesBuildPhase;
			buildActionMask = 2147483647;
			dstPath = /usr/share/man/man1/;
			dstSubfolderSpec = 0;
			files = (
			);
			runOnlyForDeploymentPostprocessing = 1;
		};
		D630B48923CCCE6E00F35AB6 /* CopyFiles */ = {
			isa = PBXCopyFilesBuildPhase;
			buildActionMask = 2147483647;
			dstPath = /usr/share/man/man1/;
			dstSubfolderSpec = 0;
			files = (
			);
			runOnlyForDeploymentPostprocessing = 1;
		};
		D630B49423CCCE8000F35AB6 /* CopyFiles */ = {
			isa = PBXCopyFilesBuildPhase;
			buildActionMask = 2147483647;
			dstPath = /usr/share/man/man1/;
			dstSubfolderSpec = 0;
			files = (
			);
			runOnlyForDeploymentPostprocessing = 1;
		};
		D630B4A023CCD83600F35AB6 /* CopyFiles */ = {
			isa = PBXCopyFilesBuildPhase;
			buildActionMask = 2147483647;
			dstPath = /usr/share/man/man1/;
			dstSubfolderSpec = 0;
			files = (
			);
			runOnlyForDeploymentPostprocessing = 1;
		};
		D65B35C423CC7DA00011C191 /* CopyFiles */ = {
			isa = PBXCopyFilesBuildPhase;
			buildActionMask = 2147483647;
			dstPath = /usr/share/man/man1/;
			dstSubfolderSpec = 0;
			files = (
			);
			runOnlyForDeploymentPostprocessing = 1;
		};
		D65B35CF23CC87F70011C191 /* CopyFiles */ = {
			isa = PBXCopyFilesBuildPhase;
			buildActionMask = 2147483647;
			dstPath = /usr/share/man/man1/;
			dstSubfolderSpec = 0;
			files = (
			);
			runOnlyForDeploymentPostprocessing = 1;
		};
		D65B35DA23CC896B0011C191 /* CopyFiles */ = {
			isa = PBXCopyFilesBuildPhase;
			buildActionMask = 2147483647;
			dstPath = /usr/share/man/man1/;
			dstSubfolderSpec = 0;
			files = (
			);
			runOnlyForDeploymentPostprocessing = 1;
		};
		D65D693023D1DD4B00033F78 /* CopyFiles */ = {
			isa = PBXCopyFilesBuildPhase;
			buildActionMask = 2147483647;
			dstPath = /usr/share/man/man1/;
			dstSubfolderSpec = 0;
			files = (
			);
			runOnlyForDeploymentPostprocessing = 1;
		};
		D67EA60B23D9A05E003639BA /* CopyFiles */ = {
			isa = PBXCopyFilesBuildPhase;
			buildActionMask = 2147483647;
			dstPath = /usr/share/man/man1/;
			dstSubfolderSpec = 0;
			files = (
			);
			runOnlyForDeploymentPostprocessing = 1;
		};
		D67EA61923D9ADC9003639BA /* CopyFiles */ = {
			isa = PBXCopyFilesBuildPhase;
			buildActionMask = 2147483647;
			dstPath = /usr/share/man/man1/;
			dstSubfolderSpec = 0;
			files = (
			);
			runOnlyForDeploymentPostprocessing = 1;
		};
		D67EA62423D9BAC0003639BA /* CopyFiles */ = {
			isa = PBXCopyFilesBuildPhase;
			buildActionMask = 2147483647;
			dstPath = /usr/share/man/man1/;
			dstSubfolderSpec = 0;
			files = (
			);
			runOnlyForDeploymentPostprocessing = 1;
		};
		D67EA62F23D9C8A8003639BA /* CopyFiles */ = {
			isa = PBXCopyFilesBuildPhase;
			buildActionMask = 2147483647;
			dstPath = /usr/share/man/man1/;
			dstSubfolderSpec = 0;
			files = (
			);
			runOnlyForDeploymentPostprocessing = 1;
		};
		D68E0C7323CCB6EA003D8E85 /* CopyFiles */ = {
			isa = PBXCopyFilesBuildPhase;
			buildActionMask = 2147483647;
			dstPath = /usr/share/man/man1/;
			dstSubfolderSpec = 0;
			files = (
			);
			runOnlyForDeploymentPostprocessing = 1;
		};
		D6BE254A23CBC7AF004B9414 /* CopyFiles */ = {
			isa = PBXCopyFilesBuildPhase;
			buildActionMask = 2147483647;
			dstPath = /usr/share/man/man1/;
			dstSubfolderSpec = 0;
			files = (
			);
			runOnlyForDeploymentPostprocessing = 1;
		};
		D6BE255823CBC7CB004B9414 /* CopyFiles */ = {
			isa = PBXCopyFilesBuildPhase;
			buildActionMask = 2147483647;
			dstPath = /usr/share/man/man1/;
			dstSubfolderSpec = 0;
			files = (
			);
			runOnlyForDeploymentPostprocessing = 1;
		};
		D6D714AA23CC6521004E359D /* CopyFiles */ = {
			isa = PBXCopyFilesBuildPhase;
			buildActionMask = 2147483647;
			dstPath = /usr/share/man/man1/;
			dstSubfolderSpec = 0;
			files = (
			);
			runOnlyForDeploymentPostprocessing = 1;
		};
		D6EB0F8B23CDCBAE00DF7B06 /* CopyFiles */ = {
			isa = PBXCopyFilesBuildPhase;
			buildActionMask = 2147483647;
			dstPath = /usr/share/man/man1/;
			dstSubfolderSpec = 0;
			files = (
			);
			runOnlyForDeploymentPostprocessing = 1;
		};
		D6EB0F9623CDDE7900DF7B06 /* CopyFiles */ = {
			isa = PBXCopyFilesBuildPhase;
			buildActionMask = 2147483647;
			dstPath = /usr/share/man/man1/;
			dstSubfolderSpec = 0;
			files = (
			);
			runOnlyForDeploymentPostprocessing = 1;
		};
		D6EB0FAB23CDE1EE00DF7B06 /* CopyFiles */ = {
			isa = PBXCopyFilesBuildPhase;
			buildActionMask = 2147483647;
			dstPath = /usr/share/man/man1/;
			dstSubfolderSpec = 0;
			files = (
			);
			runOnlyForDeploymentPostprocessing = 1;
		};
		D6EB0FB823CDF6D000DF7B06 /* CopyFiles */ = {
			isa = PBXCopyFilesBuildPhase;
			buildActionMask = 2147483647;
			dstPath = /usr/share/man/man1/;
			dstSubfolderSpec = 0;
			files = (
			);
			runOnlyForDeploymentPostprocessing = 1;
		};
		D6EB103023CE3EA300DF7B06 /* CopyFiles */ = {
			isa = PBXCopyFilesBuildPhase;
			buildActionMask = 2147483647;
			dstPath = /usr/share/man/man1/;
			dstSubfolderSpec = 0;
			files = (
			);
			runOnlyForDeploymentPostprocessing = 1;
		};
/* End PBXCopyFilesBuildPhase section */

/* Begin PBXFileReference section */
		D6074D6E23D5ACB80062DE7A /* Chapter17 */ = {isa = PBXFileReference; explicitFileType = "compiled.mach-o.executable"; includeInIndex = 0; path = Chapter17; sourceTree = BUILT_PRODUCTS_DIR; };
		D6074D7023D5ACB80062DE7A /* main.cpp */ = {isa = PBXFileReference; lastKnownFileType = sourcecode.cpp.cpp; path = main.cpp; sourceTree = "<group>"; };
		D6074D9F23D638F60062DE7A /* Vector.cpp */ = {isa = PBXFileReference; lastKnownFileType = sourcecode.cpp.cpp; path = Vector.cpp; sourceTree = "<group>"; };
		D6074DA023D638F60062DE7A /* Vector.hpp */ = {isa = PBXFileReference; lastKnownFileType = sourcecode.cpp.h; path = Vector.hpp; sourceTree = "<group>"; };
		D6074DA623D63F810062DE7A /* Chapter18 */ = {isa = PBXFileReference; explicitFileType = "compiled.mach-o.executable"; includeInIndex = 0; path = Chapter18; sourceTree = BUILT_PRODUCTS_DIR; };
		D6074DA823D63F810062DE7A /* main.cpp */ = {isa = PBXFileReference; lastKnownFileType = sourcecode.cpp.cpp; path = main.cpp; sourceTree = "<group>"; };
		D6074DAD23D6403C0062DE7A /* Vector.cpp */ = {isa = PBXFileReference; lastKnownFileType = sourcecode.cpp.cpp; path = Vector.cpp; sourceTree = "<group>"; };
		D6074DAE23D6403C0062DE7A /* Vector.hpp */ = {isa = PBXFileReference; lastKnownFileType = sourcecode.cpp.h; path = Vector.hpp; sourceTree = "<group>"; };
		D6074DB423D65E350062DE7A /* 18Palindromes */ = {isa = PBXFileReference; explicitFileType = "compiled.mach-o.executable"; includeInIndex = 0; path = 18Palindromes; sourceTree = BUILT_PRODUCTS_DIR; };
		D6074DB623D65E350062DE7A /* main.cpp */ = {isa = PBXFileReference; lastKnownFileType = sourcecode.cpp.cpp; path = main.cpp; sourceTree = "<group>"; };
		D6074DBF23D660D50062DE7A /* 18Drill */ = {isa = PBXFileReference; explicitFileType = "compiled.mach-o.executable"; includeInIndex = 0; path = 18Drill; sourceTree = BUILT_PRODUCTS_DIR; };
		D6074DC123D660D50062DE7A /* main.cpp */ = {isa = PBXFileReference; lastKnownFileType = sourcecode.cpp.cpp; path = main.cpp; sourceTree = "<group>"; };
		D630B48B23CCCE6E00F35AB6 /* exercise5 */ = {isa = PBXFileReference; explicitFileType = "compiled.mach-o.executable"; includeInIndex = 0; path = exercise5; sourceTree = BUILT_PRODUCTS_DIR; };
		D630B49623CCCE8000F35AB6 /* exercise4 */ = {isa = PBXFileReference; explicitFileType = "compiled.mach-o.executable"; includeInIndex = 0; path = exercise4; sourceTree = BUILT_PRODUCTS_DIR; };
		D630B49823CCCE8000F35AB6 /* main.cpp */ = {isa = PBXFileReference; lastKnownFileType = sourcecode.cpp.cpp; path = main.cpp; sourceTree = "<group>"; };
		D630B49D23CCD80E00F35AB6 /* std_lib_facilities.h */ = {isa = PBXFileReference; lastKnownFileType = sourcecode.c.h; path = std_lib_facilities.h; sourceTree = "<group>"; };
		D630B4A223CCD83600F35AB6 /* Chapter5 */ = {isa = PBXFileReference; explicitFileType = "compiled.mach-o.executable"; includeInIndex = 0; path = Chapter5; sourceTree = BUILT_PRODUCTS_DIR; };
		D630B4A423CCD83600F35AB6 /* main.cpp */ = {isa = PBXFileReference; lastKnownFileType = sourcecode.cpp.cpp; path = main.cpp; sourceTree = "<group>"; };
		D65B35C623CC7DA00011C191 /* Drill */ = {isa = PBXFileReference; explicitFileType = "compiled.mach-o.executable"; includeInIndex = 0; path = Drill; sourceTree = BUILT_PRODUCTS_DIR; };
		D65B35C823CC7DA00011C191 /* main.cpp */ = {isa = PBXFileReference; lastKnownFileType = sourcecode.cpp.cpp; path = main.cpp; sourceTree = "<group>"; };
		D65B35D123CC87F70011C191 /* exercise7 */ = {isa = PBXFileReference; explicitFileType = "compiled.mach-o.executable"; includeInIndex = 0; path = exercise7; sourceTree = BUILT_PRODUCTS_DIR; };
		D65B35DC23CC896B0011C191 /* Chapter4 */ = {isa = PBXFileReference; explicitFileType = "compiled.mach-o.executable"; includeInIndex = 0; path = Chapter4; sourceTree = BUILT_PRODUCTS_DIR; };
		D65B35DE23CC896B0011C191 /* main.cpp */ = {isa = PBXFileReference; lastKnownFileType = sourcecode.cpp.cpp; path = main.cpp; sourceTree = "<group>"; };
		D65D693223D1DD4B00033F78 /* Reading_simplest_file */ = {isa = PBXFileReference; explicitFileType = "compiled.mach-o.executable"; includeInIndex = 0; path = Reading_simplest_file; sourceTree = BUILT_PRODUCTS_DIR; };
		D65D693423D1DD4B00033F78 /* main.cpp */ = {isa = PBXFileReference; lastKnownFileType = sourcecode.cpp.cpp; path = main.cpp; sourceTree = "<group>"; };
		D67EA60D23D9A05E003639BA /* Chpater19 */ = {isa = PBXFileReference; explicitFileType = "compiled.mach-o.executable"; includeInIndex = 0; path = Chpater19; sourceTree = BUILT_PRODUCTS_DIR; };
		D67EA60F23D9A05E003639BA /* main.cpp */ = {isa = PBXFileReference; lastKnownFileType = sourcecode.cpp.cpp; path = main.cpp; sourceTree = "<group>"; };
		D67EA61423D9A06E003639BA /* Vector.cpp */ = {isa = PBXFileReference; lastKnownFileType = sourcecode.cpp.cpp; path = Vector.cpp; sourceTree = "<group>"; };
		D67EA61523D9A06E003639BA /* Vector.hpp */ = {isa = PBXFileReference; lastKnownFileType = sourcecode.cpp.h; path = Vector.hpp; sourceTree = "<group>"; };
		D67EA61B23D9ADC9003639BA /* 19_3_5 */ = {isa = PBXFileReference; explicitFileType = "compiled.mach-o.executable"; includeInIndex = 0; path = 19_3_5; sourceTree = BUILT_PRODUCTS_DIR; };
		D67EA61D23D9ADC9003639BA /* main.cpp */ = {isa = PBXFileReference; lastKnownFileType = sourcecode.cpp.cpp; path = main.cpp; sourceTree = "<group>"; };
		D67EA62623D9BAC0003639BA /* 19Drill */ = {isa = PBXFileReference; explicitFileType = "compiled.mach-o.executable"; includeInIndex = 0; path = 19Drill; sourceTree = BUILT_PRODUCTS_DIR; };
		D67EA62823D9BAC0003639BA /* main.cpp */ = {isa = PBXFileReference; lastKnownFileType = sourcecode.cpp.cpp; path = main.cpp; sourceTree = "<group>"; };
		D67EA63123D9C8A8003639BA /* Chapter20 */ = {isa = PBXFileReference; explicitFileType = "compiled.mach-o.executable"; includeInIndex = 0; path = Chapter20; sourceTree = BUILT_PRODUCTS_DIR; };
		D67EA63323D9C8A8003639BA /* main.cpp */ = {isa = PBXFileReference; lastKnownFileType = sourcecode.cpp.cpp; path = main.cpp; sourceTree = "<group>"; };
		D68E0C7523CCB6EA003D8E85 /* Drill_4 */ = {isa = PBXFileReference; explicitFileType = "compiled.mach-o.executable"; includeInIndex = 0; path = Drill_4; sourceTree = BUILT_PRODUCTS_DIR; };
		D68E0C7723CCB6EA003D8E85 /* main.cpp */ = {isa = PBXFileReference; lastKnownFileType = sourcecode.cpp.cpp; path = main.cpp; sourceTree = "<group>"; };
		D6BE254C23CBC7AF004B9414 /* Principles and Practice Using C++ */ = {isa = PBXFileReference; explicitFileType = "compiled.mach-o.executable"; includeInIndex = 0; path = "Principles and Practice Using C++"; sourceTree = BUILT_PRODUCTS_DIR; };
		D6BE254F23CBC7AF004B9414 /* main.cpp */ = {isa = PBXFileReference; lastKnownFileType = sourcecode.cpp.cpp; path = main.cpp; sourceTree = "<group>"; };
		D6BE255A23CBC7CB004B9414 /* Chapter2 */ = {isa = PBXFileReference; explicitFileType = "compiled.mach-o.executable"; includeInIndex = 0; path = Chapter2; sourceTree = BUILT_PRODUCTS_DIR; };
		D6BE255C23CBC7CB004B9414 /* main.cpp */ = {isa = PBXFileReference; lastKnownFileType = sourcecode.cpp.cpp; path = main.cpp; sourceTree = "<group>"; };
		D6D714AC23CC6521004E359D /* Chapter3 */ = {isa = PBXFileReference; explicitFileType = "compiled.mach-o.executable"; includeInIndex = 0; path = Chapter3; sourceTree = BUILT_PRODUCTS_DIR; };
		D6D714AE23CC6521004E359D /* main.cpp */ = {isa = PBXFileReference; lastKnownFileType = sourcecode.cpp.cpp; path = main.cpp; sourceTree = "<group>"; };
		D6EB0F8D23CDCBAE00DF7B06 /* Chapter8 */ = {isa = PBXFileReference; explicitFileType = "compiled.mach-o.executable"; includeInIndex = 0; path = Chapter8; sourceTree = BUILT_PRODUCTS_DIR; };
		D6EB0F8F23CDCBAF00DF7B06 /* main.cpp */ = {isa = PBXFileReference; lastKnownFileType = sourcecode.cpp.cpp; path = main.cpp; sourceTree = "<group>"; };
		D6EB0F9823CDDE7900DF7B06 /* Drill_8 */ = {isa = PBXFileReference; explicitFileType = "compiled.mach-o.executable"; includeInIndex = 0; path = Drill_8; sourceTree = BUILT_PRODUCTS_DIR; };
		D6EB0FA023CDDE9300DF7B06 /* my.cpp */ = {isa = PBXFileReference; lastKnownFileType = sourcecode.cpp.cpp; path = my.cpp; sourceTree = "<group>"; };
		D6EB0FA123CDDE9300DF7B06 /* my.hpp */ = {isa = PBXFileReference; lastKnownFileType = sourcecode.cpp.h; path = my.hpp; sourceTree = "<group>"; };
		D6EB0FAD23CDE1EE00DF7B06 /* Drill8 */ = {isa = PBXFileReference; explicitFileType = "compiled.mach-o.executable"; includeInIndex = 0; path = Drill8; sourceTree = BUILT_PRODUCTS_DIR; };
		D6EB0FAF23CDE1EE00DF7B06 /* main.cpp */ = {isa = PBXFileReference; lastKnownFileType = sourcecode.cpp.cpp; path = main.cpp; sourceTree = "<group>"; };
		D6EB0FBA23CDF6D000DF7B06 /* Chapter9 */ = {isa = PBXFileReference; explicitFileType = "compiled.mach-o.executable"; includeInIndex = 0; path = Chapter9; sourceTree = BUILT_PRODUCTS_DIR; };
		D6EB0FBC23CDF6D100DF7B06 /* main.cpp */ = {isa = PBXFileReference; lastKnownFileType = sourcecode.cpp.cpp; path = main.cpp; sourceTree = "<group>"; };
		D6EB103223CE3EA300DF7B06 /* Chapter10 */ = {isa = PBXFileReference; explicitFileType = "compiled.mach-o.executable"; includeInIndex = 0; path = Chapter10; sourceTree = BUILT_PRODUCTS_DIR; };
		D6EB103423CE3EA300DF7B06 /* main.cpp */ = {isa = PBXFileReference; lastKnownFileType = sourcecode.cpp.cpp; path = main.cpp; sourceTree = "<group>"; };
/* End PBXFileReference section */

/* Begin PBXFrameworksBuildPhase section */
		D6074D6B23D5ACB80062DE7A /* Frameworks */ = {
			isa = PBXFrameworksBuildPhase;
			buildActionMask = 2147483647;
			files = (
			);
			runOnlyForDeploymentPostprocessing = 0;
		};
		D6074DA323D63F810062DE7A /* Frameworks */ = {
			isa = PBXFrameworksBuildPhase;
			buildActionMask = 2147483647;
			files = (
			);
			runOnlyForDeploymentPostprocessing = 0;
		};
		D6074DB123D65E350062DE7A /* Frameworks */ = {
			isa = PBXFrameworksBuildPhase;
			buildActionMask = 2147483647;
			files = (
			);
			runOnlyForDeploymentPostprocessing = 0;
		};
		D6074DBC23D660D50062DE7A /* Frameworks */ = {
			isa = PBXFrameworksBuildPhase;
			buildActionMask = 2147483647;
			files = (
			);
			runOnlyForDeploymentPostprocessing = 0;
		};
		D630B48823CCCE6E00F35AB6 /* Frameworks */ = {
			isa = PBXFrameworksBuildPhase;
			buildActionMask = 2147483647;
			files = (
			);
			runOnlyForDeploymentPostprocessing = 0;
		};
		D630B49323CCCE8000F35AB6 /* Frameworks */ = {
			isa = PBXFrameworksBuildPhase;
			buildActionMask = 2147483647;
			files = (
			);
			runOnlyForDeploymentPostprocessing = 0;
		};
		D630B49F23CCD83600F35AB6 /* Frameworks */ = {
			isa = PBXFrameworksBuildPhase;
			buildActionMask = 2147483647;
			files = (
			);
			runOnlyForDeploymentPostprocessing = 0;
		};
		D65B35C323CC7DA00011C191 /* Frameworks */ = {
			isa = PBXFrameworksBuildPhase;
			buildActionMask = 2147483647;
			files = (
			);
			runOnlyForDeploymentPostprocessing = 0;
		};
		D65B35CE23CC87F70011C191 /* Frameworks */ = {
			isa = PBXFrameworksBuildPhase;
			buildActionMask = 2147483647;
			files = (
			);
			runOnlyForDeploymentPostprocessing = 0;
		};
		D65B35D923CC896B0011C191 /* Frameworks */ = {
			isa = PBXFrameworksBuildPhase;
			buildActionMask = 2147483647;
			files = (
			);
			runOnlyForDeploymentPostprocessing = 0;
		};
		D65D692F23D1DD4B00033F78 /* Frameworks */ = {
			isa = PBXFrameworksBuildPhase;
			buildActionMask = 2147483647;
			files = (
			);
			runOnlyForDeploymentPostprocessing = 0;
		};
		D67EA60A23D9A05E003639BA /* Frameworks */ = {
			isa = PBXFrameworksBuildPhase;
			buildActionMask = 2147483647;
			files = (
			);
			runOnlyForDeploymentPostprocessing = 0;
		};
		D67EA61823D9ADC9003639BA /* Frameworks */ = {
			isa = PBXFrameworksBuildPhase;
			buildActionMask = 2147483647;
			files = (
			);
			runOnlyForDeploymentPostprocessing = 0;
		};
		D67EA62323D9BAC0003639BA /* Frameworks */ = {
			isa = PBXFrameworksBuildPhase;
			buildActionMask = 2147483647;
			files = (
			);
			runOnlyForDeploymentPostprocessing = 0;
		};
		D67EA62E23D9C8A8003639BA /* Frameworks */ = {
			isa = PBXFrameworksBuildPhase;
			buildActionMask = 2147483647;
			files = (
			);
			runOnlyForDeploymentPostprocessing = 0;
		};
		D68E0C7223CCB6EA003D8E85 /* Frameworks */ = {
			isa = PBXFrameworksBuildPhase;
			buildActionMask = 2147483647;
			files = (
			);
			runOnlyForDeploymentPostprocessing = 0;
		};
		D6BE254923CBC7AF004B9414 /* Frameworks */ = {
			isa = PBXFrameworksBuildPhase;
			buildActionMask = 2147483647;
			files = (
			);
			runOnlyForDeploymentPostprocessing = 0;
		};
		D6BE255723CBC7CB004B9414 /* Frameworks */ = {
			isa = PBXFrameworksBuildPhase;
			buildActionMask = 2147483647;
			files = (
			);
			runOnlyForDeploymentPostprocessing = 0;
		};
		D6D714A923CC6521004E359D /* Frameworks */ = {
			isa = PBXFrameworksBuildPhase;
			buildActionMask = 2147483647;
			files = (
			);
			runOnlyForDeploymentPostprocessing = 0;
		};
		D6EB0F8A23CDCBAE00DF7B06 /* Frameworks */ = {
			isa = PBXFrameworksBuildPhase;
			buildActionMask = 2147483647;
			files = (
			);
			runOnlyForDeploymentPostprocessing = 0;
		};
		D6EB0F9523CDDE7900DF7B06 /* Frameworks */ = {
			isa = PBXFrameworksBuildPhase;
			buildActionMask = 2147483647;
			files = (
			);
			runOnlyForDeploymentPostprocessing = 0;
		};
		D6EB0FAA23CDE1EE00DF7B06 /* Frameworks */ = {
			isa = PBXFrameworksBuildPhase;
			buildActionMask = 2147483647;
			files = (
			);
			runOnlyForDeploymentPostprocessing = 0;
		};
		D6EB0FB723CDF6D000DF7B06 /* Frameworks */ = {
			isa = PBXFrameworksBuildPhase;
			buildActionMask = 2147483647;
			files = (
			);
			runOnlyForDeploymentPostprocessing = 0;
		};
		D6EB102F23CE3EA300DF7B06 /* Frameworks */ = {
			isa = PBXFrameworksBuildPhase;
			buildActionMask = 2147483647;
			files = (
			);
			runOnlyForDeploymentPostprocessing = 0;
		};
/* End PBXFrameworksBuildPhase section */

/* Begin PBXGroup section */
		D6074D6F23D5ACB80062DE7A /* Chapter17 */ = {
			isa = PBXGroup;
			children = (
				D6074D7023D5ACB80062DE7A /* main.cpp */,
				D6074D9F23D638F60062DE7A /* Vector.cpp */,
				D6074DA023D638F60062DE7A /* Vector.hpp */,
			);
			path = Chapter17;
			sourceTree = "<group>";
		};
		D6074DA723D63F810062DE7A /* Chapter18 */ = {
			isa = PBXGroup;
			children = (
				D6074DA823D63F810062DE7A /* main.cpp */,
				D6074DAD23D6403C0062DE7A /* Vector.cpp */,
				D6074DAE23D6403C0062DE7A /* Vector.hpp */,
			);
			path = Chapter18;
			sourceTree = "<group>";
		};
		D6074DB523D65E350062DE7A /* 18Palindromes */ = {
			isa = PBXGroup;
			children = (
				D6074DB623D65E350062DE7A /* main.cpp */,
			);
			path = 18Palindromes;
			sourceTree = "<group>";
		};
		D6074DC023D660D50062DE7A /* 18Drill */ = {
			isa = PBXGroup;
			children = (
				D6074DC123D660D50062DE7A /* main.cpp */,
			);
			path = 18Drill;
			sourceTree = "<group>";
		};
		D630B49723CCCE8000F35AB6 /* exercise4 */ = {
			isa = PBXGroup;
			children = (
				D630B49823CCCE8000F35AB6 /* main.cpp */,
			);
			path = exercise4;
			sourceTree = "<group>";
		};
		D630B4A323CCD83600F35AB6 /* Chapter5 */ = {
			isa = PBXGroup;
			children = (
				D630B4A423CCD83600F35AB6 /* main.cpp */,
			);
			path = Chapter5;
			sourceTree = "<group>";
		};
		D65B35C723CC7DA00011C191 /* Drill */ = {
			isa = PBXGroup;
			children = (
				D65B35C823CC7DA00011C191 /* main.cpp */,
			);
			path = Drill;
			sourceTree = "<group>";
		};
		D65B35DD23CC896B0011C191 /* Chapter4 */ = {
			isa = PBXGroup;
			children = (
				D630B49723CCCE8000F35AB6 /* exercise4 */,
				D68E0C7623CCB6EA003D8E85 /* Drill_4 */,
				D65B35DE23CC896B0011C191 /* main.cpp */,
			);
			path = Chapter4;
			sourceTree = "<group>";
		};
		D65D693323D1DD4B00033F78 /* Reading_simplest_file */ = {
			isa = PBXGroup;
			children = (
				D630B49D23CCD80E00F35AB6 /* std_lib_facilities.h */,
				D65D693423D1DD4B00033F78 /* main.cpp */,
			);
			path = Reading_simplest_file;
			sourceTree = "<group>";
		};
		D67EA60E23D9A05E003639BA /* Chpater19 */ = {
			isa = PBXGroup;
			children = (
				D67EA60F23D9A05E003639BA /* main.cpp */,
				D67EA61423D9A06E003639BA /* Vector.cpp */,
				D67EA61523D9A06E003639BA /* Vector.hpp */,
			);
			path = Chpater19;
			sourceTree = "<group>";
		};
		D67EA61C23D9ADC9003639BA /* 19_3_5 */ = {
			isa = PBXGroup;
			children = (
				D67EA61D23D9ADC9003639BA /* main.cpp */,
			);
			path = 19_3_5;
			sourceTree = "<group>";
		};
		D67EA62723D9BAC0003639BA /* 19Drill */ = {
			isa = PBXGroup;
			children = (
				D67EA62823D9BAC0003639BA /* main.cpp */,
			);
			path = 19Drill;
			sourceTree = "<group>";
		};
		D67EA63223D9C8A8003639BA /* Chapter20 */ = {
			isa = PBXGroup;
			children = (
				D67EA63323D9C8A8003639BA /* main.cpp */,
			);
			path = Chapter20;
			sourceTree = "<group>";
		};
		D68E0C7623CCB6EA003D8E85 /* Drill_4 */ = {
			isa = PBXGroup;
			children = (
				D68E0C7723CCB6EA003D8E85 /* main.cpp */,
			);
			path = Drill_4;
			sourceTree = "<group>";
		};
		D6BE254323CBC7AF004B9414 = {
			isa = PBXGroup;
			children = (
				D6BE254E23CBC7AF004B9414 /* Principles and Practice Using C++ */,
				D6BE255B23CBC7CB004B9414 /* Chapter2 */,
				D6D714AD23CC6521004E359D /* Chapter3 */,
				D65B35DD23CC896B0011C191 /* Chapter4 */,
				D630B4A323CCD83600F35AB6 /* Chapter5 */,
				D6EB0F8E23CDCBAF00DF7B06 /* Chapter8 */,
				D6EB0FBB23CDF6D100DF7B06 /* Chapter9 */,
				D6EB103323CE3EA300DF7B06 /* Chapter10 */,
				D65D693323D1DD4B00033F78 /* Reading_simplest_file */,
				D6074D6F23D5ACB80062DE7A /* Chapter17 */,
				D6074DA723D63F810062DE7A /* Chapter18 */,
				D6074DB523D65E350062DE7A /* 18Palindromes */,
				D6074DC023D660D50062DE7A /* 18Drill */,
				D67EA60E23D9A05E003639BA /* Chpater19 */,
				D67EA61C23D9ADC9003639BA /* 19_3_5 */,
				D67EA62723D9BAC0003639BA /* 19Drill */,
				D67EA63223D9C8A8003639BA /* Chapter20 */,
				D6BE254D23CBC7AF004B9414 /* Products */,
			);
			sourceTree = "<group>";
		};
		D6BE254D23CBC7AF004B9414 /* Products */ = {
			isa = PBXGroup;
			children = (
				D6BE254C23CBC7AF004B9414 /* Principles and Practice Using C++ */,
				D6BE255A23CBC7CB004B9414 /* Chapter2 */,
				D6D714AC23CC6521004E359D /* Chapter3 */,
				D65B35C623CC7DA00011C191 /* Drill */,
				D65B35D123CC87F70011C191 /* exercise7 */,
				D65B35DC23CC896B0011C191 /* Chapter4 */,
				D68E0C7523CCB6EA003D8E85 /* Drill_4 */,
				D630B48B23CCCE6E00F35AB6 /* exercise5 */,
				D630B49623CCCE8000F35AB6 /* exercise4 */,
				D630B4A223CCD83600F35AB6 /* Chapter5 */,
				D6EB0F8D23CDCBAE00DF7B06 /* Chapter8 */,
				D6EB0F9823CDDE7900DF7B06 /* Drill_8 */,
				D6EB0FAD23CDE1EE00DF7B06 /* Drill8 */,
				D6EB0FBA23CDF6D000DF7B06 /* Chapter9 */,
				D6EB103223CE3EA300DF7B06 /* Chapter10 */,
				D65D693223D1DD4B00033F78 /* Reading_simplest_file */,
				D6074D6E23D5ACB80062DE7A /* Chapter17 */,
				D6074DA623D63F810062DE7A /* Chapter18 */,
				D6074DB423D65E350062DE7A /* 18Palindromes */,
				D6074DBF23D660D50062DE7A /* 18Drill */,
				D67EA60D23D9A05E003639BA /* Chpater19 */,
				D67EA61B23D9ADC9003639BA /* 19_3_5 */,
				D67EA62623D9BAC0003639BA /* 19Drill */,
				D67EA63123D9C8A8003639BA /* Chapter20 */,
			);
			name = Products;
			sourceTree = "<group>";
		};
		D6BE254E23CBC7AF004B9414 /* Principles and Practice Using C++ */ = {
			isa = PBXGroup;
			children = (
				D6BE254F23CBC7AF004B9414 /* main.cpp */,
			);
			path = "Principles and Practice Using C++";
			sourceTree = "<group>";
		};
		D6BE255B23CBC7CB004B9414 /* Chapter2 */ = {
			isa = PBXGroup;
			children = (
				D6BE255C23CBC7CB004B9414 /* main.cpp */,
			);
			path = Chapter2;
			sourceTree = "<group>";
		};
		D6D714AD23CC6521004E359D /* Chapter3 */ = {
			isa = PBXGroup;
			children = (
				D65B35C723CC7DA00011C191 /* Drill */,
				D6D714AE23CC6521004E359D /* main.cpp */,
			);
			path = Chapter3;
			sourceTree = "<group>";
		};
		D6EB0F8E23CDCBAF00DF7B06 /* Chapter8 */ = {
			isa = PBXGroup;
			children = (
				D6EB0FAE23CDE1EE00DF7B06 /* Drill8 */,
				D6EB0F8F23CDCBAF00DF7B06 /* main.cpp */,
			);
			path = Chapter8;
			sourceTree = "<group>";
		};
		D6EB0FAE23CDE1EE00DF7B06 /* Drill8 */ = {
			isa = PBXGroup;
			children = (
				D6EB0FAF23CDE1EE00DF7B06 /* main.cpp */,
				D6EB0FA023CDDE9300DF7B06 /* my.cpp */,
				D6EB0FA123CDDE9300DF7B06 /* my.hpp */,
			);
			path = Drill8;
			sourceTree = "<group>";
		};
		D6EB0FBB23CDF6D100DF7B06 /* Chapter9 */ = {
			isa = PBXGroup;
			children = (
				D6EB0FBC23CDF6D100DF7B06 /* main.cpp */,
			);
			path = Chapter9;
			sourceTree = "<group>";
		};
		D6EB103323CE3EA300DF7B06 /* Chapter10 */ = {
			isa = PBXGroup;
			children = (
				D6EB103423CE3EA300DF7B06 /* main.cpp */,
			);
			path = Chapter10;
			sourceTree = "<group>";
		};
/* End PBXGroup section */

/* Begin PBXNativeTarget section */
		D6074D6D23D5ACB80062DE7A /* Chapter17 */ = {
			isa = PBXNativeTarget;
			buildConfigurationList = D6074D7423D5ACB80062DE7A /* Build configuration list for PBXNativeTarget "Chapter17" */;
			buildPhases = (
				D6074D6A23D5ACB80062DE7A /* Sources */,
				D6074D6B23D5ACB80062DE7A /* Frameworks */,
				D6074D6C23D5ACB80062DE7A /* CopyFiles */,
			);
			buildRules = (
			);
			dependencies = (
			);
			name = Chapter17;
			productName = Chapter17;
			productReference = D6074D6E23D5ACB80062DE7A /* Chapter17 */;
			productType = "com.apple.product-type.tool";
		};
		D6074DA523D63F810062DE7A /* Chapter18 */ = {
			isa = PBXNativeTarget;
			buildConfigurationList = D6074DAA23D63F810062DE7A /* Build configuration list for PBXNativeTarget "Chapter18" */;
			buildPhases = (
				D6074DA223D63F810062DE7A /* Sources */,
				D6074DA323D63F810062DE7A /* Frameworks */,
				D6074DA423D63F810062DE7A /* CopyFiles */,
			);
			buildRules = (
			);
			dependencies = (
			);
			name = Chapter18;
			productName = Chapter18;
			productReference = D6074DA623D63F810062DE7A /* Chapter18 */;
			productType = "com.apple.product-type.tool";
		};
		D6074DB323D65E350062DE7A /* 18Palindromes */ = {
			isa = PBXNativeTarget;
			buildConfigurationList = D6074DB823D65E350062DE7A /* Build configuration list for PBXNativeTarget "18Palindromes" */;
			buildPhases = (
				D6074DB023D65E350062DE7A /* Sources */,
				D6074DB123D65E350062DE7A /* Frameworks */,
				D6074DB223D65E350062DE7A /* CopyFiles */,
			);
			buildRules = (
			);
			dependencies = (
			);
			name = 18Palindromes;
			productName = 18Palindromes;
			productReference = D6074DB423D65E350062DE7A /* 18Palindromes */;
			productType = "com.apple.product-type.tool";
		};
		D6074DBE23D660D50062DE7A /* 18Drill */ = {
			isa = PBXNativeTarget;
			buildConfigurationList = D6074DC323D660D50062DE7A /* Build configuration list for PBXNativeTarget "18Drill" */;
			buildPhases = (
				D6074DBB23D660D50062DE7A /* Sources */,
				D6074DBC23D660D50062DE7A /* Frameworks */,
				D6074DBD23D660D50062DE7A /* CopyFiles */,
			);
			buildRules = (
			);
			dependencies = (
			);
			name = 18Drill;
			productName = 18Drill;
			productReference = D6074DBF23D660D50062DE7A /* 18Drill */;
			productType = "com.apple.product-type.tool";
		};
		D630B48A23CCCE6E00F35AB6 /* exercise5 */ = {
			isa = PBXNativeTarget;
			buildConfigurationList = D630B49123CCCE6E00F35AB6 /* Build configuration list for PBXNativeTarget "exercise5" */;
			buildPhases = (
				D630B48723CCCE6E00F35AB6 /* Sources */,
				D630B48823CCCE6E00F35AB6 /* Frameworks */,
				D630B48923CCCE6E00F35AB6 /* CopyFiles */,
			);
			buildRules = (
			);
			dependencies = (
			);
			name = exercise5;
			productName = exercise5;
			productReference = D630B48B23CCCE6E00F35AB6 /* exercise5 */;
			productType = "com.apple.product-type.tool";
		};
		D630B49523CCCE8000F35AB6 /* exercise4 */ = {
			isa = PBXNativeTarget;
			buildConfigurationList = D630B49A23CCCE8000F35AB6 /* Build configuration list for PBXNativeTarget "exercise4" */;
			buildPhases = (
				D630B49223CCCE8000F35AB6 /* Sources */,
				D630B49323CCCE8000F35AB6 /* Frameworks */,
				D630B49423CCCE8000F35AB6 /* CopyFiles */,
			);
			buildRules = (
			);
			dependencies = (
			);
			name = exercise4;
			productName = exercise4;
			productReference = D630B49623CCCE8000F35AB6 /* exercise4 */;
			productType = "com.apple.product-type.tool";
		};
		D630B4A123CCD83600F35AB6 /* Chapter5 */ = {
			isa = PBXNativeTarget;
			buildConfigurationList = D630B4A623CCD83600F35AB6 /* Build configuration list for PBXNativeTarget "Chapter5" */;
			buildPhases = (
				D630B49E23CCD83600F35AB6 /* Sources */,
				D630B49F23CCD83600F35AB6 /* Frameworks */,
				D630B4A023CCD83600F35AB6 /* CopyFiles */,
			);
			buildRules = (
			);
			dependencies = (
			);
			name = Chapter5;
			productName = Chapter5;
			productReference = D630B4A223CCD83600F35AB6 /* Chapter5 */;
			productType = "com.apple.product-type.tool";
		};
		D65B35C523CC7DA00011C191 /* Drill */ = {
			isa = PBXNativeTarget;
			buildConfigurationList = D65B35CC23CC7DA00011C191 /* Build configuration list for PBXNativeTarget "Drill" */;
			buildPhases = (
				D65B35C223CC7DA00011C191 /* Sources */,
				D65B35C323CC7DA00011C191 /* Frameworks */,
				D65B35C423CC7DA00011C191 /* CopyFiles */,
			);
			buildRules = (
			);
			dependencies = (
			);
			name = Drill;
			productName = Drill;
			productReference = D65B35C623CC7DA00011C191 /* Drill */;
			productType = "com.apple.product-type.tool";
		};
		D65B35D023CC87F70011C191 /* exercise7 */ = {
			isa = PBXNativeTarget;
			buildConfigurationList = D65B35D523CC87F70011C191 /* Build configuration list for PBXNativeTarget "exercise7" */;
			buildPhases = (
				D65B35CD23CC87F70011C191 /* Sources */,
				D65B35CE23CC87F70011C191 /* Frameworks */,
				D65B35CF23CC87F70011C191 /* CopyFiles */,
			);
			buildRules = (
			);
			dependencies = (
			);
			name = exercise7;
			productName = exercise7;
			productReference = D65B35D123CC87F70011C191 /* exercise7 */;
			productType = "com.apple.product-type.tool";
		};
		D65B35DB23CC896B0011C191 /* Chapter4 */ = {
			isa = PBXNativeTarget;
			buildConfigurationList = D65B35E023CC896B0011C191 /* Build configuration list for PBXNativeTarget "Chapter4" */;
			buildPhases = (
				D65B35D823CC896B0011C191 /* Sources */,
				D65B35D923CC896B0011C191 /* Frameworks */,
				D65B35DA23CC896B0011C191 /* CopyFiles */,
			);
			buildRules = (
			);
			dependencies = (
			);
			name = Chapter4;
			productName = Chapter4;
			productReference = D65B35DC23CC896B0011C191 /* Chapter4 */;
			productType = "com.apple.product-type.tool";
		};
		D65D693123D1DD4B00033F78 /* Reading_simplest_file */ = {
			isa = PBXNativeTarget;
			buildConfigurationList = D65D693823D1DD4B00033F78 /* Build configuration list for PBXNativeTarget "Reading_simplest_file" */;
			buildPhases = (
				D65D692E23D1DD4B00033F78 /* Sources */,
				D65D692F23D1DD4B00033F78 /* Frameworks */,
				D65D693023D1DD4B00033F78 /* CopyFiles */,
			);
			buildRules = (
			);
			dependencies = (
			);
			name = Reading_simplest_file;
			productName = Reading_simplest_file;
			productReference = D65D693223D1DD4B00033F78 /* Reading_simplest_file */;
			productType = "com.apple.product-type.tool";
		};
		D67EA60C23D9A05E003639BA /* Chpater19 */ = {
			isa = PBXNativeTarget;
			buildConfigurationList = D67EA61323D9A05E003639BA /* Build configuration list for PBXNativeTarget "Chpater19" */;
			buildPhases = (
				D67EA60923D9A05E003639BA /* Sources */,
				D67EA60A23D9A05E003639BA /* Frameworks */,
				D67EA60B23D9A05E003639BA /* CopyFiles */,
			);
			buildRules = (
			);
			dependencies = (
			);
			name = Chpater19;
			productName = Chpater19;
			productReference = D67EA60D23D9A05E003639BA /* Chpater19 */;
			productType = "com.apple.product-type.tool";
		};
		D67EA61A23D9ADC9003639BA /* 19_3_5 */ = {
			isa = PBXNativeTarget;
			buildConfigurationList = D67EA61F23D9ADC9003639BA /* Build configuration list for PBXNativeTarget "19_3_5" */;
			buildPhases = (
				D67EA61723D9ADC9003639BA /* Sources */,
				D67EA61823D9ADC9003639BA /* Frameworks */,
				D67EA61923D9ADC9003639BA /* CopyFiles */,
			);
			buildRules = (
			);
			dependencies = (
			);
			name = 19_3_5;
			productName = 19_3_5;
			productReference = D67EA61B23D9ADC9003639BA /* 19_3_5 */;
			productType = "com.apple.product-type.tool";
		};
		D67EA62523D9BAC0003639BA /* 19Drill */ = {
			isa = PBXNativeTarget;
			buildConfigurationList = D67EA62A23D9BAC0003639BA /* Build configuration list for PBXNativeTarget "19Drill" */;
			buildPhases = (
				D67EA62223D9BAC0003639BA /* Sources */,
				D67EA62323D9BAC0003639BA /* Frameworks */,
				D67EA62423D9BAC0003639BA /* CopyFiles */,
			);
			buildRules = (
			);
			dependencies = (
			);
			name = 19Drill;
			productName = 19Drill;
			productReference = D67EA62623D9BAC0003639BA /* 19Drill */;
			productType = "com.apple.product-type.tool";
		};
		D67EA63023D9C8A8003639BA /* Chapter20 */ = {
			isa = PBXNativeTarget;
			buildConfigurationList = D67EA63523D9C8A8003639BA /* Build configuration list for PBXNativeTarget "Chapter20" */;
			buildPhases = (
				D67EA62D23D9C8A8003639BA /* Sources */,
				D67EA62E23D9C8A8003639BA /* Frameworks */,
				D67EA62F23D9C8A8003639BA /* CopyFiles */,
			);
			buildRules = (
			);
			dependencies = (
			);
			name = Chapter20;
			productName = Chapter20;
			productReference = D67EA63123D9C8A8003639BA /* Chapter20 */;
			productType = "com.apple.product-type.tool";
		};
		D68E0C7423CCB6EA003D8E85 /* Drill_4 */ = {
			isa = PBXNativeTarget;
			buildConfigurationList = D68E0C7B23CCB6EA003D8E85 /* Build configuration list for PBXNativeTarget "Drill_4" */;
			buildPhases = (
				D68E0C7123CCB6EA003D8E85 /* Sources */,
				D68E0C7223CCB6EA003D8E85 /* Frameworks */,
				D68E0C7323CCB6EA003D8E85 /* CopyFiles */,
			);
			buildRules = (
			);
			dependencies = (
			);
			name = Drill_4;
			productName = Drill_4;
			productReference = D68E0C7523CCB6EA003D8E85 /* Drill_4 */;
			productType = "com.apple.product-type.tool";
		};
		D6BE254B23CBC7AF004B9414 /* Principles and Practice Using C++ */ = {
			isa = PBXNativeTarget;
			buildConfigurationList = D6BE255323CBC7AF004B9414 /* Build configuration list for PBXNativeTarget "Principles and Practice Using C++" */;
			buildPhases = (
				D6BE254823CBC7AF004B9414 /* Sources */,
				D6BE254923CBC7AF004B9414 /* Frameworks */,
				D6BE254A23CBC7AF004B9414 /* CopyFiles */,
			);
			buildRules = (
			);
			dependencies = (
			);
			name = "Principles and Practice Using C++";
			productName = "Principles and Practice Using C++";
			productReference = D6BE254C23CBC7AF004B9414 /* Principles and Practice Using C++ */;
			productType = "com.apple.product-type.tool";
		};
		D6BE255923CBC7CB004B9414 /* Chapter2 */ = {
			isa = PBXNativeTarget;
			buildConfigurationList = D6BE255E23CBC7CB004B9414 /* Build configuration list for PBXNativeTarget "Chapter2" */;
			buildPhases = (
				D6BE255623CBC7CB004B9414 /* Sources */,
				D6BE255723CBC7CB004B9414 /* Frameworks */,
				D6BE255823CBC7CB004B9414 /* CopyFiles */,
			);
			buildRules = (
			);
			dependencies = (
			);
			name = Chapter2;
			productName = Chapter2;
			productReference = D6BE255A23CBC7CB004B9414 /* Chapter2 */;
			productType = "com.apple.product-type.tool";
		};
		D6D714AB23CC6521004E359D /* Chapter3 */ = {
			isa = PBXNativeTarget;
			buildConfigurationList = D6D714B223CC6521004E359D /* Build configuration list for PBXNativeTarget "Chapter3" */;
			buildPhases = (
				D6D714A823CC6521004E359D /* Sources */,
				D6D714A923CC6521004E359D /* Frameworks */,
				D6D714AA23CC6521004E359D /* CopyFiles */,
			);
			buildRules = (
			);
			dependencies = (
			);
			name = Chapter3;
			productName = Chapter3;
			productReference = D6D714AC23CC6521004E359D /* Chapter3 */;
			productType = "com.apple.product-type.tool";
		};
		D6EB0F8C23CDCBAE00DF7B06 /* Chapter8 */ = {
			isa = PBXNativeTarget;
			buildConfigurationList = D6EB0F9123CDCBAF00DF7B06 /* Build configuration list for PBXNativeTarget "Chapter8" */;
			buildPhases = (
				D6EB0F8923CDCBAE00DF7B06 /* Sources */,
				D6EB0F8A23CDCBAE00DF7B06 /* Frameworks */,
				D6EB0F8B23CDCBAE00DF7B06 /* CopyFiles */,
			);
			buildRules = (
			);
			dependencies = (
			);
			name = Chapter8;
			productName = Chapter8;
			productReference = D6EB0F8D23CDCBAE00DF7B06 /* Chapter8 */;
			productType = "com.apple.product-type.tool";
		};
		D6EB0F9723CDDE7900DF7B06 /* Drill_8 */ = {
			isa = PBXNativeTarget;
			buildConfigurationList = D6EB0F9C23CDDE7A00DF7B06 /* Build configuration list for PBXNativeTarget "Drill_8" */;
			buildPhases = (
				D6EB0F9423CDDE7900DF7B06 /* Sources */,
				D6EB0F9523CDDE7900DF7B06 /* Frameworks */,
				D6EB0F9623CDDE7900DF7B06 /* CopyFiles */,
			);
			buildRules = (
			);
			dependencies = (
			);
			name = Drill_8;
			productName = Drill_8;
			productReference = D6EB0F9823CDDE7900DF7B06 /* Drill_8 */;
			productType = "com.apple.product-type.tool";
		};
		D6EB0FAC23CDE1EE00DF7B06 /* Drill8 */ = {
			isa = PBXNativeTarget;
			buildConfigurationList = D6EB0FB123CDE1EE00DF7B06 /* Build configuration list for PBXNativeTarget "Drill8" */;
			buildPhases = (
				D6EB0FA923CDE1EE00DF7B06 /* Sources */,
				D6EB0FAA23CDE1EE00DF7B06 /* Frameworks */,
				D6EB0FAB23CDE1EE00DF7B06 /* CopyFiles */,
			);
			buildRules = (
			);
			dependencies = (
			);
			name = Drill8;
			productName = Drill8;
			productReference = D6EB0FAD23CDE1EE00DF7B06 /* Drill8 */;
			productType = "com.apple.product-type.tool";
		};
		D6EB0FB923CDF6D000DF7B06 /* Chapter9 */ = {
			isa = PBXNativeTarget;
			buildConfigurationList = D6EB0FBE23CDF6D100DF7B06 /* Build configuration list for PBXNativeTarget "Chapter9" */;
			buildPhases = (
				D6EB0FB623CDF6D000DF7B06 /* Sources */,
				D6EB0FB723CDF6D000DF7B06 /* Frameworks */,
				D6EB0FB823CDF6D000DF7B06 /* CopyFiles */,
			);
			buildRules = (
			);
			dependencies = (
			);
			name = Chapter9;
			productName = Chapter9;
			productReference = D6EB0FBA23CDF6D000DF7B06 /* Chapter9 */;
			productType = "com.apple.product-type.tool";
		};
		D6EB103123CE3EA300DF7B06 /* Chapter10 */ = {
			isa = PBXNativeTarget;
			buildConfigurationList = D6EB103823CE3EA300DF7B06 /* Build configuration list for PBXNativeTarget "Chapter10" */;
			buildPhases = (
				D6EB102E23CE3EA300DF7B06 /* Sources */,
				D6EB102F23CE3EA300DF7B06 /* Frameworks */,
				D6EB103023CE3EA300DF7B06 /* CopyFiles */,
			);
			buildRules = (
			);
			dependencies = (
			);
			name = Chapter10;
			productName = Chapter10;
			productReference = D6EB103223CE3EA300DF7B06 /* Chapter10 */;
			productType = "com.apple.product-type.tool";
		};
/* End PBXNativeTarget section */

/* Begin PBXProject section */
		D6BE254423CBC7AF004B9414 /* Project object */ = {
			isa = PBXProject;
			attributes = {
				LastUpgradeCheck = 1130;
				ORGANIZATIONNAME = "谢逊";
				TargetAttributes = {
					D6074D6D23D5ACB80062DE7A = {
						CreatedOnToolsVersion = 11.3.1;
					};
					D6074DA523D63F810062DE7A = {
						CreatedOnToolsVersion = 11.3.1;
					};
					D6074DB323D65E350062DE7A = {
						CreatedOnToolsVersion = 11.3.1;
					};
					D6074DBE23D660D50062DE7A = {
						CreatedOnToolsVersion = 11.3.1;
					};
					D630B48A23CCCE6E00F35AB6 = {
						CreatedOnToolsVersion = 11.3;
					};
					D630B49523CCCE8000F35AB6 = {
						CreatedOnToolsVersion = 11.3;
					};
					D630B4A123CCD83600F35AB6 = {
						CreatedOnToolsVersion = 11.3;
					};
					D65B35C523CC7DA00011C191 = {
						CreatedOnToolsVersion = 11.3;
					};
					D65B35D023CC87F70011C191 = {
						CreatedOnToolsVersion = 11.3;
					};
					D65B35DB23CC896B0011C191 = {
						CreatedOnToolsVersion = 11.3;
					};
					D65D693123D1DD4B00033F78 = {
						CreatedOnToolsVersion = 11.3.1;
					};
					D67EA60C23D9A05E003639BA = {
						CreatedOnToolsVersion = 11.3.1;
					};
					D67EA61A23D9ADC9003639BA = {
						CreatedOnToolsVersion = 11.3.1;
					};
					D67EA62523D9BAC0003639BA = {
						CreatedOnToolsVersion = 11.3.1;
					};
					D67EA63023D9C8A8003639BA = {
						CreatedOnToolsVersion = 11.3.1;
					};
					D68E0C7423CCB6EA003D8E85 = {
						CreatedOnToolsVersion = 11.3;
					};
					D6BE254B23CBC7AF004B9414 = {
						CreatedOnToolsVersion = 11.3;
					};
					D6BE255923CBC7CB004B9414 = {
						CreatedOnToolsVersion = 11.3;
					};
					D6D714AB23CC6521004E359D = {
						CreatedOnToolsVersion = 11.3;
					};
					D6EB0F8C23CDCBAE00DF7B06 = {
						CreatedOnToolsVersion = 11.3;
					};
					D6EB0F9723CDDE7900DF7B06 = {
						CreatedOnToolsVersion = 11.3;
					};
					D6EB0FAC23CDE1EE00DF7B06 = {
						CreatedOnToolsVersion = 11.3;
					};
					D6EB0FB923CDF6D000DF7B06 = {
						CreatedOnToolsVersion = 11.3;
					};
					D6EB103123CE3EA300DF7B06 = {
						CreatedOnToolsVersion = 11.3;
					};
				};
			};
			buildConfigurationList = D6BE254723CBC7AF004B9414 /* Build configuration list for PBXProject "Principles and Practice Using C++" */;
			compatibilityVersion = "Xcode 9.3";
			developmentRegion = en;
			hasScannedForEncodings = 0;
			knownRegions = (
				en,
				Base,
			);
			mainGroup = D6BE254323CBC7AF004B9414;
			productRefGroup = D6BE254D23CBC7AF004B9414 /* Products */;
			projectDirPath = "";
			projectRoot = "";
			targets = (
				D6BE254B23CBC7AF004B9414 /* Principles and Practice Using C++ */,
				D6BE255923CBC7CB004B9414 /* Chapter2 */,
				D6D714AB23CC6521004E359D /* Chapter3 */,
				D65B35C523CC7DA00011C191 /* Drill */,
				D65B35D023CC87F70011C191 /* exercise7 */,
				D65B35DB23CC896B0011C191 /* Chapter4 */,
				D68E0C7423CCB6EA003D8E85 /* Drill_4 */,
				D630B48A23CCCE6E00F35AB6 /* exercise5 */,
				D630B49523CCCE8000F35AB6 /* exercise4 */,
				D630B4A123CCD83600F35AB6 /* Chapter5 */,
				D6EB0F8C23CDCBAE00DF7B06 /* Chapter8 */,
				D6EB0F9723CDDE7900DF7B06 /* Drill_8 */,
				D6EB0FAC23CDE1EE00DF7B06 /* Drill8 */,
				D6EB0FB923CDF6D000DF7B06 /* Chapter9 */,
				D6EB103123CE3EA300DF7B06 /* Chapter10 */,
				D65D693123D1DD4B00033F78 /* Reading_simplest_file */,
				D6074D6D23D5ACB80062DE7A /* Chapter17 */,
				D6074DA523D63F810062DE7A /* Chapter18 */,
				D6074DB323D65E350062DE7A /* 18Palindromes */,
				D6074DBE23D660D50062DE7A /* 18Drill */,
				D67EA60C23D9A05E003639BA /* Chpater19 */,
				D67EA61A23D9ADC9003639BA /* 19_3_5 */,
				D67EA62523D9BAC0003639BA /* 19Drill */,
				D67EA63023D9C8A8003639BA /* Chapter20 */,
			);
		};
/* End PBXProject section */

/* Begin PBXSourcesBuildPhase section */
		D6074D6A23D5ACB80062DE7A /* Sources */ = {
			isa = PBXSourcesBuildPhase;
			buildActionMask = 2147483647;
			files = (
				D6074DA123D638F60062DE7A /* Vector.cpp in Sources */,
				D6074D7123D5ACB80062DE7A /* main.cpp in Sources */,
			);
			runOnlyForDeploymentPostprocessing = 0;
		};
		D6074DA223D63F810062DE7A /* Sources */ = {
			isa = PBXSourcesBuildPhase;
			buildActionMask = 2147483647;
			files = (
				D6074DAF23D6403C0062DE7A /* Vector.cpp in Sources */,
				D6074DA923D63F810062DE7A /* main.cpp in Sources */,
			);
			runOnlyForDeploymentPostprocessing = 0;
		};
		D6074DB023D65E350062DE7A /* Sources */ = {
			isa = PBXSourcesBuildPhase;
			buildActionMask = 2147483647;
			files = (
				D6074DB723D65E350062DE7A /* main.cpp in Sources */,
			);
			runOnlyForDeploymentPostprocessing = 0;
		};
		D6074DBB23D660D50062DE7A /* Sources */ = {
			isa = PBXSourcesBuildPhase;
			buildActionMask = 2147483647;
			files = (
				D6074DC223D660D50062DE7A /* main.cpp in Sources */,
			);
			runOnlyForDeploymentPostprocessing = 0;
		};
		D630B48723CCCE6E00F35AB6 /* Sources */ = {
			isa = PBXSourcesBuildPhase;
			buildActionMask = 2147483647;
			files = (
			);
			runOnlyForDeploymentPostprocessing = 0;
		};
		D630B49223CCCE8000F35AB6 /* Sources */ = {
			isa = PBXSourcesBuildPhase;
			buildActionMask = 2147483647;
			files = (
				D630B49923CCCE8000F35AB6 /* main.cpp in Sources */,
			);
			runOnlyForDeploymentPostprocessing = 0;
		};
		D630B49E23CCD83600F35AB6 /* Sources */ = {
			isa = PBXSourcesBuildPhase;
			buildActionMask = 2147483647;
			files = (
				D630B4A523CCD83600F35AB6 /* main.cpp in Sources */,
			);
			runOnlyForDeploymentPostprocessing = 0;
		};
		D65B35C223CC7DA00011C191 /* Sources */ = {
			isa = PBXSourcesBuildPhase;
			buildActionMask = 2147483647;
			files = (
				D65B35C923CC7DA00011C191 /* main.cpp in Sources */,
			);
			runOnlyForDeploymentPostprocessing = 0;
		};
		D65B35CD23CC87F70011C191 /* Sources */ = {
			isa = PBXSourcesBuildPhase;
			buildActionMask = 2147483647;
			files = (
			);
			runOnlyForDeploymentPostprocessing = 0;
		};
		D65B35D823CC896B0011C191 /* Sources */ = {
			isa = PBXSourcesBuildPhase;
			buildActionMask = 2147483647;
			files = (
				D65B35DF23CC896B0011C191 /* main.cpp in Sources */,
			);
			runOnlyForDeploymentPostprocessing = 0;
		};
		D65D692E23D1DD4B00033F78 /* Sources */ = {
			isa = PBXSourcesBuildPhase;
			buildActionMask = 2147483647;
			files = (
				D65D693523D1DD4B00033F78 /* main.cpp in Sources */,
			);
			runOnlyForDeploymentPostprocessing = 0;
		};
		D67EA60923D9A05E003639BA /* Sources */ = {
			isa = PBXSourcesBuildPhase;
			buildActionMask = 2147483647;
			files = (
				D67EA61623D9A06E003639BA /* Vector.cpp in Sources */,
				D67EA61023D9A05E003639BA /* main.cpp in Sources */,
			);
			runOnlyForDeploymentPostprocessing = 0;
		};
		D67EA61723D9ADC9003639BA /* Sources */ = {
			isa = PBXSourcesBuildPhase;
			buildActionMask = 2147483647;
			files = (
				D67EA61E23D9ADC9003639BA /* main.cpp in Sources */,
			);
			runOnlyForDeploymentPostprocessing = 0;
		};
		D67EA62223D9BAC0003639BA /* Sources */ = {
			isa = PBXSourcesBuildPhase;
			buildActionMask = 2147483647;
			files = (
				D67EA62923D9BAC0003639BA /* main.cpp in Sources */,
			);
			runOnlyForDeploymentPostprocessing = 0;
		};
		D67EA62D23D9C8A8003639BA /* Sources */ = {
			isa = PBXSourcesBuildPhase;
			buildActionMask = 2147483647;
			files = (
				D67EA63423D9C8A8003639BA /* main.cpp in Sources */,
			);
			runOnlyForDeploymentPostprocessing = 0;
		};
		D68E0C7123CCB6EA003D8E85 /* Sources */ = {
			isa = PBXSourcesBuildPhase;
			buildActionMask = 2147483647;
			files = (
				D68E0C7823CCB6EA003D8E85 /* main.cpp in Sources */,
			);
			runOnlyForDeploymentPostprocessing = 0;
		};
		D6BE254823CBC7AF004B9414 /* Sources */ = {
			isa = PBXSourcesBuildPhase;
			buildActionMask = 2147483647;
			files = (
				D6BE255023CBC7AF004B9414 /* main.cpp in Sources */,
			);
			runOnlyForDeploymentPostprocessing = 0;
		};
		D6BE255623CBC7CB004B9414 /* Sources */ = {
			isa = PBXSourcesBuildPhase;
			buildActionMask = 2147483647;
			files = (
				D6BE255D23CBC7CB004B9414 /* main.cpp in Sources */,
			);
			runOnlyForDeploymentPostprocessing = 0;
		};
		D6D714A823CC6521004E359D /* Sources */ = {
			isa = PBXSourcesBuildPhase;
			buildActionMask = 2147483647;
			files = (
				D6D714AF23CC6521004E359D /* main.cpp in Sources */,
			);
			runOnlyForDeploymentPostprocessing = 0;
		};
		D6EB0F8923CDCBAE00DF7B06 /* Sources */ = {
			isa = PBXSourcesBuildPhase;
			buildActionMask = 2147483647;
			files = (
				D6EB0F9023CDCBAF00DF7B06 /* main.cpp in Sources */,
			);
			runOnlyForDeploymentPostprocessing = 0;
		};
		D6EB0F9423CDDE7900DF7B06 /* Sources */ = {
			isa = PBXSourcesBuildPhase;
			buildActionMask = 2147483647;
			files = (
			);
			runOnlyForDeploymentPostprocessing = 0;
		};
		D6EB0FA923CDE1EE00DF7B06 /* Sources */ = {
			isa = PBXSourcesBuildPhase;
			buildActionMask = 2147483647;
			files = (
				D6EB0FB023CDE1EE00DF7B06 /* main.cpp in Sources */,
				D6EB0FB423CDE1F900DF7B06 /* my.cpp in Sources */,
			);
			runOnlyForDeploymentPostprocessing = 0;
		};
		D6EB0FB623CDF6D000DF7B06 /* Sources */ = {
			isa = PBXSourcesBuildPhase;
			buildActionMask = 2147483647;
			files = (
				D6EB0FBD23CDF6D100DF7B06 /* main.cpp in Sources */,
			);
			runOnlyForDeploymentPostprocessing = 0;
		};
		D6EB102E23CE3EA300DF7B06 /* Sources */ = {
			isa = PBXSourcesBuildPhase;
			buildActionMask = 2147483647;
			files = (
				D6EB103523CE3EA300DF7B06 /* main.cpp in Sources */,
			);
			runOnlyForDeploymentPostprocessing = 0;
		};
/* End PBXSourcesBuildPhase section */

/* Begin XCBuildConfiguration section */
		D6074D7223D5ACB80062DE7A /* Debug */ = {
			isa = XCBuildConfiguration;
			buildSettings = {
				CODE_SIGN_STYLE = Automatic;
				PRODUCT_NAME = "$(TARGET_NAME)";
			};
			name = Debug;
		};
		D6074D7323D5ACB80062DE7A /* Release */ = {
			isa = XCBuildConfiguration;
			buildSettings = {
				CODE_SIGN_STYLE = Automatic;
				PRODUCT_NAME = "$(TARGET_NAME)";
			};
			name = Release;
		};
		D6074DAB23D63F810062DE7A /* Debug */ = {
			isa = XCBuildConfiguration;
			buildSettings = {
				CODE_SIGN_STYLE = Automatic;
				PRODUCT_NAME = "$(TARGET_NAME)";
			};
			name = Debug;
		};
		D6074DAC23D63F810062DE7A /* Release */ = {
			isa = XCBuildConfiguration;
			buildSettings = {
				CODE_SIGN_STYLE = Automatic;
				PRODUCT_NAME = "$(TARGET_NAME)";
			};
			name = Release;
		};
		D6074DB923D65E350062DE7A /* Debug */ = {
			isa = XCBuildConfiguration;
			buildSettings = {
				CODE_SIGN_STYLE = Automatic;
				PRODUCT_NAME = "$(TARGET_NAME)";
			};
			name = Debug;
		};
		D6074DBA23D65E350062DE7A /* Release */ = {
			isa = XCBuildConfiguration;
			buildSettings = {
				CODE_SIGN_STYLE = Automatic;
				PRODUCT_NAME = "$(TARGET_NAME)";
			};
			name = Release;
		};
		D6074DC423D660D50062DE7A /* Debug */ = {
			isa = XCBuildConfiguration;
			buildSettings = {
				CODE_SIGN_STYLE = Automatic;
				PRODUCT_NAME = "$(TARGET_NAME)";
			};
			name = Debug;
		};
		D6074DC523D660D50062DE7A /* Release */ = {
			isa = XCBuildConfiguration;
			buildSettings = {
				CODE_SIGN_STYLE = Automatic;
				PRODUCT_NAME = "$(TARGET_NAME)";
			};
			name = Release;
		};
		D630B48F23CCCE6E00F35AB6 /* Debug */ = {
			isa = XCBuildConfiguration;
			buildSettings = {
				CODE_SIGN_STYLE = Automatic;
				PRODUCT_NAME = "$(TARGET_NAME)";
			};
			name = Debug;
		};
		D630B49023CCCE6E00F35AB6 /* Release */ = {
			isa = XCBuildConfiguration;
			buildSettings = {
				CODE_SIGN_STYLE = Automatic;
				PRODUCT_NAME = "$(TARGET_NAME)";
			};
			name = Release;
		};
		D630B49B23CCCE8000F35AB6 /* Debug */ = {
			isa = XCBuildConfiguration;
			buildSettings = {
				CODE_SIGN_STYLE = Automatic;
				PRODUCT_NAME = "$(TARGET_NAME)";
			};
			name = Debug;
		};
		D630B49C23CCCE8000F35AB6 /* Release */ = {
			isa = XCBuildConfiguration;
			buildSettings = {
				CODE_SIGN_STYLE = Automatic;
				PRODUCT_NAME = "$(TARGET_NAME)";
			};
			name = Release;
		};
		D630B4A723CCD83600F35AB6 /* Debug */ = {
			isa = XCBuildConfiguration;
			buildSettings = {
				CODE_SIGN_STYLE = Automatic;
				PRODUCT_NAME = "$(TARGET_NAME)";
			};
			name = Debug;
		};
		D630B4A823CCD83600F35AB6 /* Release */ = {
			isa = XCBuildConfiguration;
			buildSettings = {
				CODE_SIGN_STYLE = Automatic;
				PRODUCT_NAME = "$(TARGET_NAME)";
			};
			name = Release;
		};
		D65B35CA23CC7DA00011C191 /* Debug */ = {
			isa = XCBuildConfiguration;
			buildSettings = {
				CODE_SIGN_STYLE = Automatic;
				PRODUCT_NAME = "$(TARGET_NAME)";
			};
			name = Debug;
		};
		D65B35CB23CC7DA00011C191 /* Release */ = {
			isa = XCBuildConfiguration;
			buildSettings = {
				CODE_SIGN_STYLE = Automatic;
				PRODUCT_NAME = "$(TARGET_NAME)";
			};
			name = Release;
		};
		D65B35D623CC87F70011C191 /* Debug */ = {
			isa = XCBuildConfiguration;
			buildSettings = {
				CODE_SIGN_STYLE = Automatic;
				PRODUCT_NAME = "$(TARGET_NAME)";
			};
			name = Debug;
		};
		D65B35D723CC87F70011C191 /* Release */ = {
			isa = XCBuildConfiguration;
			buildSettings = {
				CODE_SIGN_STYLE = Automatic;
				PRODUCT_NAME = "$(TARGET_NAME)";
			};
			name = Release;
		};
		D65B35E123CC896B0011C191 /* Debug */ = {
			isa = XCBuildConfiguration;
			buildSettings = {
				CODE_SIGN_STYLE = Automatic;
				PRODUCT_NAME = "$(TARGET_NAME)";
			};
			name = Debug;
		};
		D65B35E223CC896B0011C191 /* Release */ = {
			isa = XCBuildConfiguration;
			buildSettings = {
				CODE_SIGN_STYLE = Automatic;
				PRODUCT_NAME = "$(TARGET_NAME)";
			};
			name = Release;
		};
		D65D693623D1DD4B00033F78 /* Debug */ = {
			isa = XCBuildConfiguration;
			buildSettings = {
				CODE_SIGN_STYLE = Automatic;
				PRODUCT_NAME = "$(TARGET_NAME)";
			};
			name = Debug;
		};
		D65D693723D1DD4B00033F78 /* Release */ = {
			isa = XCBuildConfiguration;
			buildSettings = {
				CODE_SIGN_STYLE = Automatic;
				PRODUCT_NAME = "$(TARGET_NAME)";
			};
			name = Release;
		};
		D67EA61123D9A05E003639BA /* Debug */ = {
			isa = XCBuildConfiguration;
			buildSettings = {
				CODE_SIGN_STYLE = Automatic;
				PRODUCT_NAME = "$(TARGET_NAME)";
			};
			name = Debug;
		};
		D67EA61223D9A05E003639BA /* Release */ = {
			isa = XCBuildConfiguration;
			buildSettings = {
				CODE_SIGN_STYLE = Automatic;
				PRODUCT_NAME = "$(TARGET_NAME)";
			};
			name = Release;
		};
		D67EA62023D9ADC9003639BA /* Debug */ = {
			isa = XCBuildConfiguration;
			buildSettings = {
				CODE_SIGN_STYLE = Automatic;
				PRODUCT_NAME = "$(TARGET_NAME)";
			};
			name = Debug;
		};
		D67EA62123D9ADC9003639BA /* Release */ = {
			isa = XCBuildConfiguration;
			buildSettings = {
				CODE_SIGN_STYLE = Automatic;
				PRODUCT_NAME = "$(TARGET_NAME)";
			};
			name = Release;
		};
		D67EA62B23D9BAC0003639BA /* Debug */ = {
			isa = XCBuildConfiguration;
			buildSettings = {
				CODE_SIGN_STYLE = Automatic;
				PRODUCT_NAME = "$(TARGET_NAME)";
			};
			name = Debug;
		};
		D67EA62C23D9BAC0003639BA /* Release */ = {
			isa = XCBuildConfiguration;
			buildSettings = {
				CODE_SIGN_STYLE = Automatic;
				PRODUCT_NAME = "$(TARGET_NAME)";
			};
			name = Release;
		};
		D67EA63623D9C8A8003639BA /* Debug */ = {
			isa = XCBuildConfiguration;
			buildSettings = {
				CODE_SIGN_STYLE = Automatic;
				PRODUCT_NAME = "$(TARGET_NAME)";
			};
			name = Debug;
		};
		D67EA63723D9C8A8003639BA /* Release */ = {
			isa = XCBuildConfiguration;
			buildSettings = {
				CODE_SIGN_STYLE = Automatic;
				PRODUCT_NAME = "$(TARGET_NAME)";
			};
			name = Release;
		};
		D68E0C7923CCB6EA003D8E85 /* Debug */ = {
			isa = XCBuildConfiguration;
			buildSettings = {
				CODE_SIGN_STYLE = Automatic;
				PRODUCT_NAME = "$(TARGET_NAME)";
			};
			name = Debug;
		};
		D68E0C7A23CCB6EA003D8E85 /* Release */ = {
			isa = XCBuildConfiguration;
			buildSettings = {
				CODE_SIGN_STYLE = Automatic;
				PRODUCT_NAME = "$(TARGET_NAME)";
			};
			name = Release;
		};
		D6BE255123CBC7AF004B9414 /* Debug */ = {
			isa = XCBuildConfiguration;
			buildSettings = {
				ALWAYS_SEARCH_USER_PATHS = NO;
				CLANG_ANALYZER_NONNULL = YES;
				CLANG_ANALYZER_NUMBER_OBJECT_CONVERSION = YES_AGGRESSIVE;
				CLANG_CXX_LANGUAGE_STANDARD = "gnu++14";
				CLANG_CXX_LIBRARY = "libc++";
				CLANG_ENABLE_MODULES = YES;
				CLANG_ENABLE_OBJC_ARC = YES;
				CLANG_ENABLE_OBJC_WEAK = YES;
				CLANG_WARN_BLOCK_CAPTURE_AUTORELEASING = YES;
				CLANG_WARN_BOOL_CONVERSION = YES;
				CLANG_WARN_COMMA = YES;
				CLANG_WARN_CONSTANT_CONVERSION = YES;
				CLANG_WARN_DEPRECATED_OBJC_IMPLEMENTATIONS = YES;
				CLANG_WARN_DIRECT_OBJC_ISA_USAGE = YES_ERROR;
				CLANG_WARN_DOCUMENTATION_COMMENTS = YES;
				CLANG_WARN_EMPTY_BODY = YES;
				CLANG_WARN_ENUM_CONVERSION = YES;
				CLANG_WARN_INFINITE_RECURSION = YES;
				CLANG_WARN_INT_CONVERSION = YES;
				CLANG_WARN_NON_LITERAL_NULL_CONVERSION = YES;
				CLANG_WARN_OBJC_IMPLICIT_RETAIN_SELF = YES;
				CLANG_WARN_OBJC_LITERAL_CONVERSION = YES;
				CLANG_WARN_OBJC_ROOT_CLASS = YES_ERROR;
				CLANG_WARN_RANGE_LOOP_ANALYSIS = YES;
				CLANG_WARN_STRICT_PROTOTYPES = YES;
				CLANG_WARN_SUSPICIOUS_MOVE = YES;
				CLANG_WARN_UNGUARDED_AVAILABILITY = YES_AGGRESSIVE;
				CLANG_WARN_UNREACHABLE_CODE = YES;
				CLANG_WARN__DUPLICATE_METHOD_MATCH = YES;
				COPY_PHASE_STRIP = NO;
				DEBUG_INFORMATION_FORMAT = dwarf;
				ENABLE_STRICT_OBJC_MSGSEND = YES;
				ENABLE_TESTABILITY = YES;
				GCC_C_LANGUAGE_STANDARD = gnu11;
				GCC_DYNAMIC_NO_PIC = NO;
				GCC_NO_COMMON_BLOCKS = YES;
				GCC_OPTIMIZATION_LEVEL = 0;
				GCC_PREPROCESSOR_DEFINITIONS = (
					"DEBUG=1",
					"$(inherited)",
				);
				GCC_WARN_64_TO_32_BIT_CONVERSION = YES;
				GCC_WARN_ABOUT_RETURN_TYPE = YES_ERROR;
				GCC_WARN_UNDECLARED_SELECTOR = YES;
				GCC_WARN_UNINITIALIZED_AUTOS = YES_AGGRESSIVE;
				GCC_WARN_UNUSED_FUNCTION = YES;
				GCC_WARN_UNUSED_VARIABLE = YES;
				MACOSX_DEPLOYMENT_TARGET = 10.15;
				MTL_ENABLE_DEBUG_INFO = INCLUDE_SOURCE;
				MTL_FAST_MATH = YES;
				ONLY_ACTIVE_ARCH = YES;
				SDKROOT = macosx;
			};
			name = Debug;
		};
		D6BE255223CBC7AF004B9414 /* Release */ = {
			isa = XCBuildConfiguration;
			buildSettings = {
				ALWAYS_SEARCH_USER_PATHS = NO;
				CLANG_ANALYZER_NONNULL = YES;
				CLANG_ANALYZER_NUMBER_OBJECT_CONVERSION = YES_AGGRESSIVE;
				CLANG_CXX_LANGUAGE_STANDARD = "gnu++14";
				CLANG_CXX_LIBRARY = "libc++";
				CLANG_ENABLE_MODULES = YES;
				CLANG_ENABLE_OBJC_ARC = YES;
				CLANG_ENABLE_OBJC_WEAK = YES;
				CLANG_WARN_BLOCK_CAPTURE_AUTORELEASING = YES;
				CLANG_WARN_BOOL_CONVERSION = YES;
				CLANG_WARN_COMMA = YES;
				CLANG_WARN_CONSTANT_CONVERSION = YES;
				CLANG_WARN_DEPRECATED_OBJC_IMPLEMENTATIONS = YES;
				CLANG_WARN_DIRECT_OBJC_ISA_USAGE = YES_ERROR;
				CLANG_WARN_DOCUMENTATION_COMMENTS = YES;
				CLANG_WARN_EMPTY_BODY = YES;
				CLANG_WARN_ENUM_CONVERSION = YES;
				CLANG_WARN_INFINITE_RECURSION = YES;
				CLANG_WARN_INT_CONVERSION = YES;
				CLANG_WARN_NON_LITERAL_NULL_CONVERSION = YES;
				CLANG_WARN_OBJC_IMPLICIT_RETAIN_SELF = YES;
				CLANG_WARN_OBJC_LITERAL_CONVERSION = YES;
				CLANG_WARN_OBJC_ROOT_CLASS = YES_ERROR;
				CLANG_WARN_RANGE_LOOP_ANALYSIS = YES;
				CLANG_WARN_STRICT_PROTOTYPES = YES;
				CLANG_WARN_SUSPICIOUS_MOVE = YES;
				CLANG_WARN_UNGUARDED_AVAILABILITY = YES_AGGRESSIVE;
				CLANG_WARN_UNREACHABLE_CODE = YES;
				CLANG_WARN__DUPLICATE_METHOD_MATCH = YES;
				COPY_PHASE_STRIP = NO;
				DEBUG_INFORMATION_FORMAT = "dwarf-with-dsym";
				ENABLE_NS_ASSERTIONS = NO;
				ENABLE_STRICT_OBJC_MSGSEND = YES;
				GCC_C_LANGUAGE_STANDARD = gnu11;
				GCC_NO_COMMON_BLOCKS = YES;
				GCC_WARN_64_TO_32_BIT_CONVERSION = YES;
				GCC_WARN_ABOUT_RETURN_TYPE = YES_ERROR;
				GCC_WARN_UNDECLARED_SELECTOR = YES;
				GCC_WARN_UNINITIALIZED_AUTOS = YES_AGGRESSIVE;
				GCC_WARN_UNUSED_FUNCTION = YES;
				GCC_WARN_UNUSED_VARIABLE = YES;
				MACOSX_DEPLOYMENT_TARGET = 10.15;
				MTL_ENABLE_DEBUG_INFO = NO;
				MTL_FAST_MATH = YES;
				SDKROOT = macosx;
			};
			name = Release;
		};
		D6BE255423CBC7AF004B9414 /* Debug */ = {
			isa = XCBuildConfiguration;
			buildSettings = {
				CODE_SIGN_STYLE = Automatic;
				PRODUCT_NAME = "$(TARGET_NAME)";
			};
			name = Debug;
		};
		D6BE255523CBC7AF004B9414 /* Release */ = {
			isa = XCBuildConfiguration;
			buildSettings = {
				CODE_SIGN_STYLE = Automatic;
				PRODUCT_NAME = "$(TARGET_NAME)";
			};
			name = Release;
		};
		D6BE255F23CBC7CB004B9414 /* Debug */ = {
			isa = XCBuildConfiguration;
			buildSettings = {
				CODE_SIGN_STYLE = Automatic;
				PRODUCT_NAME = "$(TARGET_NAME)";
			};
			name = Debug;
		};
		D6BE256023CBC7CB004B9414 /* Release */ = {
			isa = XCBuildConfiguration;
			buildSettings = {
				CODE_SIGN_STYLE = Automatic;
				PRODUCT_NAME = "$(TARGET_NAME)";
			};
			name = Release;
		};
		D6D714B023CC6521004E359D /* Debug */ = {
			isa = XCBuildConfiguration;
			buildSettings = {
				CODE_SIGN_STYLE = Automatic;
				PRODUCT_NAME = "$(TARGET_NAME)";
			};
			name = Debug;
		};
		D6D714B123CC6521004E359D /* Release */ = {
			isa = XCBuildConfiguration;
			buildSettings = {
				CODE_SIGN_STYLE = Automatic;
				PRODUCT_NAME = "$(TARGET_NAME)";
			};
			name = Release;
		};
		D6EB0F9223CDCBAF00DF7B06 /* Debug */ = {
			isa = XCBuildConfiguration;
			buildSettings = {
				CODE_SIGN_STYLE = Automatic;
				PRODUCT_NAME = "$(TARGET_NAME)";
			};
			name = Debug;
		};
		D6EB0F9323CDCBAF00DF7B06 /* Release */ = {
			isa = XCBuildConfiguration;
			buildSettings = {
				CODE_SIGN_STYLE = Automatic;
				PRODUCT_NAME = "$(TARGET_NAME)";
			};
			name = Release;
		};
		D6EB0F9D23CDDE7A00DF7B06 /* Debug */ = {
			isa = XCBuildConfiguration;
			buildSettings = {
				CODE_SIGN_STYLE = Automatic;
				PRODUCT_NAME = "$(TARGET_NAME)";
			};
			name = Debug;
		};
		D6EB0F9E23CDDE7A00DF7B06 /* Release */ = {
			isa = XCBuildConfiguration;
			buildSettings = {
				CODE_SIGN_STYLE = Automatic;
				PRODUCT_NAME = "$(TARGET_NAME)";
			};
			name = Release;
		};
		D6EB0FB223CDE1EE00DF7B06 /* Debug */ = {
			isa = XCBuildConfiguration;
			buildSettings = {
				CODE_SIGN_STYLE = Automatic;
				PRODUCT_NAME = "$(TARGET_NAME)";
			};
			name = Debug;
		};
		D6EB0FB323CDE1EE00DF7B06 /* Release */ = {
			isa = XCBuildConfiguration;
			buildSettings = {
				CODE_SIGN_STYLE = Automatic;
				PRODUCT_NAME = "$(TARGET_NAME)";
			};
			name = Release;
		};
		D6EB0FBF23CDF6D100DF7B06 /* Debug */ = {
			isa = XCBuildConfiguration;
			buildSettings = {
				CODE_SIGN_STYLE = Automatic;
				PRODUCT_NAME = "$(TARGET_NAME)";
			};
			name = Debug;
		};
		D6EB0FC023CDF6D100DF7B06 /* Release */ = {
			isa = XCBuildConfiguration;
			buildSettings = {
				CODE_SIGN_STYLE = Automatic;
				PRODUCT_NAME = "$(TARGET_NAME)";
			};
			name = Release;
		};
		D6EB103623CE3EA300DF7B06 /* Debug */ = {
			isa = XCBuildConfiguration;
			buildSettings = {
				CODE_SIGN_STYLE = Automatic;
				PRODUCT_NAME = "$(TARGET_NAME)";
			};
			name = Debug;
		};
		D6EB103723CE3EA300DF7B06 /* Release */ = {
			isa = XCBuildConfiguration;
			buildSettings = {
				CODE_SIGN_STYLE = Automatic;
				PRODUCT_NAME = "$(TARGET_NAME)";
			};
			name = Release;
		};
/* End XCBuildConfiguration section */

/* Begin XCConfigurationList section */
		D6074D7423D5ACB80062DE7A /* Build configuration list for PBXNativeTarget "Chapter17" */ = {
			isa = XCConfigurationList;
			buildConfigurations = (
				D6074D7223D5ACB80062DE7A /* Debug */,
				D6074D7323D5ACB80062DE7A /* Release */,
			);
			defaultConfigurationIsVisible = 0;
			defaultConfigurationName = Release;
		};
		D6074DAA23D63F810062DE7A /* Build configuration list for PBXNativeTarget "Chapter18" */ = {
			isa = XCConfigurationList;
			buildConfigurations = (
				D6074DAB23D63F810062DE7A /* Debug */,
				D6074DAC23D63F810062DE7A /* Release */,
			);
			defaultConfigurationIsVisible = 0;
			defaultConfigurationName = Release;
		};
		D6074DB823D65E350062DE7A /* Build configuration list for PBXNativeTarget "18Palindromes" */ = {
			isa = XCConfigurationList;
			buildConfigurations = (
				D6074DB923D65E350062DE7A /* Debug */,
				D6074DBA23D65E350062DE7A /* Release */,
			);
			defaultConfigurationIsVisible = 0;
			defaultConfigurationName = Release;
		};
		D6074DC323D660D50062DE7A /* Build configuration list for PBXNativeTarget "18Drill" */ = {
			isa = XCConfigurationList;
			buildConfigurations = (
				D6074DC423D660D50062DE7A /* Debug */,
				D6074DC523D660D50062DE7A /* Release */,
			);
			defaultConfigurationIsVisible = 0;
			defaultConfigurationName = Release;
		};
		D630B49123CCCE6E00F35AB6 /* Build configuration list for PBXNativeTarget "exercise5" */ = {
			isa = XCConfigurationList;
			buildConfigurations = (
				D630B48F23CCCE6E00F35AB6 /* Debug */,
				D630B49023CCCE6E00F35AB6 /* Release */,
			);
			defaultConfigurationIsVisible = 0;
			defaultConfigurationName = Release;
		};
		D630B49A23CCCE8000F35AB6 /* Build configuration list for PBXNativeTarget "exercise4" */ = {
			isa = XCConfigurationList;
			buildConfigurations = (
				D630B49B23CCCE8000F35AB6 /* Debug */,
				D630B49C23CCCE8000F35AB6 /* Release */,
			);
			defaultConfigurationIsVisible = 0;
			defaultConfigurationName = Release;
		};
		D630B4A623CCD83600F35AB6 /* Build configuration list for PBXNativeTarget "Chapter5" */ = {
			isa = XCConfigurationList;
			buildConfigurations = (
				D630B4A723CCD83600F35AB6 /* Debug */,
				D630B4A823CCD83600F35AB6 /* Release */,
			);
			defaultConfigurationIsVisible = 0;
			defaultConfigurationName = Release;
		};
		D65B35CC23CC7DA00011C191 /* Build configuration list for PBXNativeTarget "Drill" */ = {
			isa = XCConfigurationList;
			buildConfigurations = (
				D65B35CA23CC7DA00011C191 /* Debug */,
				D65B35CB23CC7DA00011C191 /* Release */,
			);
			defaultConfigurationIsVisible = 0;
			defaultConfigurationName = Release;
		};
		D65B35D523CC87F70011C191 /* Build configuration list for PBXNativeTarget "exercise7" */ = {
			isa = XCConfigurationList;
			buildConfigurations = (
				D65B35D623CC87F70011C191 /* Debug */,
				D65B35D723CC87F70011C191 /* Release */,
			);
			defaultConfigurationIsVisible = 0;
			defaultConfigurationName = Release;
		};
		D65B35E023CC896B0011C191 /* Build configuration list for PBXNativeTarget "Chapter4" */ = {
			isa = XCConfigurationList;
			buildConfigurations = (
				D65B35E123CC896B0011C191 /* Debug */,
				D65B35E223CC896B0011C191 /* Release */,
			);
			defaultConfigurationIsVisible = 0;
			defaultConfigurationName = Release;
		};
		D65D693823D1DD4B00033F78 /* Build configuration list for PBXNativeTarget "Reading_simplest_file" */ = {
			isa = XCConfigurationList;
			buildConfigurations = (
				D65D693623D1DD4B00033F78 /* Debug */,
				D65D693723D1DD4B00033F78 /* Release */,
			);
			defaultConfigurationIsVisible = 0;
			defaultConfigurationName = Release;
		};
		D67EA61323D9A05E003639BA /* Build configuration list for PBXNativeTarget "Chpater19" */ = {
			isa = XCConfigurationList;
			buildConfigurations = (
				D67EA61123D9A05E003639BA /* Debug */,
				D67EA61223D9A05E003639BA /* Release */,
			);
			defaultConfigurationIsVisible = 0;
			defaultConfigurationName = Release;
		};
		D67EA61F23D9ADC9003639BA /* Build configuration list for PBXNativeTarget "19_3_5" */ = {
			isa = XCConfigurationList;
			buildConfigurations = (
				D67EA62023D9ADC9003639BA /* Debug */,
				D67EA62123D9ADC9003639BA /* Release */,
			);
			defaultConfigurationIsVisible = 0;
			defaultConfigurationName = Release;
		};
		D67EA62A23D9BAC0003639BA /* Build configuration list for PBXNativeTarget "19Drill" */ = {
			isa = XCConfigurationList;
			buildConfigurations = (
				D67EA62B23D9BAC0003639BA /* Debug */,
				D67EA62C23D9BAC0003639BA /* Release */,
			);
			defaultConfigurationIsVisible = 0;
			defaultConfigurationName = Release;
		};
		D67EA63523D9C8A8003639BA /* Build configuration list for PBXNativeTarget "Chapter20" */ = {
			isa = XCConfigurationList;
			buildConfigurations = (
				D67EA63623D9C8A8003639BA /* Debug */,
				D67EA63723D9C8A8003639BA /* Release */,
			);
			defaultConfigurationIsVisible = 0;
			defaultConfigurationName = Release;
		};
		D68E0C7B23CCB6EA003D8E85 /* Build configuration list for PBXNativeTarget "Drill_4" */ = {
			isa = XCConfigurationList;
			buildConfigurations = (
				D68E0C7923CCB6EA003D8E85 /* Debug */,
				D68E0C7A23CCB6EA003D8E85 /* Release */,
			);
			defaultConfigurationIsVisible = 0;
			defaultConfigurationName = Release;
		};
		D6BE254723CBC7AF004B9414 /* Build configuration list for PBXProject "Principles and Practice Using C++" */ = {
			isa = XCConfigurationList;
			buildConfigurations = (
				D6BE255123CBC7AF004B9414 /* Debug */,
				D6BE255223CBC7AF004B9414 /* Release */,
			);
			defaultConfigurationIsVisible = 0;
			defaultConfigurationName = Release;
		};
		D6BE255323CBC7AF004B9414 /* Build configuration list for PBXNativeTarget "Principles and Practice Using C++" */ = {
			isa = XCConfigurationList;
			buildConfigurations = (
				D6BE255423CBC7AF004B9414 /* Debug */,
				D6BE255523CBC7AF004B9414 /* Release */,
			);
			defaultConfigurationIsVisible = 0;
			defaultConfigurationName = Release;
		};
		D6BE255E23CBC7CB004B9414 /* Build configuration list for PBXNativeTarget "Chapter2" */ = {
			isa = XCConfigurationList;
			buildConfigurations = (
				D6BE255F23CBC7CB004B9414 /* Debug */,
				D6BE256023CBC7CB004B9414 /* Release */,
			);
			defaultConfigurationIsVisible = 0;
			defaultConfigurationName = Release;
		};
		D6D714B223CC6521004E359D /* Build configuration list for PBXNativeTarget "Chapter3" */ = {
			isa = XCConfigurationList;
			buildConfigurations = (
				D6D714B023CC6521004E359D /* Debug */,
				D6D714B123CC6521004E359D /* Release */,
			);
			defaultConfigurationIsVisible = 0;
			defaultConfigurationName = Release;
		};
		D6EB0F9123CDCBAF00DF7B06 /* Build configuration list for PBXNativeTarget "Chapter8" */ = {
			isa = XCConfigurationList;
			buildConfigurations = (
				D6EB0F9223CDCBAF00DF7B06 /* Debug */,
				D6EB0F9323CDCBAF00DF7B06 /* Release */,
			);
			defaultConfigurationIsVisible = 0;
			defaultConfigurationName = Release;
		};
		D6EB0F9C23CDDE7A00DF7B06 /* Build configuration list for PBXNativeTarget "Drill_8" */ = {
			isa = XCConfigurationList;
			buildConfigurations = (
				D6EB0F9D23CDDE7A00DF7B06 /* Debug */,
				D6EB0F9E23CDDE7A00DF7B06 /* Release */,
			);
			defaultConfigurationIsVisible = 0;
			defaultConfigurationName = Release;
		};
		D6EB0FB123CDE1EE00DF7B06 /* Build configuration list for PBXNativeTarget "Drill8" */ = {
			isa = XCConfigurationList;
			buildConfigurations = (
				D6EB0FB223CDE1EE00DF7B06 /* Debug */,
				D6EB0FB323CDE1EE00DF7B06 /* Release */,
			);
			defaultConfigurationIsVisible = 0;
			defaultConfigurationName = Release;
		};
		D6EB0FBE23CDF6D100DF7B06 /* Build configuration list for PBXNativeTarget "Chapter9" */ = {
			isa = XCConfigurationList;
			buildConfigurations = (
				D6EB0FBF23CDF6D100DF7B06 /* Debug */,
				D6EB0FC023CDF6D100DF7B06 /* Release */,
			);
			defaultConfigurationIsVisible = 0;
			defaultConfigurationName = Release;
		};
		D6EB103823CE3EA300DF7B06 /* Build configuration list for PBXNativeTarget "Chapter10" */ = {
			isa = XCConfigurationList;
			buildConfigurations = (
				D6EB103623CE3EA300DF7B06 /* Debug */,
				D6EB103723CE3EA300DF7B06 /* Release */,
			);
			defaultConfigurationIsVisible = 0;
			defaultConfigurationName = Release;
		};
/* End XCConfigurationList section */
	};
	rootObject = D6BE254423CBC7AF004B9414 /* Project object */;
}
