// !$*UTF8*$!
{
	archiveVersion = 1;
	classes = {
	};
	objectVersion = 50;
	objects = {

/* Begin PBXBuildFile section */
		D65A605A23D44E400072829C /* main.cpp in Sources */ = {isa = PBXBuildFile; fileRef = D65A605923D44E400072829C /* main.cpp */; };
		D65A606023D44E570072829C /* tabtenn0.cpp in Sources */ = {isa = PBXBuildFile; fileRef = D65A605E23D44E570072829C /* tabtenn0.cpp */; };
		D65A606323D4536E0072829C /* tabtenn1.cpp in Sources */ = {isa = PBXBuildFile; fileRef = D65A606123D4536E0072829C /* tabtenn1.cpp */; };
		D65A606B23D457BA0072829C /* main.cpp in Sources */ = {isa = PBXBuildFile; fileRef = D65A606A23D457BA0072829C /* main.cpp */; };
		D65A607123D457DE0072829C /* brass.cpp in Sources */ = {isa = PBXBuildFile; fileRef = D65A606F23D457DE0072829C /* brass.cpp */; };
		D65D050E23D6F2F500CE78A9 /* main.cpp in Sources */ = {isa = PBXBuildFile; fileRef = D65D050D23D6F2F500CE78A9 /* main.cpp */; };
		D65D051423D6F30300CE78A9 /* studentc.cpp in Sources */ = {isa = PBXBuildFile; fileRef = D65D051223D6F30300CE78A9 /* studentc.cpp */; };
		D65D051C23D703A700CE78A9 /* main.cpp in Sources */ = {isa = PBXBuildFile; fileRef = D65D051B23D703A700CE78A9 /* main.cpp */; };
		D65D052223D703B500CE78A9 /* stacktp.cpp in Sources */ = {isa = PBXBuildFile; fileRef = D65D052023D703B500CE78A9 /* stacktp.cpp */; };
		D65D052A23D7063200CE78A9 /* main.cpp in Sources */ = {isa = PBXBuildFile; fileRef = D65D052923D7063200CE78A9 /* main.cpp */; };
		D65D053023D7064100CE78A9 /* arraytp.cpp in Sources */ = {isa = PBXBuildFile; fileRef = D65D052E23D7064100CE78A9 /* arraytp.cpp */; };
		D65D053823D70E6500CE78A9 /* main.cpp in Sources */ = {isa = PBXBuildFile; fileRef = D65D053723D70E6500CE78A9 /* main.cpp */; };
		D65D053E23D70E7700CE78A9 /* tempmemb.cpp in Sources */ = {isa = PBXBuildFile; fileRef = D65D053C23D70E7700CE78A9 /* tempmemb.cpp */; };
		D6606ECE23D2FFBC00FD1E5D /* main.cpp in Sources */ = {isa = PBXBuildFile; fileRef = D6606ECD23D2FFBC00FD1E5D /* main.cpp */; };
		D6606ED423D2FFD700FD1E5D /* mytime0.cpp in Sources */ = {isa = PBXBuildFile; fileRef = D6606ED223D2FFD700FD1E5D /* mytime0.cpp */; };
		D6606EDC23D304A000FD1E5D /* main.cpp in Sources */ = {isa = PBXBuildFile; fileRef = D6606EDB23D304A000FD1E5D /* main.cpp */; };
		D6606EE223D304B100FD1E5D /* mytime1.cpp in Sources */ = {isa = PBXBuildFile; fileRef = D6606EE023D304B100FD1E5D /* mytime1.cpp */; };
		D6606EEA23D3075700FD1E5D /* main.cpp in Sources */ = {isa = PBXBuildFile; fileRef = D6606EE923D3075700FD1E5D /* main.cpp */; };
		D6606EF023D3076900FD1E5D /* mytime2.cpp in Sources */ = {isa = PBXBuildFile; fileRef = D6606EEE23D3076900FD1E5D /* mytime2.cpp */; };
		D6606EF823D3148400FD1E5D /* main.cpp in Sources */ = {isa = PBXBuildFile; fileRef = D6606EF723D3148400FD1E5D /* main.cpp */; };
		D6606EFE23D3149300FD1E5D /* mytime3.cpp in Sources */ = {isa = PBXBuildFile; fileRef = D6606EFC23D3149300FD1E5D /* mytime3.cpp */; };
		D6606F0623D3197E00FD1E5D /* main.cpp in Sources */ = {isa = PBXBuildFile; fileRef = D6606F0523D3197E00FD1E5D /* main.cpp */; };
		D6606F0C23D3198C00FD1E5D /* vector.cpp in Sources */ = {isa = PBXBuildFile; fileRef = D6606F0A23D3198C00FD1E5D /* vector.cpp */; };
		D6606F1423D330A100FD1E5D /* main.cpp in Sources */ = {isa = PBXBuildFile; fileRef = D6606F1323D330A100FD1E5D /* main.cpp */; };
		D6606F1A23D330AF00FD1E5D /* stonewt.cpp in Sources */ = {isa = PBXBuildFile; fileRef = D6606F1823D330AF00FD1E5D /* stonewt.cpp */; };
		D6606F2223D336C300FD1E5D /* main.cpp in Sources */ = {isa = PBXBuildFile; fileRef = D6606F2123D336C300FD1E5D /* main.cpp */; };
		D6606F2823D336E300FD1E5D /* stonewt1.cpp in Sources */ = {isa = PBXBuildFile; fileRef = D6606F2623D336E300FD1E5D /* stonewt1.cpp */; };
		D6606F3023D33C7D00FD1E5D /* main.cpp in Sources */ = {isa = PBXBuildFile; fileRef = D6606F2F23D33C7D00FD1E5D /* main.cpp */; };
		D6606F3623D33C8900FD1E5D /* complex0.cpp in Sources */ = {isa = PBXBuildFile; fileRef = D6606F3423D33C8900FD1E5D /* complex0.cpp */; };
		D6606F3E23D393F200FD1E5D /* main.cpp in Sources */ = {isa = PBXBuildFile; fileRef = D6606F3D23D393F200FD1E5D /* main.cpp */; };
		D6606F4423D3940500FD1E5D /* stringbad.cpp in Sources */ = {isa = PBXBuildFile; fileRef = D6606F4223D3940500FD1E5D /* stringbad.cpp */; };
		D6606F4C23D3B6F200FD1E5D /* main.cpp in Sources */ = {isa = PBXBuildFile; fileRef = D6606F4B23D3B6F200FD1E5D /* main.cpp */; };
		D6606F5223D3B70B00FD1E5D /* string1.cpp in Sources */ = {isa = PBXBuildFile; fileRef = D6606F5023D3B70B00FD1E5D /* string1.cpp */; };
		D6606F5A23D3BFA600FD1E5D /* main.cpp in Sources */ = {isa = PBXBuildFile; fileRef = D6606F5923D3BFA600FD1E5D /* main.cpp */; };
		D6606F6023D3BFB700FD1E5D /* string01.cpp in Sources */ = {isa = PBXBuildFile; fileRef = D6606F5E23D3BFB700FD1E5D /* string01.cpp */; };
		D6606F6823D3C93B00FD1E5D /* main.cpp in Sources */ = {isa = PBXBuildFile; fileRef = D6606F6723D3C93B00FD1E5D /* main.cpp */; };
		D6606F6E23D3C9D600FD1E5D /* string2.cpp in Sources */ = {isa = PBXBuildFile; fileRef = D6606F6C23D3C9D600FD1E5D /* string2.cpp */; };
		D668533C23D8481300DFF799 /* main.cpp in Sources */ = {isa = PBXBuildFile; fileRef = D668533B23D8481300DFF799 /* main.cpp */; };
		D668534723D84E7000DFF799 /* main.cpp in Sources */ = {isa = PBXBuildFile; fileRef = D668534623D84E7000DFF799 /* main.cpp */; };
		D6AD624623D0B37B000BEC08 /* main.cpp in Sources */ = {isa = PBXBuildFile; fileRef = D6AD624523D0B37B000BEC08 /* main.cpp */; };
		D6AD624C23D0B391000BEC08 /* stock10.cpp in Sources */ = {isa = PBXBuildFile; fileRef = D6AD624A23D0B391000BEC08 /* stock10.cpp */; };
		D6AD625423D0BA59000BEC08 /* main.cpp in Sources */ = {isa = PBXBuildFile; fileRef = D6AD625323D0BA59000BEC08 /* main.cpp */; };
		D6AD625A23D0BA6C000BEC08 /* stock20.cpp in Sources */ = {isa = PBXBuildFile; fileRef = D6AD625823D0BA6C000BEC08 /* stock20.cpp */; };
		D6AD626223D0D032000BEC08 /* main.cpp in Sources */ = {isa = PBXBuildFile; fileRef = D6AD626123D0D032000BEC08 /* main.cpp */; };
		D6AD626823D0D053000BEC08 /* bank.cpp in Sources */ = {isa = PBXBuildFile; fileRef = D6AD626623D0D053000BEC08 /* bank.cpp */; };
		D6AD627023D0DCF8000BEC08 /* main.cpp in Sources */ = {isa = PBXBuildFile; fileRef = D6AD626F23D0DCF8000BEC08 /* main.cpp */; };
		D6AD627623D0DD0D000BEC08 /* Person.cpp in Sources */ = {isa = PBXBuildFile; fileRef = D6AD627423D0DD0D000BEC08 /* Person.cpp */; };
		D6AD627E23D0E228000BEC08 /* main.cpp in Sources */ = {isa = PBXBuildFile; fileRef = D6AD627D23D0E228000BEC08 /* main.cpp */; };
		D6AD628423D0E23C000BEC08 /* Move.cpp in Sources */ = {isa = PBXBuildFile; fileRef = D6AD628223D0E23C000BEC08 /* Move.cpp */; };
		D6AE976923D0A7DC00C78B55 /* main.cpp in Sources */ = {isa = PBXBuildFile; fileRef = D6AE976823D0A7DC00C78B55 /* main.cpp */; };
		D6AE977623D0A82C00C78B55 /* main.cpp in Sources */ = {isa = PBXBuildFile; fileRef = D6AE977523D0A82C00C78B55 /* main.cpp */; };
/* End PBXBuildFile section */

/* Begin PBXCopyFilesBuildPhase section */
		D65A605523D44E400072829C /* CopyFiles */ = {
			isa = PBXCopyFilesBuildPhase;
			buildActionMask = 2147483647;
			dstPath = /usr/share/man/man1/;
			dstSubfolderSpec = 0;
			files = (
			);
			runOnlyForDeploymentPostprocessing = 1;
		};
		D65A606623D457BA0072829C /* CopyFiles */ = {
			isa = PBXCopyFilesBuildPhase;
			buildActionMask = 2147483647;
			dstPath = /usr/share/man/man1/;
			dstSubfolderSpec = 0;
			files = (
			);
			runOnlyForDeploymentPostprocessing = 1;
		};
		D65D050923D6F2F500CE78A9 /* CopyFiles */ = {
			isa = PBXCopyFilesBuildPhase;
			buildActionMask = 2147483647;
			dstPath = /usr/share/man/man1/;
			dstSubfolderSpec = 0;
			files = (
			);
			runOnlyForDeploymentPostprocessing = 1;
		};
		D65D051723D703A700CE78A9 /* CopyFiles */ = {
			isa = PBXCopyFilesBuildPhase;
			buildActionMask = 2147483647;
			dstPath = /usr/share/man/man1/;
			dstSubfolderSpec = 0;
			files = (
			);
			runOnlyForDeploymentPostprocessing = 1;
		};
		D65D052523D7063200CE78A9 /* CopyFiles */ = {
			isa = PBXCopyFilesBuildPhase;
			buildActionMask = 2147483647;
			dstPath = /usr/share/man/man1/;
			dstSubfolderSpec = 0;
			files = (
			);
			runOnlyForDeploymentPostprocessing = 1;
		};
		D65D053323D70E6500CE78A9 /* CopyFiles */ = {
			isa = PBXCopyFilesBuildPhase;
			buildActionMask = 2147483647;
			dstPath = /usr/share/man/man1/;
			dstSubfolderSpec = 0;
			files = (
			);
			runOnlyForDeploymentPostprocessing = 1;
		};
		D6606EC923D2FFBC00FD1E5D /* CopyFiles */ = {
			isa = PBXCopyFilesBuildPhase;
			buildActionMask = 2147483647;
			dstPath = /usr/share/man/man1/;
			dstSubfolderSpec = 0;
			files = (
			);
			runOnlyForDeploymentPostprocessing = 1;
		};
		D6606ED723D304A000FD1E5D /* CopyFiles */ = {
			isa = PBXCopyFilesBuildPhase;
			buildActionMask = 2147483647;
			dstPath = /usr/share/man/man1/;
			dstSubfolderSpec = 0;
			files = (
			);
			runOnlyForDeploymentPostprocessing = 1;
		};
		D6606EE523D3075700FD1E5D /* CopyFiles */ = {
			isa = PBXCopyFilesBuildPhase;
			buildActionMask = 2147483647;
			dstPath = /usr/share/man/man1/;
			dstSubfolderSpec = 0;
			files = (
			);
			runOnlyForDeploymentPostprocessing = 1;
		};
		D6606EF323D3148400FD1E5D /* CopyFiles */ = {
			isa = PBXCopyFilesBuildPhase;
			buildActionMask = 2147483647;
			dstPath = /usr/share/man/man1/;
			dstSubfolderSpec = 0;
			files = (
			);
			runOnlyForDeploymentPostprocessing = 1;
		};
		D6606F0123D3197E00FD1E5D /* CopyFiles */ = {
			isa = PBXCopyFilesBuildPhase;
			buildActionMask = 2147483647;
			dstPath = /usr/share/man/man1/;
			dstSubfolderSpec = 0;
			files = (
			);
			runOnlyForDeploymentPostprocessing = 1;
		};
		D6606F0F23D330A100FD1E5D /* CopyFiles */ = {
			isa = PBXCopyFilesBuildPhase;
			buildActionMask = 2147483647;
			dstPath = /usr/share/man/man1/;
			dstSubfolderSpec = 0;
			files = (
			);
			runOnlyForDeploymentPostprocessing = 1;
		};
		D6606F1D23D336C300FD1E5D /* CopyFiles */ = {
			isa = PBXCopyFilesBuildPhase;
			buildActionMask = 2147483647;
			dstPath = /usr/share/man/man1/;
			dstSubfolderSpec = 0;
			files = (
			);
			runOnlyForDeploymentPostprocessing = 1;
		};
		D6606F2B23D33C7D00FD1E5D /* CopyFiles */ = {
			isa = PBXCopyFilesBuildPhase;
			buildActionMask = 2147483647;
			dstPath = /usr/share/man/man1/;
			dstSubfolderSpec = 0;
			files = (
			);
			runOnlyForDeploymentPostprocessing = 1;
		};
		D6606F3923D393F200FD1E5D /* CopyFiles */ = {
			isa = PBXCopyFilesBuildPhase;
			buildActionMask = 2147483647;
			dstPath = /usr/share/man/man1/;
			dstSubfolderSpec = 0;
			files = (
			);
			runOnlyForDeploymentPostprocessing = 1;
		};
		D6606F4723D3B6F200FD1E5D /* CopyFiles */ = {
			isa = PBXCopyFilesBuildPhase;
			buildActionMask = 2147483647;
			dstPath = /usr/share/man/man1/;
			dstSubfolderSpec = 0;
			files = (
			);
			runOnlyForDeploymentPostprocessing = 1;
		};
		D6606F5523D3BFA600FD1E5D /* CopyFiles */ = {
			isa = PBXCopyFilesBuildPhase;
			buildActionMask = 2147483647;
			dstPath = /usr/share/man/man1/;
			dstSubfolderSpec = 0;
			files = (
			);
			runOnlyForDeploymentPostprocessing = 1;
		};
		D6606F6323D3C93B00FD1E5D /* CopyFiles */ = {
			isa = PBXCopyFilesBuildPhase;
			buildActionMask = 2147483647;
			dstPath = /usr/share/man/man1/;
			dstSubfolderSpec = 0;
			files = (
			);
			runOnlyForDeploymentPostprocessing = 1;
		};
		D668533723D8481300DFF799 /* CopyFiles */ = {
			isa = PBXCopyFilesBuildPhase;
			buildActionMask = 2147483647;
			dstPath = /usr/share/man/man1/;
			dstSubfolderSpec = 0;
			files = (
			);
			runOnlyForDeploymentPostprocessing = 1;
		};
		D668534223D84E7000DFF799 /* CopyFiles */ = {
			isa = PBXCopyFilesBuildPhase;
			buildActionMask = 2147483647;
			dstPath = /usr/share/man/man1/;
			dstSubfolderSpec = 0;
			files = (
			);
			runOnlyForDeploymentPostprocessing = 1;
		};
		D6AD624123D0B37B000BEC08 /* CopyFiles */ = {
			isa = PBXCopyFilesBuildPhase;
			buildActionMask = 2147483647;
			dstPath = /usr/share/man/man1/;
			dstSubfolderSpec = 0;
			files = (
			);
			runOnlyForDeploymentPostprocessing = 1;
		};
		D6AD624F23D0BA59000BEC08 /* CopyFiles */ = {
			isa = PBXCopyFilesBuildPhase;
			buildActionMask = 2147483647;
			dstPath = /usr/share/man/man1/;
			dstSubfolderSpec = 0;
			files = (
			);
			runOnlyForDeploymentPostprocessing = 1;
		};
		D6AD625D23D0D032000BEC08 /* CopyFiles */ = {
			isa = PBXCopyFilesBuildPhase;
			buildActionMask = 2147483647;
			dstPath = /usr/share/man/man1/;
			dstSubfolderSpec = 0;
			files = (
			);
			runOnlyForDeploymentPostprocessing = 1;
		};
		D6AD626B23D0DCF8000BEC08 /* CopyFiles */ = {
			isa = PBXCopyFilesBuildPhase;
			buildActionMask = 2147483647;
			dstPath = /usr/share/man/man1/;
			dstSubfolderSpec = 0;
			files = (
			);
			runOnlyForDeploymentPostprocessing = 1;
		};
		D6AD627923D0E228000BEC08 /* CopyFiles */ = {
			isa = PBXCopyFilesBuildPhase;
			buildActionMask = 2147483647;
			dstPath = /usr/share/man/man1/;
			dstSubfolderSpec = 0;
			files = (
			);
			runOnlyForDeploymentPostprocessing = 1;
		};
		D6AE976323D0A7DC00C78B55 /* CopyFiles */ = {
			isa = PBXCopyFilesBuildPhase;
			buildActionMask = 2147483647;
			dstPath = /usr/share/man/man1/;
			dstSubfolderSpec = 0;
			files = (
			);
			runOnlyForDeploymentPostprocessing = 1;
		};
		D6AE977123D0A82C00C78B55 /* CopyFiles */ = {
			isa = PBXCopyFilesBuildPhase;
			buildActionMask = 2147483647;
			dstPath = /usr/share/man/man1/;
			dstSubfolderSpec = 0;
			files = (
			);
			runOnlyForDeploymentPostprocessing = 1;
		};
/* End PBXCopyFilesBuildPhase section */

/* Begin PBXFileReference section */
		D65A605723D44E400072829C /* 13.1 */ = {isa = PBXFileReference; explicitFileType = "compiled.mach-o.executable"; includeInIndex = 0; path = 13.1; sourceTree = BUILT_PRODUCTS_DIR; };
		D65A605923D44E400072829C /* main.cpp */ = {isa = PBXFileReference; lastKnownFileType = sourcecode.cpp.cpp; path = main.cpp; sourceTree = "<group>"; };
		D65A605E23D44E570072829C /* tabtenn0.cpp */ = {isa = PBXFileReference; lastKnownFileType = sourcecode.cpp.cpp; path = tabtenn0.cpp; sourceTree = "<group>"; };
		D65A605F23D44E570072829C /* tabtenn0.hpp */ = {isa = PBXFileReference; lastKnownFileType = sourcecode.cpp.h; path = tabtenn0.hpp; sourceTree = "<group>"; };
		D65A606123D4536E0072829C /* tabtenn1.cpp */ = {isa = PBXFileReference; lastKnownFileType = sourcecode.cpp.cpp; path = tabtenn1.cpp; sourceTree = "<group>"; };
		D65A606223D4536E0072829C /* tabtenn1.hpp */ = {isa = PBXFileReference; lastKnownFileType = sourcecode.cpp.h; path = tabtenn1.hpp; sourceTree = "<group>"; };
		D65A606823D457BA0072829C /* 13.7 */ = {isa = PBXFileReference; explicitFileType = "compiled.mach-o.executable"; includeInIndex = 0; path = 13.7; sourceTree = BUILT_PRODUCTS_DIR; };
		D65A606A23D457BA0072829C /* main.cpp */ = {isa = PBXFileReference; lastKnownFileType = sourcecode.cpp.cpp; path = main.cpp; sourceTree = "<group>"; };
		D65A606F23D457DE0072829C /* brass.cpp */ = {isa = PBXFileReference; lastKnownFileType = sourcecode.cpp.cpp; path = brass.cpp; sourceTree = "<group>"; };
		D65A607023D457DE0072829C /* brass.hpp */ = {isa = PBXFileReference; lastKnownFileType = sourcecode.cpp.h; path = brass.hpp; sourceTree = "<group>"; };
		D65D050B23D6F2F500CE78A9 /* 14.1 */ = {isa = PBXFileReference; explicitFileType = "compiled.mach-o.executable"; includeInIndex = 0; path = 14.1; sourceTree = BUILT_PRODUCTS_DIR; };
		D65D050D23D6F2F500CE78A9 /* main.cpp */ = {isa = PBXFileReference; lastKnownFileType = sourcecode.cpp.cpp; path = main.cpp; sourceTree = "<group>"; };
		D65D051223D6F30300CE78A9 /* studentc.cpp */ = {isa = PBXFileReference; lastKnownFileType = sourcecode.cpp.cpp; path = studentc.cpp; sourceTree = "<group>"; };
		D65D051323D6F30300CE78A9 /* studentc.hpp */ = {isa = PBXFileReference; lastKnownFileType = sourcecode.cpp.h; path = studentc.hpp; sourceTree = "<group>"; };
		D65D051923D703A700CE78A9 /* 14.13 */ = {isa = PBXFileReference; explicitFileType = "compiled.mach-o.executable"; includeInIndex = 0; path = 14.13; sourceTree = BUILT_PRODUCTS_DIR; };
		D65D051B23D703A700CE78A9 /* main.cpp */ = {isa = PBXFileReference; lastKnownFileType = sourcecode.cpp.cpp; path = main.cpp; sourceTree = "<group>"; };
		D65D052023D703B500CE78A9 /* stacktp.cpp */ = {isa = PBXFileReference; lastKnownFileType = sourcecode.cpp.cpp; path = stacktp.cpp; sourceTree = "<group>"; };
		D65D052123D703B500CE78A9 /* stacktp.hpp */ = {isa = PBXFileReference; lastKnownFileType = sourcecode.cpp.h; path = stacktp.hpp; sourceTree = "<group>"; };
		D65D052723D7063200CE78A9 /* 14.17 */ = {isa = PBXFileReference; explicitFileType = "compiled.mach-o.executable"; includeInIndex = 0; path = 14.17; sourceTree = BUILT_PRODUCTS_DIR; };
		D65D052923D7063200CE78A9 /* main.cpp */ = {isa = PBXFileReference; lastKnownFileType = sourcecode.cpp.cpp; path = main.cpp; sourceTree = "<group>"; };
		D65D052E23D7064100CE78A9 /* arraytp.cpp */ = {isa = PBXFileReference; lastKnownFileType = sourcecode.cpp.cpp; path = arraytp.cpp; sourceTree = "<group>"; };
		D65D052F23D7064100CE78A9 /* arraytp.hpp */ = {isa = PBXFileReference; lastKnownFileType = sourcecode.cpp.h; path = arraytp.hpp; sourceTree = "<group>"; };
		D65D053523D70E6500CE78A9 /* 14.20 */ = {isa = PBXFileReference; explicitFileType = "compiled.mach-o.executable"; includeInIndex = 0; path = 14.20; sourceTree = BUILT_PRODUCTS_DIR; };
		D65D053723D70E6500CE78A9 /* main.cpp */ = {isa = PBXFileReference; lastKnownFileType = sourcecode.cpp.cpp; path = main.cpp; sourceTree = "<group>"; };
		D65D053C23D70E7700CE78A9 /* tempmemb.cpp */ = {isa = PBXFileReference; lastKnownFileType = sourcecode.cpp.cpp; path = tempmemb.cpp; sourceTree = "<group>"; };
		D65D053D23D70E7700CE78A9 /* tempmemb.hpp */ = {isa = PBXFileReference; lastKnownFileType = sourcecode.cpp.h; path = tempmemb.hpp; sourceTree = "<group>"; };
		D6606ECB23D2FFBC00FD1E5D /* 11.1 */ = {isa = PBXFileReference; explicitFileType = "compiled.mach-o.executable"; includeInIndex = 0; path = 11.1; sourceTree = BUILT_PRODUCTS_DIR; };
		D6606ECD23D2FFBC00FD1E5D /* main.cpp */ = {isa = PBXFileReference; lastKnownFileType = sourcecode.cpp.cpp; path = main.cpp; sourceTree = "<group>"; };
		D6606ED223D2FFD700FD1E5D /* mytime0.cpp */ = {isa = PBXFileReference; lastKnownFileType = sourcecode.cpp.cpp; path = mytime0.cpp; sourceTree = "<group>"; };
		D6606ED323D2FFD700FD1E5D /* mytime0.hpp */ = {isa = PBXFileReference; lastKnownFileType = sourcecode.cpp.h; path = mytime0.hpp; sourceTree = "<group>"; };
		D6606ED923D304A000FD1E5D /* 11.4 */ = {isa = PBXFileReference; explicitFileType = "compiled.mach-o.executable"; includeInIndex = 0; path = 11.4; sourceTree = BUILT_PRODUCTS_DIR; };
		D6606EDB23D304A000FD1E5D /* main.cpp */ = {isa = PBXFileReference; lastKnownFileType = sourcecode.cpp.cpp; path = main.cpp; sourceTree = "<group>"; };
		D6606EE023D304B100FD1E5D /* mytime1.cpp */ = {isa = PBXFileReference; lastKnownFileType = sourcecode.cpp.cpp; name = mytime1.cpp; path = 11.1/mytime1.cpp; sourceTree = SOURCE_ROOT; };
		D6606EE123D304B100FD1E5D /* mytime1.hpp */ = {isa = PBXFileReference; lastKnownFileType = sourcecode.cpp.h; name = mytime1.hpp; path = 11.1/mytime1.hpp; sourceTree = SOURCE_ROOT; };
		D6606EE723D3075700FD1E5D /* 11.7 */ = {isa = PBXFileReference; explicitFileType = "compiled.mach-o.executable"; includeInIndex = 0; path = 11.7; sourceTree = BUILT_PRODUCTS_DIR; };
		D6606EE923D3075700FD1E5D /* main.cpp */ = {isa = PBXFileReference; lastKnownFileType = sourcecode.cpp.cpp; path = main.cpp; sourceTree = "<group>"; };
		D6606EEE23D3076900FD1E5D /* mytime2.cpp */ = {isa = PBXFileReference; lastKnownFileType = sourcecode.cpp.cpp; path = mytime2.cpp; sourceTree = "<group>"; };
		D6606EEF23D3076900FD1E5D /* mytime2.hpp */ = {isa = PBXFileReference; lastKnownFileType = sourcecode.cpp.h; path = mytime2.hpp; sourceTree = "<group>"; };
		D6606EF523D3148400FD1E5D /* 11.10 */ = {isa = PBXFileReference; explicitFileType = "compiled.mach-o.executable"; includeInIndex = 0; path = 11.10; sourceTree = BUILT_PRODUCTS_DIR; };
		D6606EF723D3148400FD1E5D /* main.cpp */ = {isa = PBXFileReference; lastKnownFileType = sourcecode.cpp.cpp; path = main.cpp; sourceTree = "<group>"; };
		D6606EFC23D3149300FD1E5D /* mytime3.cpp */ = {isa = PBXFileReference; lastKnownFileType = sourcecode.cpp.cpp; path = mytime3.cpp; sourceTree = "<group>"; };
		D6606EFD23D3149300FD1E5D /* mytime3.hpp */ = {isa = PBXFileReference; lastKnownFileType = sourcecode.cpp.h; path = mytime3.hpp; sourceTree = "<group>"; };
		D6606F0323D3197E00FD1E5D /* 11.3 */ = {isa = PBXFileReference; explicitFileType = "compiled.mach-o.executable"; includeInIndex = 0; path = 11.3; sourceTree = BUILT_PRODUCTS_DIR; };
		D6606F0523D3197E00FD1E5D /* main.cpp */ = {isa = PBXFileReference; lastKnownFileType = sourcecode.cpp.cpp; path = main.cpp; sourceTree = "<group>"; };
		D6606F0A23D3198C00FD1E5D /* vector.cpp */ = {isa = PBXFileReference; lastKnownFileType = sourcecode.cpp.cpp; path = vector.cpp; sourceTree = "<group>"; };
		D6606F0B23D3198C00FD1E5D /* vector.hpp */ = {isa = PBXFileReference; lastKnownFileType = sourcecode.cpp.h; path = vector.hpp; sourceTree = "<group>"; };
		D6606F1123D330A100FD1E5D /* 11.16 */ = {isa = PBXFileReference; explicitFileType = "compiled.mach-o.executable"; includeInIndex = 0; path = 11.16; sourceTree = BUILT_PRODUCTS_DIR; };
		D6606F1323D330A100FD1E5D /* main.cpp */ = {isa = PBXFileReference; lastKnownFileType = sourcecode.cpp.cpp; path = main.cpp; sourceTree = "<group>"; };
		D6606F1823D330AF00FD1E5D /* stonewt.cpp */ = {isa = PBXFileReference; lastKnownFileType = sourcecode.cpp.cpp; path = stonewt.cpp; sourceTree = "<group>"; };
		D6606F1923D330AF00FD1E5D /* stonewt.hpp */ = {isa = PBXFileReference; lastKnownFileType = sourcecode.cpp.h; path = stonewt.hpp; sourceTree = "<group>"; };
		D6606F1F23D336C300FD1E5D /* 11.9 */ = {isa = PBXFileReference; explicitFileType = "compiled.mach-o.executable"; includeInIndex = 0; path = 11.9; sourceTree = BUILT_PRODUCTS_DIR; };
		D6606F2123D336C300FD1E5D /* main.cpp */ = {isa = PBXFileReference; lastKnownFileType = sourcecode.cpp.cpp; path = main.cpp; sourceTree = "<group>"; };
		D6606F2623D336E300FD1E5D /* stonewt1.cpp */ = {isa = PBXFileReference; lastKnownFileType = sourcecode.cpp.cpp; path = stonewt1.cpp; sourceTree = "<group>"; };
		D6606F2723D336E300FD1E5D /* stonewt1.hpp */ = {isa = PBXFileReference; lastKnownFileType = sourcecode.cpp.h; path = stonewt1.hpp; sourceTree = "<group>"; };
		D6606F2D23D33C7D00FD1E5D /* exercise11.7 */ = {isa = PBXFileReference; explicitFileType = "compiled.mach-o.executable"; includeInIndex = 0; path = exercise11.7; sourceTree = BUILT_PRODUCTS_DIR; };
		D6606F2F23D33C7D00FD1E5D /* main.cpp */ = {isa = PBXFileReference; lastKnownFileType = sourcecode.cpp.cpp; path = main.cpp; sourceTree = "<group>"; };
		D6606F3423D33C8900FD1E5D /* complex0.cpp */ = {isa = PBXFileReference; lastKnownFileType = sourcecode.cpp.cpp; path = complex0.cpp; sourceTree = "<group>"; };
		D6606F3523D33C8900FD1E5D /* complex0.hpp */ = {isa = PBXFileReference; lastKnownFileType = sourcecode.cpp.h; path = complex0.hpp; sourceTree = "<group>"; };
		D6606F3B23D393F200FD1E5D /* 12.1 */ = {isa = PBXFileReference; explicitFileType = "compiled.mach-o.executable"; includeInIndex = 0; path = 12.1; sourceTree = BUILT_PRODUCTS_DIR; };
		D6606F3D23D393F200FD1E5D /* main.cpp */ = {isa = PBXFileReference; lastKnownFileType = sourcecode.cpp.cpp; path = main.cpp; sourceTree = "<group>"; };
		D6606F4223D3940500FD1E5D /* stringbad.cpp */ = {isa = PBXFileReference; lastKnownFileType = sourcecode.cpp.cpp; path = stringbad.cpp; sourceTree = "<group>"; };
		D6606F4323D3940500FD1E5D /* stringbad.hpp */ = {isa = PBXFileReference; lastKnownFileType = sourcecode.cpp.h; path = stringbad.hpp; sourceTree = "<group>"; };
		D6606F4923D3B6F200FD1E5D /* 12.4 */ = {isa = PBXFileReference; explicitFileType = "compiled.mach-o.executable"; includeInIndex = 0; path = 12.4; sourceTree = BUILT_PRODUCTS_DIR; };
		D6606F4B23D3B6F200FD1E5D /* main.cpp */ = {isa = PBXFileReference; lastKnownFileType = sourcecode.cpp.cpp; path = main.cpp; sourceTree = "<group>"; };
		D6606F5023D3B70B00FD1E5D /* string1.cpp */ = {isa = PBXFileReference; lastKnownFileType = sourcecode.cpp.cpp; name = string1.cpp; path = 12.1/string1.cpp; sourceTree = SOURCE_ROOT; };
		D6606F5123D3B70B00FD1E5D /* string1.hpp */ = {isa = PBXFileReference; lastKnownFileType = sourcecode.cpp.h; name = string1.hpp; path = 12.1/string1.hpp; sourceTree = SOURCE_ROOT; };
		D6606F5723D3BFA600FD1E5D /* 12.5 */ = {isa = PBXFileReference; explicitFileType = "compiled.mach-o.executable"; includeInIndex = 0; path = 12.5; sourceTree = BUILT_PRODUCTS_DIR; };
		D6606F5923D3BFA600FD1E5D /* main.cpp */ = {isa = PBXFileReference; lastKnownFileType = sourcecode.cpp.cpp; path = main.cpp; sourceTree = "<group>"; };
		D6606F5E23D3BFB700FD1E5D /* string01.cpp */ = {isa = PBXFileReference; lastKnownFileType = sourcecode.cpp.cpp; path = string01.cpp; sourceTree = "<group>"; };
		D6606F5F23D3BFB700FD1E5D /* string01.hpp */ = {isa = PBXFileReference; lastKnownFileType = sourcecode.cpp.h; path = string01.hpp; sourceTree = "<group>"; };
		D6606F6523D3C93B00FD1E5D /* 12.7 */ = {isa = PBXFileReference; explicitFileType = "compiled.mach-o.executable"; includeInIndex = 0; path = 12.7; sourceTree = BUILT_PRODUCTS_DIR; };
		D6606F6723D3C93B00FD1E5D /* main.cpp */ = {isa = PBXFileReference; lastKnownFileType = sourcecode.cpp.cpp; path = main.cpp; sourceTree = "<group>"; };
		D6606F6C23D3C9D600FD1E5D /* string2.cpp */ = {isa = PBXFileReference; lastKnownFileType = sourcecode.cpp.cpp; path = string2.cpp; sourceTree = "<group>"; };
		D6606F6D23D3C9D600FD1E5D /* string2.hpp */ = {isa = PBXFileReference; lastKnownFileType = sourcecode.cpp.h; path = string2.hpp; sourceTree = "<group>"; };
		D668533923D8481300DFF799 /* 15.8 */ = {isa = PBXFileReference; explicitFileType = "compiled.mach-o.executable"; includeInIndex = 0; path = 15.8; sourceTree = BUILT_PRODUCTS_DIR; };
		D668533B23D8481300DFF799 /* main.cpp */ = {isa = PBXFileReference; lastKnownFileType = sourcecode.cpp.cpp; path = main.cpp; sourceTree = "<group>"; };
		D668534423D84E7000DFF799 /* 16。5 */ = {isa = PBXFileReference; explicitFileType = "compiled.mach-o.executable"; includeInIndex = 0; path = "16。5"; sourceTree = BUILT_PRODUCTS_DIR; };
		D668534623D84E7000DFF799 /* main.cpp */ = {isa = PBXFileReference; lastKnownFileType = sourcecode.cpp.cpp; path = main.cpp; sourceTree = "<group>"; };
		D6AD624323D0B37B000BEC08 /* 10.4 */ = {isa = PBXFileReference; explicitFileType = "compiled.mach-o.executable"; includeInIndex = 0; path = 10.4; sourceTree = BUILT_PRODUCTS_DIR; };
		D6AD624523D0B37B000BEC08 /* main.cpp */ = {isa = PBXFileReference; lastKnownFileType = sourcecode.cpp.cpp; path = main.cpp; sourceTree = "<group>"; };
		D6AD624A23D0B391000BEC08 /* stock10.cpp */ = {isa = PBXFileReference; lastKnownFileType = sourcecode.cpp.cpp; path = stock10.cpp; sourceTree = "<group>"; };
		D6AD624B23D0B391000BEC08 /* stock10.hpp */ = {isa = PBXFileReference; lastKnownFileType = sourcecode.cpp.h; path = stock10.hpp; sourceTree = "<group>"; };
		D6AD625123D0BA59000BEC08 /* 10.7 */ = {isa = PBXFileReference; explicitFileType = "compiled.mach-o.executable"; includeInIndex = 0; path = 10.7; sourceTree = BUILT_PRODUCTS_DIR; };
		D6AD625323D0BA59000BEC08 /* main.cpp */ = {isa = PBXFileReference; lastKnownFileType = sourcecode.cpp.cpp; path = main.cpp; sourceTree = "<group>"; };
		D6AD625823D0BA6C000BEC08 /* stock20.cpp */ = {isa = PBXFileReference; lastKnownFileType = sourcecode.cpp.cpp; path = stock20.cpp; sourceTree = "<group>"; };
		D6AD625923D0BA6C000BEC08 /* stock20.hpp */ = {isa = PBXFileReference; lastKnownFileType = sourcecode.cpp.h; path = stock20.hpp; sourceTree = "<group>"; };
		D6AD625F23D0D032000BEC08 /* exercise10.1 */ = {isa = PBXFileReference; explicitFileType = "compiled.mach-o.executable"; includeInIndex = 0; path = exercise10.1; sourceTree = BUILT_PRODUCTS_DIR; };
		D6AD626123D0D032000BEC08 /* main.cpp */ = {isa = PBXFileReference; lastKnownFileType = sourcecode.cpp.cpp; path = main.cpp; sourceTree = "<group>"; };
		D6AD626623D0D053000BEC08 /* bank.cpp */ = {isa = PBXFileReference; lastKnownFileType = sourcecode.cpp.cpp; path = bank.cpp; sourceTree = "<group>"; };
		D6AD626723D0D053000BEC08 /* bank.hpp */ = {isa = PBXFileReference; lastKnownFileType = sourcecode.cpp.h; path = bank.hpp; sourceTree = "<group>"; };
		D6AD626D23D0DCF8000BEC08 /* exercise10.2 */ = {isa = PBXFileReference; explicitFileType = "compiled.mach-o.executable"; includeInIndex = 0; path = exercise10.2; sourceTree = BUILT_PRODUCTS_DIR; };
		D6AD626F23D0DCF8000BEC08 /* main.cpp */ = {isa = PBXFileReference; lastKnownFileType = sourcecode.cpp.cpp; path = main.cpp; sourceTree = "<group>"; };
		D6AD627423D0DD0D000BEC08 /* Person.cpp */ = {isa = PBXFileReference; lastKnownFileType = sourcecode.cpp.cpp; path = Person.cpp; sourceTree = "<group>"; };
		D6AD627523D0DD0D000BEC08 /* Person.hpp */ = {isa = PBXFileReference; lastKnownFileType = sourcecode.cpp.h; path = Person.hpp; sourceTree = "<group>"; };
		D6AD627B23D0E228000BEC08 /* exercise10.6 */ = {isa = PBXFileReference; explicitFileType = "compiled.mach-o.executable"; includeInIndex = 0; path = exercise10.6; sourceTree = BUILT_PRODUCTS_DIR; };
		D6AD627D23D0E228000BEC08 /* main.cpp */ = {isa = PBXFileReference; lastKnownFileType = sourcecode.cpp.cpp; path = main.cpp; sourceTree = "<group>"; };
		D6AD628223D0E23C000BEC08 /* Move.cpp */ = {isa = PBXFileReference; lastKnownFileType = sourcecode.cpp.cpp; path = Move.cpp; sourceTree = "<group>"; };
		D6AD628323D0E23C000BEC08 /* Move.hpp */ = {isa = PBXFileReference; lastKnownFileType = sourcecode.cpp.h; path = Move.hpp; sourceTree = "<group>"; };
		D6AE976523D0A7DC00C78B55 /* C++ Primer Class Study */ = {isa = PBXFileReference; explicitFileType = "compiled.mach-o.executable"; includeInIndex = 0; path = "C++ Primer Class Study"; sourceTree = BUILT_PRODUCTS_DIR; };
		D6AE976823D0A7DC00C78B55 /* main.cpp */ = {isa = PBXFileReference; lastKnownFileType = sourcecode.cpp.cpp; path = main.cpp; sourceTree = "<group>"; };
		D6AE977323D0A82C00C78B55 /* Chapter 10 */ = {isa = PBXFileReference; explicitFileType = "compiled.mach-o.executable"; includeInIndex = 0; path = "Chapter 10"; sourceTree = BUILT_PRODUCTS_DIR; };
		D6AE977523D0A82C00C78B55 /* main.cpp */ = {isa = PBXFileReference; lastKnownFileType = sourcecode.cpp.cpp; path = main.cpp; sourceTree = "<group>"; };
/* End PBXFileReference section */

/* Begin PBXFrameworksBuildPhase section */
		D65A605423D44E400072829C /* Frameworks */ = {
			isa = PBXFrameworksBuildPhase;
			buildActionMask = 2147483647;
			files = (
			);
			runOnlyForDeploymentPostprocessing = 0;
		};
		D65A606523D457BA0072829C /* Frameworks */ = {
			isa = PBXFrameworksBuildPhase;
			buildActionMask = 2147483647;
			files = (
			);
			runOnlyForDeploymentPostprocessing = 0;
		};
		D65D050823D6F2F500CE78A9 /* Frameworks */ = {
			isa = PBXFrameworksBuildPhase;
			buildActionMask = 2147483647;
			files = (
			);
			runOnlyForDeploymentPostprocessing = 0;
		};
		D65D051623D703A700CE78A9 /* Frameworks */ = {
			isa = PBXFrameworksBuildPhase;
			buildActionMask = 2147483647;
			files = (
			);
			runOnlyForDeploymentPostprocessing = 0;
		};
		D65D052423D7063200CE78A9 /* Frameworks */ = {
			isa = PBXFrameworksBuildPhase;
			buildActionMask = 2147483647;
			files = (
			);
			runOnlyForDeploymentPostprocessing = 0;
		};
		D65D053223D70E6500CE78A9 /* Frameworks */ = {
			isa = PBXFrameworksBuildPhase;
			buildActionMask = 2147483647;
			files = (
			);
			runOnlyForDeploymentPostprocessing = 0;
		};
		D6606EC823D2FFBC00FD1E5D /* Frameworks */ = {
			isa = PBXFrameworksBuildPhase;
			buildActionMask = 2147483647;
			files = (
			);
			runOnlyForDeploymentPostprocessing = 0;
		};
		D6606ED623D304A000FD1E5D /* Frameworks */ = {
			isa = PBXFrameworksBuildPhase;
			buildActionMask = 2147483647;
			files = (
			);
			runOnlyForDeploymentPostprocessing = 0;
		};
		D6606EE423D3075700FD1E5D /* Frameworks */ = {
			isa = PBXFrameworksBuildPhase;
			buildActionMask = 2147483647;
			files = (
			);
			runOnlyForDeploymentPostprocessing = 0;
		};
		D6606EF223D3148400FD1E5D /* Frameworks */ = {
			isa = PBXFrameworksBuildPhase;
			buildActionMask = 2147483647;
			files = (
			);
			runOnlyForDeploymentPostprocessing = 0;
		};
		D6606F0023D3197E00FD1E5D /* Frameworks */ = {
			isa = PBXFrameworksBuildPhase;
			buildActionMask = 2147483647;
			files = (
			);
			runOnlyForDeploymentPostprocessing = 0;
		};
		D6606F0E23D330A100FD1E5D /* Frameworks */ = {
			isa = PBXFrameworksBuildPhase;
			buildActionMask = 2147483647;
			files = (
			);
			runOnlyForDeploymentPostprocessing = 0;
		};
		D6606F1C23D336C300FD1E5D /* Frameworks */ = {
			isa = PBXFrameworksBuildPhase;
			buildActionMask = 2147483647;
			files = (
			);
			runOnlyForDeploymentPostprocessing = 0;
		};
		D6606F2A23D33C7D00FD1E5D /* Frameworks */ = {
			isa = PBXFrameworksBuildPhase;
			buildActionMask = 2147483647;
			files = (
			);
			runOnlyForDeploymentPostprocessing = 0;
		};
		D6606F3823D393F200FD1E5D /* Frameworks */ = {
			isa = PBXFrameworksBuildPhase;
			buildActionMask = 2147483647;
			files = (
			);
			runOnlyForDeploymentPostprocessing = 0;
		};
		D6606F4623D3B6F200FD1E5D /* Frameworks */ = {
			isa = PBXFrameworksBuildPhase;
			buildActionMask = 2147483647;
			files = (
			);
			runOnlyForDeploymentPostprocessing = 0;
		};
		D6606F5423D3BFA600FD1E5D /* Frameworks */ = {
			isa = PBXFrameworksBuildPhase;
			buildActionMask = 2147483647;
			files = (
			);
			runOnlyForDeploymentPostprocessing = 0;
		};
		D6606F6223D3C93B00FD1E5D /* Frameworks */ = {
			isa = PBXFrameworksBuildPhase;
			buildActionMask = 2147483647;
			files = (
			);
			runOnlyForDeploymentPostprocessing = 0;
		};
		D668533623D8481300DFF799 /* Frameworks */ = {
			isa = PBXFrameworksBuildPhase;
			buildActionMask = 2147483647;
			files = (
			);
			runOnlyForDeploymentPostprocessing = 0;
		};
		D668534123D84E7000DFF799 /* Frameworks */ = {
			isa = PBXFrameworksBuildPhase;
			buildActionMask = 2147483647;
			files = (
			);
			runOnlyForDeploymentPostprocessing = 0;
		};
		D6AD624023D0B37B000BEC08 /* Frameworks */ = {
			isa = PBXFrameworksBuildPhase;
			buildActionMask = 2147483647;
			files = (
			);
			runOnlyForDeploymentPostprocessing = 0;
		};
		D6AD624E23D0BA59000BEC08 /* Frameworks */ = {
			isa = PBXFrameworksBuildPhase;
			buildActionMask = 2147483647;
			files = (
			);
			runOnlyForDeploymentPostprocessing = 0;
		};
		D6AD625C23D0D032000BEC08 /* Frameworks */ = {
			isa = PBXFrameworksBuildPhase;
			buildActionMask = 2147483647;
			files = (
			);
			runOnlyForDeploymentPostprocessing = 0;
		};
		D6AD626A23D0DCF8000BEC08 /* Frameworks */ = {
			isa = PBXFrameworksBuildPhase;
			buildActionMask = 2147483647;
			files = (
			);
			runOnlyForDeploymentPostprocessing = 0;
		};
		D6AD627823D0E228000BEC08 /* Frameworks */ = {
			isa = PBXFrameworksBuildPhase;
			buildActionMask = 2147483647;
			files = (
			);
			runOnlyForDeploymentPostprocessing = 0;
		};
		D6AE976223D0A7DC00C78B55 /* Frameworks */ = {
			isa = PBXFrameworksBuildPhase;
			buildActionMask = 2147483647;
			files = (
			);
			runOnlyForDeploymentPostprocessing = 0;
		};
		D6AE977023D0A82C00C78B55 /* Frameworks */ = {
			isa = PBXFrameworksBuildPhase;
			buildActionMask = 2147483647;
			files = (
			);
			runOnlyForDeploymentPostprocessing = 0;
		};
/* End PBXFrameworksBuildPhase section */

/* Begin PBXGroup section */
		D65A605823D44E400072829C /* 13.1 */ = {
			isa = PBXGroup;
			children = (
				D65A605923D44E400072829C /* main.cpp */,
				D65A605E23D44E570072829C /* tabtenn0.cpp */,
				D65A605F23D44E570072829C /* tabtenn0.hpp */,
				D65A606123D4536E0072829C /* tabtenn1.cpp */,
				D65A606223D4536E0072829C /* tabtenn1.hpp */,
			);
			path = 13.1;
			sourceTree = "<group>";
		};
		D65A606923D457BA0072829C /* 13.7 */ = {
			isa = PBXGroup;
			children = (
				D65A606A23D457BA0072829C /* main.cpp */,
				D65A606F23D457DE0072829C /* brass.cpp */,
				D65A607023D457DE0072829C /* brass.hpp */,
			);
			path = 13.7;
			sourceTree = "<group>";
		};
		D65D050C23D6F2F500CE78A9 /* 14.1 */ = {
			isa = PBXGroup;
			children = (
				D65D050D23D6F2F500CE78A9 /* main.cpp */,
				D65D051223D6F30300CE78A9 /* studentc.cpp */,
				D65D051323D6F30300CE78A9 /* studentc.hpp */,
			);
			path = 14.1;
			sourceTree = "<group>";
		};
		D65D051A23D703A700CE78A9 /* 14.13 */ = {
			isa = PBXGroup;
			children = (
				D65D051B23D703A700CE78A9 /* main.cpp */,
				D65D052023D703B500CE78A9 /* stacktp.cpp */,
				D65D052123D703B500CE78A9 /* stacktp.hpp */,
			);
			path = 14.13;
			sourceTree = "<group>";
		};
		D65D052823D7063200CE78A9 /* 14.17 */ = {
			isa = PBXGroup;
			children = (
				D65D052923D7063200CE78A9 /* main.cpp */,
				D65D052E23D7064100CE78A9 /* arraytp.cpp */,
				D65D052F23D7064100CE78A9 /* arraytp.hpp */,
			);
			path = 14.17;
			sourceTree = "<group>";
		};
		D65D053623D70E6500CE78A9 /* 14.20 */ = {
			isa = PBXGroup;
			children = (
				D65D053723D70E6500CE78A9 /* main.cpp */,
				D65D053C23D70E7700CE78A9 /* tempmemb.cpp */,
				D65D053D23D70E7700CE78A9 /* tempmemb.hpp */,
			);
			path = 14.20;
			sourceTree = "<group>";
		};
		D6606ECC23D2FFBC00FD1E5D /* 11.1 */ = {
			isa = PBXGroup;
			children = (
				D6606ECD23D2FFBC00FD1E5D /* main.cpp */,
				D6606ED223D2FFD700FD1E5D /* mytime0.cpp */,
				D6606ED323D2FFD700FD1E5D /* mytime0.hpp */,
			);
			path = 11.1;
			sourceTree = "<group>";
		};
		D6606EDA23D304A000FD1E5D /* 11.4 */ = {
			isa = PBXGroup;
			children = (
				D6606EE023D304B100FD1E5D /* mytime1.cpp */,
				D6606EE123D304B100FD1E5D /* mytime1.hpp */,
				D6606EDB23D304A000FD1E5D /* main.cpp */,
			);
			path = 11.4;
			sourceTree = "<group>";
		};
		D6606EE823D3075700FD1E5D /* 11.7 */ = {
			isa = PBXGroup;
			children = (
				D6606EE923D3075700FD1E5D /* main.cpp */,
				D6606EEE23D3076900FD1E5D /* mytime2.cpp */,
				D6606EEF23D3076900FD1E5D /* mytime2.hpp */,
			);
			path = 11.7;
			sourceTree = "<group>";
		};
		D6606EF623D3148400FD1E5D /* 11.10 */ = {
			isa = PBXGroup;
			children = (
				D6606EF723D3148400FD1E5D /* main.cpp */,
				D6606EFC23D3149300FD1E5D /* mytime3.cpp */,
				D6606EFD23D3149300FD1E5D /* mytime3.hpp */,
			);
			path = 11.10;
			sourceTree = "<group>";
		};
		D6606F0423D3197E00FD1E5D /* 11.13 */ = {
			isa = PBXGroup;
			children = (
				D6606F0523D3197E00FD1E5D /* main.cpp */,
				D6606F0A23D3198C00FD1E5D /* vector.cpp */,
				D6606F0B23D3198C00FD1E5D /* vector.hpp */,
			);
			path = 11.13;
			sourceTree = "<group>";
		};
		D6606F1223D330A100FD1E5D /* 11.16 */ = {
			isa = PBXGroup;
			children = (
				D6606F1323D330A100FD1E5D /* main.cpp */,
				D6606F1823D330AF00FD1E5D /* stonewt.cpp */,
				D6606F1923D330AF00FD1E5D /* stonewt.hpp */,
			);
			path = 11.16;
			sourceTree = "<group>";
		};
		D6606F2023D336C300FD1E5D /* 11.9 */ = {
			isa = PBXGroup;
			children = (
				D6606F2123D336C300FD1E5D /* main.cpp */,
				D6606F2623D336E300FD1E5D /* stonewt1.cpp */,
				D6606F2723D336E300FD1E5D /* stonewt1.hpp */,
			);
			path = 11.9;
			sourceTree = "<group>";
		};
		D6606F2E23D33C7D00FD1E5D /* exercise11.7 */ = {
			isa = PBXGroup;
			children = (
				D6606F2F23D33C7D00FD1E5D /* main.cpp */,
				D6606F3423D33C8900FD1E5D /* complex0.cpp */,
				D6606F3523D33C8900FD1E5D /* complex0.hpp */,
			);
			path = exercise11.7;
			sourceTree = "<group>";
		};
		D6606F3C23D393F200FD1E5D /* 12.1 */ = {
			isa = PBXGroup;
			children = (
				D6606F3D23D393F200FD1E5D /* main.cpp */,
				D6606F4223D3940500FD1E5D /* stringbad.cpp */,
				D6606F4323D3940500FD1E5D /* stringbad.hpp */,
			);
			path = 12.1;
			sourceTree = "<group>";
		};
		D6606F4A23D3B6F200FD1E5D /* 12.4 */ = {
			isa = PBXGroup;
			children = (
				D6606F5023D3B70B00FD1E5D /* string1.cpp */,
				D6606F5123D3B70B00FD1E5D /* string1.hpp */,
				D6606F4B23D3B6F200FD1E5D /* main.cpp */,
			);
			path = 12.4;
			sourceTree = "<group>";
		};
		D6606F5823D3BFA600FD1E5D /* 12.5 */ = {
			isa = PBXGroup;
			children = (
				D6606F5923D3BFA600FD1E5D /* main.cpp */,
				D6606F5E23D3BFB700FD1E5D /* string01.cpp */,
				D6606F5F23D3BFB700FD1E5D /* string01.hpp */,
			);
			path = 12.5;
			sourceTree = "<group>";
		};
		D6606F6623D3C93B00FD1E5D /* 12.7 */ = {
			isa = PBXGroup;
			children = (
				D6606F6723D3C93B00FD1E5D /* main.cpp */,
				D6606F6C23D3C9D600FD1E5D /* string2.cpp */,
				D6606F6D23D3C9D600FD1E5D /* string2.hpp */,
			);
			path = 12.7;
			sourceTree = "<group>";
		};
		D668533A23D8481300DFF799 /* 15.8 */ = {
			isa = PBXGroup;
			children = (
				D668533B23D8481300DFF799 /* main.cpp */,
			);
			path = 15.8;
			sourceTree = "<group>";
		};
		D668534523D84E7000DFF799 /* 16.5 */ = {
			isa = PBXGroup;
			children = (
				D668534623D84E7000DFF799 /* main.cpp */,
			);
			path = 16.5;
			sourceTree = "<group>";
		};
		D6AD624423D0B37B000BEC08 /* 10.4 */ = {
			isa = PBXGroup;
			children = (
				D6AD624523D0B37B000BEC08 /* main.cpp */,
				D6AD624A23D0B391000BEC08 /* stock10.cpp */,
				D6AD624B23D0B391000BEC08 /* stock10.hpp */,
			);
			path = 10.4;
			sourceTree = "<group>";
		};
		D6AD625223D0BA59000BEC08 /* 10.7 */ = {
			isa = PBXGroup;
			children = (
				D6AD625323D0BA59000BEC08 /* main.cpp */,
				D6AD625823D0BA6C000BEC08 /* stock20.cpp */,
				D6AD625923D0BA6C000BEC08 /* stock20.hpp */,
			);
			path = 10.7;
			sourceTree = "<group>";
		};
		D6AD626023D0D032000BEC08 /* exercise10.1 */ = {
			isa = PBXGroup;
			children = (
				D6AD626123D0D032000BEC08 /* main.cpp */,
				D6AD626623D0D053000BEC08 /* bank.cpp */,
				D6AD626723D0D053000BEC08 /* bank.hpp */,
			);
			path = exercise10.1;
			sourceTree = "<group>";
		};
		D6AD626E23D0DCF8000BEC08 /* exercise10.2 */ = {
			isa = PBXGroup;
			children = (
				D6AD626F23D0DCF8000BEC08 /* main.cpp */,
				D6AD627423D0DD0D000BEC08 /* Person.cpp */,
				D6AD627523D0DD0D000BEC08 /* Person.hpp */,
			);
			path = exercise10.2;
			sourceTree = "<group>";
		};
		D6AD627C23D0E228000BEC08 /* exercise10.6 */ = {
			isa = PBXGroup;
			children = (
				D6AD627D23D0E228000BEC08 /* main.cpp */,
				D6AD628223D0E23C000BEC08 /* Move.cpp */,
				D6AD628323D0E23C000BEC08 /* Move.hpp */,
			);
			path = exercise10.6;
			sourceTree = "<group>";
		};
		D6AE975C23D0A7DC00C78B55 = {
			isa = PBXGroup;
			children = (
				D6AE976723D0A7DC00C78B55 /* C++ Primer Class Study */,
				D6AE977423D0A82C00C78B55 /* Chapter 10 */,
				D6AD624423D0B37B000BEC08 /* 10.4 */,
				D6AD625223D0BA59000BEC08 /* 10.7 */,
				D6AD626023D0D032000BEC08 /* exercise10.1 */,
				D6AD626E23D0DCF8000BEC08 /* exercise10.2 */,
				D6AD627C23D0E228000BEC08 /* exercise10.6 */,
				D6606ECC23D2FFBC00FD1E5D /* 11.1 */,
				D6606EDA23D304A000FD1E5D /* 11.4 */,
				D6606EE823D3075700FD1E5D /* 11.7 */,
				D6606EF623D3148400FD1E5D /* 11.10 */,
				D6606F0423D3197E00FD1E5D /* 11.13 */,
				D6606F1223D330A100FD1E5D /* 11.16 */,
				D6606F2023D336C300FD1E5D /* 11.9 */,
				D6606F2E23D33C7D00FD1E5D /* exercise11.7 */,
				D6606F3C23D393F200FD1E5D /* 12.1 */,
				D6606F4A23D3B6F200FD1E5D /* 12.4 */,
				D6606F5823D3BFA600FD1E5D /* 12.5 */,
				D6606F6623D3C93B00FD1E5D /* 12.7 */,
				D65A605823D44E400072829C /* 13.1 */,
				D65A606923D457BA0072829C /* 13.7 */,
				D65D050C23D6F2F500CE78A9 /* 14.1 */,
				D65D051A23D703A700CE78A9 /* 14.13 */,
				D65D052823D7063200CE78A9 /* 14.17 */,
				D65D053623D70E6500CE78A9 /* 14.20 */,
				D668533A23D8481300DFF799 /* 15.8 */,
				D668534523D84E7000DFF799 /* 16.5 */,
				D6AE976623D0A7DC00C78B55 /* Products */,
			);
			sourceTree = "<group>";
		};
		D6AE976623D0A7DC00C78B55 /* Products */ = {
			isa = PBXGroup;
			children = (
				D6AE976523D0A7DC00C78B55 /* C++ Primer Class Study */,
				D6AE977323D0A82C00C78B55 /* Chapter 10 */,
				D6AD624323D0B37B000BEC08 /* 10.4 */,
				D6AD625123D0BA59000BEC08 /* 10.7 */,
				D6AD625F23D0D032000BEC08 /* exercise10.1 */,
				D6AD626D23D0DCF8000BEC08 /* exercise10.2 */,
				D6AD627B23D0E228000BEC08 /* exercise10.6 */,
				D6606ECB23D2FFBC00FD1E5D /* 11.1 */,
				D6606ED923D304A000FD1E5D /* 11.4 */,
				D6606EE723D3075700FD1E5D /* 11.7 */,
				D6606EF523D3148400FD1E5D /* 11.10 */,
				D6606F0323D3197E00FD1E5D /* 11.3 */,
				D6606F1123D330A100FD1E5D /* 11.16 */,
				D6606F1F23D336C300FD1E5D /* 11.9 */,
				D6606F2D23D33C7D00FD1E5D /* exercise11.7 */,
				D6606F3B23D393F200FD1E5D /* 12.1 */,
				D6606F4923D3B6F200FD1E5D /* 12.4 */,
				D6606F5723D3BFA600FD1E5D /* 12.5 */,
				D6606F6523D3C93B00FD1E5D /* 12.7 */,
				D65A605723D44E400072829C /* 13.1 */,
				D65A606823D457BA0072829C /* 13.7 */,
				D65D050B23D6F2F500CE78A9 /* 14.1 */,
				D65D051923D703A700CE78A9 /* 14.13 */,
				D65D052723D7063200CE78A9 /* 14.17 */,
				D65D053523D70E6500CE78A9 /* 14.20 */,
				D668533923D8481300DFF799 /* 15.8 */,
				D668534423D84E7000DFF799 /* 16。5 */,
			);
			name = Products;
			sourceTree = "<group>";
		};
		D6AE976723D0A7DC00C78B55 /* C++ Primer Class Study */ = {
			isa = PBXGroup;
			children = (
				D6AE976823D0A7DC00C78B55 /* main.cpp */,
			);
			path = "C++ Primer Class Study";
			sourceTree = "<group>";
		};
		D6AE977423D0A82C00C78B55 /* Chapter 10 */ = {
			isa = PBXGroup;
			children = (
				D6AE977523D0A82C00C78B55 /* main.cpp */,
			);
			path = "Chapter 10";
			sourceTree = "<group>";
		};
/* End PBXGroup section */

/* Begin PBXNativeTarget section */
		D65A605623D44E400072829C /* 13.1 */ = {
			isa = PBXNativeTarget;
			buildConfigurationList = D65A605D23D44E400072829C /* Build configuration list for PBXNativeTarget "13.1" */;
			buildPhases = (
				D65A605323D44E400072829C /* Sources */,
				D65A605423D44E400072829C /* Frameworks */,
				D65A605523D44E400072829C /* CopyFiles */,
			);
			buildRules = (
			);
			dependencies = (
			);
			name = 13.1;
			productName = 13.1;
			productReference = D65A605723D44E400072829C /* 13.1 */;
			productType = "com.apple.product-type.tool";
		};
		D65A606723D457BA0072829C /* 13.7 */ = {
			isa = PBXNativeTarget;
			buildConfigurationList = D65A606C23D457BA0072829C /* Build configuration list for PBXNativeTarget "13.7" */;
			buildPhases = (
				D65A606423D457BA0072829C /* Sources */,
				D65A606523D457BA0072829C /* Frameworks */,
				D65A606623D457BA0072829C /* CopyFiles */,
			);
			buildRules = (
			);
			dependencies = (
			);
			name = 13.7;
			productName = 13.7;
			productReference = D65A606823D457BA0072829C /* 13.7 */;
			productType = "com.apple.product-type.tool";
		};
		D65D050A23D6F2F500CE78A9 /* 14.1 */ = {
			isa = PBXNativeTarget;
			buildConfigurationList = D65D051123D6F2F500CE78A9 /* Build configuration list for PBXNativeTarget "14.1" */;
			buildPhases = (
				D65D050723D6F2F500CE78A9 /* Sources */,
				D65D050823D6F2F500CE78A9 /* Frameworks */,
				D65D050923D6F2F500CE78A9 /* CopyFiles */,
			);
			buildRules = (
			);
			dependencies = (
			);
			name = 14.1;
			productName = 14.1;
			productReference = D65D050B23D6F2F500CE78A9 /* 14.1 */;
			productType = "com.apple.product-type.tool";
		};
		D65D051823D703A700CE78A9 /* 14.13 */ = {
			isa = PBXNativeTarget;
			buildConfigurationList = D65D051D23D703A700CE78A9 /* Build configuration list for PBXNativeTarget "14.13" */;
			buildPhases = (
				D65D051523D703A700CE78A9 /* Sources */,
				D65D051623D703A700CE78A9 /* Frameworks */,
				D65D051723D703A700CE78A9 /* CopyFiles */,
			);
			buildRules = (
			);
			dependencies = (
			);
			name = 14.13;
			productName = 14.13;
			productReference = D65D051923D703A700CE78A9 /* 14.13 */;
			productType = "com.apple.product-type.tool";
		};
		D65D052623D7063200CE78A9 /* 14.17 */ = {
			isa = PBXNativeTarget;
			buildConfigurationList = D65D052B23D7063200CE78A9 /* Build configuration list for PBXNativeTarget "14.17" */;
			buildPhases = (
				D65D052323D7063200CE78A9 /* Sources */,
				D65D052423D7063200CE78A9 /* Frameworks */,
				D65D052523D7063200CE78A9 /* CopyFiles */,
			);
			buildRules = (
			);
			dependencies = (
			);
			name = 14.17;
			productName = 14.17;
			productReference = D65D052723D7063200CE78A9 /* 14.17 */;
			productType = "com.apple.product-type.tool";
		};
		D65D053423D70E6500CE78A9 /* 14.20 */ = {
			isa = PBXNativeTarget;
			buildConfigurationList = D65D053923D70E6500CE78A9 /* Build configuration list for PBXNativeTarget "14.20" */;
			buildPhases = (
				D65D053123D70E6500CE78A9 /* Sources */,
				D65D053223D70E6500CE78A9 /* Frameworks */,
				D65D053323D70E6500CE78A9 /* CopyFiles */,
			);
			buildRules = (
			);
			dependencies = (
			);
			name = 14.20;
			productName = 14.20;
			productReference = D65D053523D70E6500CE78A9 /* 14.20 */;
			productType = "com.apple.product-type.tool";
		};
		D6606ECA23D2FFBC00FD1E5D /* 11.1 */ = {
			isa = PBXNativeTarget;
			buildConfigurationList = D6606ED123D2FFBC00FD1E5D /* Build configuration list for PBXNativeTarget "11.1" */;
			buildPhases = (
				D6606EC723D2FFBC00FD1E5D /* Sources */,
				D6606EC823D2FFBC00FD1E5D /* Frameworks */,
				D6606EC923D2FFBC00FD1E5D /* CopyFiles */,
			);
			buildRules = (
			);
			dependencies = (
			);
			name = 11.1;
			productName = 11.1;
			productReference = D6606ECB23D2FFBC00FD1E5D /* 11.1 */;
			productType = "com.apple.product-type.tool";
		};
		D6606ED823D304A000FD1E5D /* 11.4 */ = {
			isa = PBXNativeTarget;
			buildConfigurationList = D6606EDD23D304A000FD1E5D /* Build configuration list for PBXNativeTarget "11.4" */;
			buildPhases = (
				D6606ED523D304A000FD1E5D /* Sources */,
				D6606ED623D304A000FD1E5D /* Frameworks */,
				D6606ED723D304A000FD1E5D /* CopyFiles */,
			);
			buildRules = (
			);
			dependencies = (
			);
			name = 11.4;
			productName = 11.4;
			productReference = D6606ED923D304A000FD1E5D /* 11.4 */;
			productType = "com.apple.product-type.tool";
		};
		D6606EE623D3075700FD1E5D /* 11.7 */ = {
			isa = PBXNativeTarget;
			buildConfigurationList = D6606EEB23D3075700FD1E5D /* Build configuration list for PBXNativeTarget "11.7" */;
			buildPhases = (
				D6606EE323D3075700FD1E5D /* Sources */,
				D6606EE423D3075700FD1E5D /* Frameworks */,
				D6606EE523D3075700FD1E5D /* CopyFiles */,
			);
			buildRules = (
			);
			dependencies = (
			);
			name = 11.7;
			productName = 11.7;
			productReference = D6606EE723D3075700FD1E5D /* 11.7 */;
			productType = "com.apple.product-type.tool";
		};
		D6606EF423D3148400FD1E5D /* 11.10 */ = {
			isa = PBXNativeTarget;
			buildConfigurationList = D6606EF923D3148400FD1E5D /* Build configuration list for PBXNativeTarget "11.10" */;
			buildPhases = (
				D6606EF123D3148400FD1E5D /* Sources */,
				D6606EF223D3148400FD1E5D /* Frameworks */,
				D6606EF323D3148400FD1E5D /* CopyFiles */,
			);
			buildRules = (
			);
			dependencies = (
			);
			name = 11.10;
			productName = 11.10;
			productReference = D6606EF523D3148400FD1E5D /* 11.10 */;
			productType = "com.apple.product-type.tool";
		};
		D6606F0223D3197E00FD1E5D /* 11.3 */ = {
			isa = PBXNativeTarget;
			buildConfigurationList = D6606F0723D3197E00FD1E5D /* Build configuration list for PBXNativeTarget "11.3" */;
			buildPhases = (
				D6606EFF23D3197E00FD1E5D /* Sources */,
				D6606F0023D3197E00FD1E5D /* Frameworks */,
				D6606F0123D3197E00FD1E5D /* CopyFiles */,
			);
			buildRules = (
			);
			dependencies = (
			);
			name = 11.3;
			productName = 11.3;
			productReference = D6606F0323D3197E00FD1E5D /* 11.3 */;
			productType = "com.apple.product-type.tool";
		};
		D6606F1023D330A100FD1E5D /* 11.16 */ = {
			isa = PBXNativeTarget;
			buildConfigurationList = D6606F1523D330A100FD1E5D /* Build configuration list for PBXNativeTarget "11.16" */;
			buildPhases = (
				D6606F0D23D330A100FD1E5D /* Sources */,
				D6606F0E23D330A100FD1E5D /* Frameworks */,
				D6606F0F23D330A100FD1E5D /* CopyFiles */,
			);
			buildRules = (
			);
			dependencies = (
			);
			name = 11.16;
			productName = 11.16;
			productReference = D6606F1123D330A100FD1E5D /* 11.16 */;
			productType = "com.apple.product-type.tool";
		};
		D6606F1E23D336C300FD1E5D /* 11.9 */ = {
			isa = PBXNativeTarget;
			buildConfigurationList = D6606F2323D336C300FD1E5D /* Build configuration list for PBXNativeTarget "11.9" */;
			buildPhases = (
				D6606F1B23D336C300FD1E5D /* Sources */,
				D6606F1C23D336C300FD1E5D /* Frameworks */,
				D6606F1D23D336C300FD1E5D /* CopyFiles */,
			);
			buildRules = (
			);
			dependencies = (
			);
			name = 11.9;
			productName = 11.9;
			productReference = D6606F1F23D336C300FD1E5D /* 11.9 */;
			productType = "com.apple.product-type.tool";
		};
		D6606F2C23D33C7D00FD1E5D /* exercise11.7 */ = {
			isa = PBXNativeTarget;
			buildConfigurationList = D6606F3123D33C7D00FD1E5D /* Build configuration list for PBXNativeTarget "exercise11.7" */;
			buildPhases = (
				D6606F2923D33C7D00FD1E5D /* Sources */,
				D6606F2A23D33C7D00FD1E5D /* Frameworks */,
				D6606F2B23D33C7D00FD1E5D /* CopyFiles */,
			);
			buildRules = (
			);
			dependencies = (
			);
			name = exercise11.7;
			productName = exercise11.7;
			productReference = D6606F2D23D33C7D00FD1E5D /* exercise11.7 */;
			productType = "com.apple.product-type.tool";
		};
		D6606F3A23D393F200FD1E5D /* 12.1 */ = {
			isa = PBXNativeTarget;
			buildConfigurationList = D6606F3F23D393F200FD1E5D /* Build configuration list for PBXNativeTarget "12.1" */;
			buildPhases = (
				D6606F3723D393F200FD1E5D /* Sources */,
				D6606F3823D393F200FD1E5D /* Frameworks */,
				D6606F3923D393F200FD1E5D /* CopyFiles */,
			);
			buildRules = (
			);
			dependencies = (
			);
			name = 12.1;
			productName = 12.1;
			productReference = D6606F3B23D393F200FD1E5D /* 12.1 */;
			productType = "com.apple.product-type.tool";
		};
		D6606F4823D3B6F200FD1E5D /* 12.4 */ = {
			isa = PBXNativeTarget;
			buildConfigurationList = D6606F4D23D3B6F200FD1E5D /* Build configuration list for PBXNativeTarget "12.4" */;
			buildPhases = (
				D6606F4523D3B6F200FD1E5D /* Sources */,
				D6606F4623D3B6F200FD1E5D /* Frameworks */,
				D6606F4723D3B6F200FD1E5D /* CopyFiles */,
			);
			buildRules = (
			);
			dependencies = (
			);
			name = 12.4;
			productName = 12.4;
			productReference = D6606F4923D3B6F200FD1E5D /* 12.4 */;
			productType = "com.apple.product-type.tool";
		};
		D6606F5623D3BFA600FD1E5D /* 12.5 */ = {
			isa = PBXNativeTarget;
			buildConfigurationList = D6606F5B23D3BFA600FD1E5D /* Build configuration list for PBXNativeTarget "12.5" */;
			buildPhases = (
				D6606F5323D3BFA600FD1E5D /* Sources */,
				D6606F5423D3BFA600FD1E5D /* Frameworks */,
				D6606F5523D3BFA600FD1E5D /* CopyFiles */,
			);
			buildRules = (
			);
			dependencies = (
			);
			name = 12.5;
			productName = 12.5;
			productReference = D6606F5723D3BFA600FD1E5D /* 12.5 */;
			productType = "com.apple.product-type.tool";
		};
		D6606F6423D3C93B00FD1E5D /* 12.7 */ = {
			isa = PBXNativeTarget;
			buildConfigurationList = D6606F6923D3C93B00FD1E5D /* Build configuration list for PBXNativeTarget "12.7" */;
			buildPhases = (
				D6606F6123D3C93B00FD1E5D /* Sources */,
				D6606F6223D3C93B00FD1E5D /* Frameworks */,
				D6606F6323D3C93B00FD1E5D /* CopyFiles */,
			);
			buildRules = (
			);
			dependencies = (
			);
			name = 12.7;
			productName = 12.7;
			productReference = D6606F6523D3C93B00FD1E5D /* 12.7 */;
			productType = "com.apple.product-type.tool";
		};
		D668533823D8481300DFF799 /* 15.8 */ = {
			isa = PBXNativeTarget;
			buildConfigurationList = D668533F23D8481300DFF799 /* Build configuration list for PBXNativeTarget "15.8" */;
			buildPhases = (
				D668533523D8481300DFF799 /* Sources */,
				D668533623D8481300DFF799 /* Frameworks */,
				D668533723D8481300DFF799 /* CopyFiles */,
			);
			buildRules = (
			);
			dependencies = (
			);
			name = 15.8;
			productName = 15.8;
			productReference = D668533923D8481300DFF799 /* 15.8 */;
			productType = "com.apple.product-type.tool";
		};
		D668534323D84E7000DFF799 /* 16。5 */ = {
			isa = PBXNativeTarget;
			buildConfigurationList = D668534823D84E7000DFF799 /* Build configuration list for PBXNativeTarget "16。5" */;
			buildPhases = (
				D668534023D84E7000DFF799 /* Sources */,
				D668534123D84E7000DFF799 /* Frameworks */,
				D668534223D84E7000DFF799 /* CopyFiles */,
			);
			buildRules = (
			);
			dependencies = (
			);
			name = "16。5";
			productName = "16。5";
			productReference = D668534423D84E7000DFF799 /* 16。5 */;
			productType = "com.apple.product-type.tool";
		};
		D6AD624223D0B37B000BEC08 /* 10.4 */ = {
			isa = PBXNativeTarget;
			buildConfigurationList = D6AD624923D0B37B000BEC08 /* Build configuration list for PBXNativeTarget "10.4" */;
			buildPhases = (
				D6AD623F23D0B37B000BEC08 /* Sources */,
				D6AD624023D0B37B000BEC08 /* Frameworks */,
				D6AD624123D0B37B000BEC08 /* CopyFiles */,
			);
			buildRules = (
			);
			dependencies = (
			);
			name = 10.4;
			productName = 10.4;
			productReference = D6AD624323D0B37B000BEC08 /* 10.4 */;
			productType = "com.apple.product-type.tool";
		};
		D6AD625023D0BA59000BEC08 /* 10.7 */ = {
			isa = PBXNativeTarget;
			buildConfigurationList = D6AD625523D0BA59000BEC08 /* Build configuration list for PBXNativeTarget "10.7" */;
			buildPhases = (
				D6AD624D23D0BA59000BEC08 /* Sources */,
				D6AD624E23D0BA59000BEC08 /* Frameworks */,
				D6AD624F23D0BA59000BEC08 /* CopyFiles */,
			);
			buildRules = (
			);
			dependencies = (
			);
			name = 10.7;
			productName = 10.7;
			productReference = D6AD625123D0BA59000BEC08 /* 10.7 */;
			productType = "com.apple.product-type.tool";
		};
		D6AD625E23D0D032000BEC08 /* exercise10.1 */ = {
			isa = PBXNativeTarget;
			buildConfigurationList = D6AD626323D0D032000BEC08 /* Build configuration list for PBXNativeTarget "exercise10.1" */;
			buildPhases = (
				D6AD625B23D0D032000BEC08 /* Sources */,
				D6AD625C23D0D032000BEC08 /* Frameworks */,
				D6AD625D23D0D032000BEC08 /* CopyFiles */,
			);
			buildRules = (
			);
			dependencies = (
			);
			name = exercise10.1;
			productName = exercise10.1;
			productReference = D6AD625F23D0D032000BEC08 /* exercise10.1 */;
			productType = "com.apple.product-type.tool";
		};
		D6AD626C23D0DCF8000BEC08 /* exercise10.2 */ = {
			isa = PBXNativeTarget;
			buildConfigurationList = D6AD627123D0DCF8000BEC08 /* Build configuration list for PBXNativeTarget "exercise10.2" */;
			buildPhases = (
				D6AD626923D0DCF8000BEC08 /* Sources */,
				D6AD626A23D0DCF8000BEC08 /* Frameworks */,
				D6AD626B23D0DCF8000BEC08 /* CopyFiles */,
			);
			buildRules = (
			);
			dependencies = (
			);
			name = exercise10.2;
			productName = exercise10.2;
			productReference = D6AD626D23D0DCF8000BEC08 /* exercise10.2 */;
			productType = "com.apple.product-type.tool";
		};
		D6AD627A23D0E228000BEC08 /* exercise10.6 */ = {
			isa = PBXNativeTarget;
			buildConfigurationList = D6AD627F23D0E228000BEC08 /* Build configuration list for PBXNativeTarget "exercise10.6" */;
			buildPhases = (
				D6AD627723D0E228000BEC08 /* Sources */,
				D6AD627823D0E228000BEC08 /* Frameworks */,
				D6AD627923D0E228000BEC08 /* CopyFiles */,
			);
			buildRules = (
			);
			dependencies = (
			);
			name = exercise10.6;
			productName = exercise10.6;
			productReference = D6AD627B23D0E228000BEC08 /* exercise10.6 */;
			productType = "com.apple.product-type.tool";
		};
		D6AE976423D0A7DC00C78B55 /* C++ Primer Class Study */ = {
			isa = PBXNativeTarget;
			buildConfigurationList = D6AE976C23D0A7DC00C78B55 /* Build configuration list for PBXNativeTarget "C++ Primer Class Study" */;
			buildPhases = (
				D6AE976123D0A7DC00C78B55 /* Sources */,
				D6AE976223D0A7DC00C78B55 /* Frameworks */,
				D6AE976323D0A7DC00C78B55 /* CopyFiles */,
			);
			buildRules = (
			);
			dependencies = (
			);
			name = "C++ Primer Class Study";
			productName = "C++ Primer Class Study";
			productReference = D6AE976523D0A7DC00C78B55 /* C++ Primer Class Study */;
			productType = "com.apple.product-type.tool";
		};
		D6AE977223D0A82C00C78B55 /* Chapter 10 */ = {
			isa = PBXNativeTarget;
			buildConfigurationList = D6AE977723D0A82C00C78B55 /* Build configuration list for PBXNativeTarget "Chapter 10" */;
			buildPhases = (
				D6AE976F23D0A82C00C78B55 /* Sources */,
				D6AE977023D0A82C00C78B55 /* Frameworks */,
				D6AE977123D0A82C00C78B55 /* CopyFiles */,
			);
			buildRules = (
			);
			dependencies = (
			);
			name = "Chapter 10";
			productName = "Chapter 10";
			productReference = D6AE977323D0A82C00C78B55 /* Chapter 10 */;
			productType = "com.apple.product-type.tool";
		};
/* End PBXNativeTarget section */

/* Begin PBXProject section */
		D6AE975D23D0A7DC00C78B55 /* Project object */ = {
			isa = PBXProject;
			attributes = {
				LastUpgradeCheck = 1130;
				ORGANIZATIONNAME = "谢逊";
				TargetAttributes = {
					D65A605623D44E400072829C = {
						CreatedOnToolsVersion = 11.3.1;
					};
					D65A606723D457BA0072829C = {
						CreatedOnToolsVersion = 11.3.1;
					};
					D65D050A23D6F2F500CE78A9 = {
						CreatedOnToolsVersion = 11.3.1;
					};
					D65D051823D703A700CE78A9 = {
						CreatedOnToolsVersion = 11.3.1;
					};
					D65D052623D7063200CE78A9 = {
						CreatedOnToolsVersion = 11.3.1;
					};
					D65D053423D70E6500CE78A9 = {
						CreatedOnToolsVersion = 11.3.1;
					};
					D6606ECA23D2FFBC00FD1E5D = {
						CreatedOnToolsVersion = 11.3.1;
					};
					D6606ED823D304A000FD1E5D = {
						CreatedOnToolsVersion = 11.3.1;
					};
					D6606EE623D3075700FD1E5D = {
						CreatedOnToolsVersion = 11.3.1;
					};
					D6606EF423D3148400FD1E5D = {
						CreatedOnToolsVersion = 11.3.1;
					};
					D6606F0223D3197E00FD1E5D = {
						CreatedOnToolsVersion = 11.3.1;
					};
					D6606F1023D330A100FD1E5D = {
						CreatedOnToolsVersion = 11.3.1;
					};
					D6606F1E23D336C300FD1E5D = {
						CreatedOnToolsVersion = 11.3.1;
					};
					D6606F2C23D33C7D00FD1E5D = {
						CreatedOnToolsVersion = 11.3.1;
					};
					D6606F3A23D393F200FD1E5D = {
						CreatedOnToolsVersion = 11.3.1;
					};
					D6606F4823D3B6F200FD1E5D = {
						CreatedOnToolsVersion = 11.3.1;
					};
					D6606F5623D3BFA600FD1E5D = {
						CreatedOnToolsVersion = 11.3.1;
					};
					D6606F6423D3C93B00FD1E5D = {
						CreatedOnToolsVersion = 11.3.1;
					};
					D668533823D8481300DFF799 = {
						CreatedOnToolsVersion = 11.3.1;
					};
					D668534323D84E7000DFF799 = {
						CreatedOnToolsVersion = 11.3.1;
					};
					D6AD624223D0B37B000BEC08 = {
						CreatedOnToolsVersion = 11.3.1;
					};
					D6AD625023D0BA59000BEC08 = {
						CreatedOnToolsVersion = 11.3.1;
					};
					D6AD625E23D0D032000BEC08 = {
						CreatedOnToolsVersion = 11.3.1;
					};
					D6AD626C23D0DCF8000BEC08 = {
						CreatedOnToolsVersion = 11.3.1;
					};
					D6AD627A23D0E228000BEC08 = {
						CreatedOnToolsVersion = 11.3.1;
					};
					D6AE976423D0A7DC00C78B55 = {
						CreatedOnToolsVersion = 11.3.1;
					};
					D6AE977223D0A82C00C78B55 = {
						CreatedOnToolsVersion = 11.3.1;
					};
				};
			};
			buildConfigurationList = D6AE976023D0A7DC00C78B55 /* Build configuration list for PBXProject "C++ Primer Class Study" */;
			compatibilityVersion = "Xcode 9.3";
			developmentRegion = en;
			hasScannedForEncodings = 0;
			knownRegions = (
				en,
				Base,
			);
			mainGroup = D6AE975C23D0A7DC00C78B55;
			productRefGroup = D6AE976623D0A7DC00C78B55 /* Products */;
			projectDirPath = "";
			projectRoot = "";
			targets = (
				D6AE976423D0A7DC00C78B55 /* C++ Primer Class Study */,
				D6AE977223D0A82C00C78B55 /* Chapter 10 */,
				D6AD624223D0B37B000BEC08 /* 10.4 */,
				D6AD625023D0BA59000BEC08 /* 10.7 */,
				D6AD625E23D0D032000BEC08 /* exercise10.1 */,
				D6AD626C23D0DCF8000BEC08 /* exercise10.2 */,
				D6AD627A23D0E228000BEC08 /* exercise10.6 */,
				D6606ECA23D2FFBC00FD1E5D /* 11.1 */,
				D6606ED823D304A000FD1E5D /* 11.4 */,
				D6606EE623D3075700FD1E5D /* 11.7 */,
				D6606EF423D3148400FD1E5D /* 11.10 */,
				D6606F0223D3197E00FD1E5D /* 11.3 */,
				D6606F1023D330A100FD1E5D /* 11.16 */,
				D6606F1E23D336C300FD1E5D /* 11.9 */,
				D6606F2C23D33C7D00FD1E5D /* exercise11.7 */,
				D6606F3A23D393F200FD1E5D /* 12.1 */,
				D6606F4823D3B6F200FD1E5D /* 12.4 */,
				D6606F5623D3BFA600FD1E5D /* 12.5 */,
				D6606F6423D3C93B00FD1E5D /* 12.7 */,
				D65A605623D44E400072829C /* 13.1 */,
				D65A606723D457BA0072829C /* 13.7 */,
				D65D050A23D6F2F500CE78A9 /* 14.1 */,
				D65D051823D703A700CE78A9 /* 14.13 */,
				D65D052623D7063200CE78A9 /* 14.17 */,
				D65D053423D70E6500CE78A9 /* 14.20 */,
				D668533823D8481300DFF799 /* 15.8 */,
				D668534323D84E7000DFF799 /* 16。5 */,
			);
		};
/* End PBXProject section */

/* Begin PBXSourcesBuildPhase section */
		D65A605323D44E400072829C /* Sources */ = {
			isa = PBXSourcesBuildPhase;
			buildActionMask = 2147483647;
			files = (
				D65A605A23D44E400072829C /* main.cpp in Sources */,
				D65A606323D4536E0072829C /* tabtenn1.cpp in Sources */,
				D65A606023D44E570072829C /* tabtenn0.cpp in Sources */,
			);
			runOnlyForDeploymentPostprocessing = 0;
		};
		D65A606423D457BA0072829C /* Sources */ = {
			isa = PBXSourcesBuildPhase;
			buildActionMask = 2147483647;
			files = (
				D65A606B23D457BA0072829C /* main.cpp in Sources */,
				D65A607123D457DE0072829C /* brass.cpp in Sources */,
			);
			runOnlyForDeploymentPostprocessing = 0;
		};
		D65D050723D6F2F500CE78A9 /* Sources */ = {
			isa = PBXSourcesBuildPhase;
			buildActionMask = 2147483647;
			files = (
				D65D050E23D6F2F500CE78A9 /* main.cpp in Sources */,
				D65D051423D6F30300CE78A9 /* studentc.cpp in Sources */,
			);
			runOnlyForDeploymentPostprocessing = 0;
		};
		D65D051523D703A700CE78A9 /* Sources */ = {
			isa = PBXSourcesBuildPhase;
			buildActionMask = 2147483647;
			files = (
				D65D052223D703B500CE78A9 /* stacktp.cpp in Sources */,
				D65D051C23D703A700CE78A9 /* main.cpp in Sources */,
			);
			runOnlyForDeploymentPostprocessing = 0;
		};
		D65D052323D7063200CE78A9 /* Sources */ = {
			isa = PBXSourcesBuildPhase;
			buildActionMask = 2147483647;
			files = (
				D65D052A23D7063200CE78A9 /* main.cpp in Sources */,
				D65D053023D7064100CE78A9 /* arraytp.cpp in Sources */,
			);
			runOnlyForDeploymentPostprocessing = 0;
		};
		D65D053123D70E6500CE78A9 /* Sources */ = {
			isa = PBXSourcesBuildPhase;
			buildActionMask = 2147483647;
			files = (
				D65D053E23D70E7700CE78A9 /* tempmemb.cpp in Sources */,
				D65D053823D70E6500CE78A9 /* main.cpp in Sources */,
			);
			runOnlyForDeploymentPostprocessing = 0;
		};
		D6606EC723D2FFBC00FD1E5D /* Sources */ = {
			isa = PBXSourcesBuildPhase;
			buildActionMask = 2147483647;
			files = (
				D6606ECE23D2FFBC00FD1E5D /* main.cpp in Sources */,
				D6606ED423D2FFD700FD1E5D /* mytime0.cpp in Sources */,
			);
			runOnlyForDeploymentPostprocessing = 0;
		};
		D6606ED523D304A000FD1E5D /* Sources */ = {
			isa = PBXSourcesBuildPhase;
			buildActionMask = 2147483647;
			files = (
				D6606EE223D304B100FD1E5D /* mytime1.cpp in Sources */,
				D6606EDC23D304A000FD1E5D /* main.cpp in Sources */,
			);
			runOnlyForDeploymentPostprocessing = 0;
		};
		D6606EE323D3075700FD1E5D /* Sources */ = {
			isa = PBXSourcesBuildPhase;
			buildActionMask = 2147483647;
			files = (
				D6606EEA23D3075700FD1E5D /* main.cpp in Sources */,
				D6606EF023D3076900FD1E5D /* mytime2.cpp in Sources */,
			);
			runOnlyForDeploymentPostprocessing = 0;
		};
		D6606EF123D3148400FD1E5D /* Sources */ = {
			isa = PBXSourcesBuildPhase;
			buildActionMask = 2147483647;
			files = (
				D6606EFE23D3149300FD1E5D /* mytime3.cpp in Sources */,
				D6606EF823D3148400FD1E5D /* main.cpp in Sources */,
			);
			runOnlyForDeploymentPostprocessing = 0;
		};
		D6606EFF23D3197E00FD1E5D /* Sources */ = {
			isa = PBXSourcesBuildPhase;
			buildActionMask = 2147483647;
			files = (
				D6606F0C23D3198C00FD1E5D /* vector.cpp in Sources */,
				D6606F0623D3197E00FD1E5D /* main.cpp in Sources */,
			);
			runOnlyForDeploymentPostprocessing = 0;
		};
		D6606F0D23D330A100FD1E5D /* Sources */ = {
			isa = PBXSourcesBuildPhase;
			buildActionMask = 2147483647;
			files = (
				D6606F1A23D330AF00FD1E5D /* stonewt.cpp in Sources */,
				D6606F1423D330A100FD1E5D /* main.cpp in Sources */,
			);
			runOnlyForDeploymentPostprocessing = 0;
		};
		D6606F1B23D336C300FD1E5D /* Sources */ = {
			isa = PBXSourcesBuildPhase;
			buildActionMask = 2147483647;
			files = (
				D6606F2823D336E300FD1E5D /* stonewt1.cpp in Sources */,
				D6606F2223D336C300FD1E5D /* main.cpp in Sources */,
			);
			runOnlyForDeploymentPostprocessing = 0;
		};
		D6606F2923D33C7D00FD1E5D /* Sources */ = {
			isa = PBXSourcesBuildPhase;
			buildActionMask = 2147483647;
			files = (
				D6606F3023D33C7D00FD1E5D /* main.cpp in Sources */,
				D6606F3623D33C8900FD1E5D /* complex0.cpp in Sources */,
			);
			runOnlyForDeploymentPostprocessing = 0;
		};
		D6606F3723D393F200FD1E5D /* Sources */ = {
			isa = PBXSourcesBuildPhase;
			buildActionMask = 2147483647;
			files = (
				D6606F4423D3940500FD1E5D /* stringbad.cpp in Sources */,
				D6606F3E23D393F200FD1E5D /* main.cpp in Sources */,
			);
			runOnlyForDeploymentPostprocessing = 0;
		};
		D6606F4523D3B6F200FD1E5D /* Sources */ = {
			isa = PBXSourcesBuildPhase;
			buildActionMask = 2147483647;
			files = (
				D6606F5223D3B70B00FD1E5D /* string1.cpp in Sources */,
				D6606F4C23D3B6F200FD1E5D /* main.cpp in Sources */,
			);
			runOnlyForDeploymentPostprocessing = 0;
		};
		D6606F5323D3BFA600FD1E5D /* Sources */ = {
			isa = PBXSourcesBuildPhase;
			buildActionMask = 2147483647;
			files = (
				D6606F5A23D3BFA600FD1E5D /* main.cpp in Sources */,
				D6606F6023D3BFB700FD1E5D /* string01.cpp in Sources */,
			);
			runOnlyForDeploymentPostprocessing = 0;
		};
		D6606F6123D3C93B00FD1E5D /* Sources */ = {
			isa = PBXSourcesBuildPhase;
			buildActionMask = 2147483647;
			files = (
				D6606F6823D3C93B00FD1E5D /* main.cpp in Sources */,
				D6606F6E23D3C9D600FD1E5D /* string2.cpp in Sources */,
			);
			runOnlyForDeploymentPostprocessing = 0;
		};
		D668533523D8481300DFF799 /* Sources */ = {
			isa = PBXSourcesBuildPhase;
			buildActionMask = 2147483647;
			files = (
				D668533C23D8481300DFF799 /* main.cpp in Sources */,
			);
			runOnlyForDeploymentPostprocessing = 0;
		};
		D668534023D84E7000DFF799 /* Sources */ = {
			isa = PBXSourcesBuildPhase;
			buildActionMask = 2147483647;
			files = (
				D668534723D84E7000DFF799 /* main.cpp in Sources */,
			);
			runOnlyForDeploymentPostprocessing = 0;
		};
		D6AD623F23D0B37B000BEC08 /* Sources */ = {
			isa = PBXSourcesBuildPhase;
			buildActionMask = 2147483647;
			files = (
				D6AD624623D0B37B000BEC08 /* main.cpp in Sources */,
				D6AD624C23D0B391000BEC08 /* stock10.cpp in Sources */,
			);
			runOnlyForDeploymentPostprocessing = 0;
		};
		D6AD624D23D0BA59000BEC08 /* Sources */ = {
			isa = PBXSourcesBuildPhase;
			buildActionMask = 2147483647;
			files = (
				D6AD625A23D0BA6C000BEC08 /* stock20.cpp in Sources */,
				D6AD625423D0BA59000BEC08 /* main.cpp in Sources */,
			);
			runOnlyForDeploymentPostprocessing = 0;
		};
		D6AD625B23D0D032000BEC08 /* Sources */ = {
			isa = PBXSourcesBuildPhase;
			buildActionMask = 2147483647;
			files = (
				D6AD626223D0D032000BEC08 /* main.cpp in Sources */,
				D6AD626823D0D053000BEC08 /* bank.cpp in Sources */,
			);
			runOnlyForDeploymentPostprocessing = 0;
		};
		D6AD626923D0DCF8000BEC08 /* Sources */ = {
			isa = PBXSourcesBuildPhase;
			buildActionMask = 2147483647;
			files = (
				D6AD627623D0DD0D000BEC08 /* Person.cpp in Sources */,
				D6AD627023D0DCF8000BEC08 /* main.cpp in Sources */,
			);
			runOnlyForDeploymentPostprocessing = 0;
		};
		D6AD627723D0E228000BEC08 /* Sources */ = {
			isa = PBXSourcesBuildPhase;
			buildActionMask = 2147483647;
			files = (
				D6AD628423D0E23C000BEC08 /* Move.cpp in Sources */,
				D6AD627E23D0E228000BEC08 /* main.cpp in Sources */,
			);
			runOnlyForDeploymentPostprocessing = 0;
		};
		D6AE976123D0A7DC00C78B55 /* Sources */ = {
			isa = PBXSourcesBuildPhase;
			buildActionMask = 2147483647;
			files = (
				D6AE976923D0A7DC00C78B55 /* main.cpp in Sources */,
			);
			runOnlyForDeploymentPostprocessing = 0;
		};
		D6AE976F23D0A82C00C78B55 /* Sources */ = {
			isa = PBXSourcesBuildPhase;
			buildActionMask = 2147483647;
			files = (
				D6AE977623D0A82C00C78B55 /* main.cpp in Sources */,
			);
			runOnlyForDeploymentPostprocessing = 0;
		};
/* End PBXSourcesBuildPhase section */

/* Begin XCBuildConfiguration section */
		D65A605B23D44E400072829C /* Debug */ = {
			isa = XCBuildConfiguration;
			buildSettings = {
				CODE_SIGN_STYLE = Automatic;
				PRODUCT_NAME = "$(TARGET_NAME)";
			};
			name = Debug;
		};
		D65A605C23D44E400072829C /* Release */ = {
			isa = XCBuildConfiguration;
			buildSettings = {
				CODE_SIGN_STYLE = Automatic;
				PRODUCT_NAME = "$(TARGET_NAME)";
			};
			name = Release;
		};
		D65A606D23D457BA0072829C /* Debug */ = {
			isa = XCBuildConfiguration;
			buildSettings = {
				CODE_SIGN_STYLE = Automatic;
				PRODUCT_NAME = "$(TARGET_NAME)";
			};
			name = Debug;
		};
		D65A606E23D457BA0072829C /* Release */ = {
			isa = XCBuildConfiguration;
			buildSettings = {
				CODE_SIGN_STYLE = Automatic;
				PRODUCT_NAME = "$(TARGET_NAME)";
			};
			name = Release;
		};
		D65D050F23D6F2F500CE78A9 /* Debug */ = {
			isa = XCBuildConfiguration;
			buildSettings = {
				CODE_SIGN_STYLE = Automatic;
				PRODUCT_NAME = "$(TARGET_NAME)";
			};
			name = Debug;
		};
		D65D051023D6F2F500CE78A9 /* Release */ = {
			isa = XCBuildConfiguration;
			buildSettings = {
				CODE_SIGN_STYLE = Automatic;
				PRODUCT_NAME = "$(TARGET_NAME)";
			};
			name = Release;
		};
		D65D051E23D703A700CE78A9 /* Debug */ = {
			isa = XCBuildConfiguration;
			buildSettings = {
				CODE_SIGN_STYLE = Automatic;
				PRODUCT_NAME = "$(TARGET_NAME)";
			};
			name = Debug;
		};
		D65D051F23D703A700CE78A9 /* Release */ = {
			isa = XCBuildConfiguration;
			buildSettings = {
				CODE_SIGN_STYLE = Automatic;
				PRODUCT_NAME = "$(TARGET_NAME)";
			};
			name = Release;
		};
		D65D052C23D7063200CE78A9 /* Debug */ = {
			isa = XCBuildConfiguration;
			buildSettings = {
				CODE_SIGN_STYLE = Automatic;
				PRODUCT_NAME = "$(TARGET_NAME)";
			};
			name = Debug;
		};
		D65D052D23D7063200CE78A9 /* Release */ = {
			isa = XCBuildConfiguration;
			buildSettings = {
				CODE_SIGN_STYLE = Automatic;
				PRODUCT_NAME = "$(TARGET_NAME)";
			};
			name = Release;
		};
		D65D053A23D70E6500CE78A9 /* Debug */ = {
			isa = XCBuildConfiguration;
			buildSettings = {
				CODE_SIGN_STYLE = Automatic;
				PRODUCT_NAME = "$(TARGET_NAME)";
			};
			name = Debug;
		};
		D65D053B23D70E6500CE78A9 /* Release */ = {
			isa = XCBuildConfiguration;
			buildSettings = {
				CODE_SIGN_STYLE = Automatic;
				PRODUCT_NAME = "$(TARGET_NAME)";
			};
			name = Release;
		};
		D6606ECF23D2FFBC00FD1E5D /* Debug */ = {
			isa = XCBuildConfiguration;
			buildSettings = {
				CODE_SIGN_STYLE = Automatic;
				PRODUCT_NAME = "$(TARGET_NAME)";
			};
			name = Debug;
		};
		D6606ED023D2FFBC00FD1E5D /* Release */ = {
			isa = XCBuildConfiguration;
			buildSettings = {
				CODE_SIGN_STYLE = Automatic;
				PRODUCT_NAME = "$(TARGET_NAME)";
			};
			name = Release;
		};
		D6606EDE23D304A000FD1E5D /* Debug */ = {
			isa = XCBuildConfiguration;
			buildSettings = {
				CODE_SIGN_STYLE = Automatic;
				PRODUCT_NAME = "$(TARGET_NAME)";
			};
			name = Debug;
		};
		D6606EDF23D304A000FD1E5D /* Release */ = {
			isa = XCBuildConfiguration;
			buildSettings = {
				CODE_SIGN_STYLE = Automatic;
				PRODUCT_NAME = "$(TARGET_NAME)";
			};
			name = Release;
		};
		D6606EEC23D3075700FD1E5D /* Debug */ = {
			isa = XCBuildConfiguration;
			buildSettings = {
				CODE_SIGN_STYLE = Automatic;
				PRODUCT_NAME = "$(TARGET_NAME)";
			};
			name = Debug;
		};
		D6606EED23D3075700FD1E5D /* Release */ = {
			isa = XCBuildConfiguration;
			buildSettings = {
				CODE_SIGN_STYLE = Automatic;
				PRODUCT_NAME = "$(TARGET_NAME)";
			};
			name = Release;
		};
		D6606EFA23D3148400FD1E5D /* Debug */ = {
			isa = XCBuildConfiguration;
			buildSettings = {
				CODE_SIGN_STYLE = Automatic;
				PRODUCT_NAME = "$(TARGET_NAME)";
			};
			name = Debug;
		};
		D6606EFB23D3148400FD1E5D /* Release */ = {
			isa = XCBuildConfiguration;
			buildSettings = {
				CODE_SIGN_STYLE = Automatic;
				PRODUCT_NAME = "$(TARGET_NAME)";
			};
			name = Release;
		};
		D6606F0823D3197E00FD1E5D /* Debug */ = {
			isa = XCBuildConfiguration;
			buildSettings = {
				CODE_SIGN_STYLE = Automatic;
				PRODUCT_NAME = "$(TARGET_NAME)";
			};
			name = Debug;
		};
		D6606F0923D3197E00FD1E5D /* Release */ = {
			isa = XCBuildConfiguration;
			buildSettings = {
				CODE_SIGN_STYLE = Automatic;
				PRODUCT_NAME = "$(TARGET_NAME)";
			};
			name = Release;
		};
		D6606F1623D330A100FD1E5D /* Debug */ = {
			isa = XCBuildConfiguration;
			buildSettings = {
				CODE_SIGN_STYLE = Automatic;
				PRODUCT_NAME = "$(TARGET_NAME)";
			};
			name = Debug;
		};
		D6606F1723D330A100FD1E5D /* Release */ = {
			isa = XCBuildConfiguration;
			buildSettings = {
				CODE_SIGN_STYLE = Automatic;
				PRODUCT_NAME = "$(TARGET_NAME)";
			};
			name = Release;
		};
		D6606F2423D336C300FD1E5D /* Debug */ = {
			isa = XCBuildConfiguration;
			buildSettings = {
				CODE_SIGN_STYLE = Automatic;
				PRODUCT_NAME = "$(TARGET_NAME)";
			};
			name = Debug;
		};
		D6606F2523D336C300FD1E5D /* Release */ = {
			isa = XCBuildConfiguration;
			buildSettings = {
				CODE_SIGN_STYLE = Automatic;
				PRODUCT_NAME = "$(TARGET_NAME)";
			};
			name = Release;
		};
		D6606F3223D33C7D00FD1E5D /* Debug */ = {
			isa = XCBuildConfiguration;
			buildSettings = {
				CODE_SIGN_STYLE = Automatic;
				PRODUCT_NAME = "$(TARGET_NAME)";
			};
			name = Debug;
		};
		D6606F3323D33C7D00FD1E5D /* Release */ = {
			isa = XCBuildConfiguration;
			buildSettings = {
				CODE_SIGN_STYLE = Automatic;
				PRODUCT_NAME = "$(TARGET_NAME)";
			};
			name = Release;
		};
		D6606F4023D393F200FD1E5D /* Debug */ = {
			isa = XCBuildConfiguration;
			buildSettings = {
				CODE_SIGN_STYLE = Automatic;
				PRODUCT_NAME = "$(TARGET_NAME)";
			};
			name = Debug;
		};
		D6606F4123D393F200FD1E5D /* Release */ = {
			isa = XCBuildConfiguration;
			buildSettings = {
				CODE_SIGN_STYLE = Automatic;
				PRODUCT_NAME = "$(TARGET_NAME)";
			};
			name = Release;
		};
		D6606F4E23D3B6F200FD1E5D /* Debug */ = {
			isa = XCBuildConfiguration;
			buildSettings = {
				CODE_SIGN_STYLE = Automatic;
				PRODUCT_NAME = "$(TARGET_NAME)";
			};
			name = Debug;
		};
		D6606F4F23D3B6F200FD1E5D /* Release */ = {
			isa = XCBuildConfiguration;
			buildSettings = {
				CODE_SIGN_STYLE = Automatic;
				PRODUCT_NAME = "$(TARGET_NAME)";
			};
			name = Release;
		};
		D6606F5C23D3BFA600FD1E5D /* Debug */ = {
			isa = XCBuildConfiguration;
			buildSettings = {
				CODE_SIGN_STYLE = Automatic;
				PRODUCT_NAME = "$(TARGET_NAME)";
			};
			name = Debug;
		};
		D6606F5D23D3BFA600FD1E5D /* Release */ = {
			isa = XCBuildConfiguration;
			buildSettings = {
				CODE_SIGN_STYLE = Automatic;
				PRODUCT_NAME = "$(TARGET_NAME)";
			};
			name = Release;
		};
		D6606F6A23D3C93B00FD1E5D /* Debug */ = {
			isa = XCBuildConfiguration;
			buildSettings = {
				CODE_SIGN_STYLE = Automatic;
				PRODUCT_NAME = "$(TARGET_NAME)";
			};
			name = Debug;
		};
		D6606F6B23D3C93B00FD1E5D /* Release */ = {
			isa = XCBuildConfiguration;
			buildSettings = {
				CODE_SIGN_STYLE = Automatic;
				PRODUCT_NAME = "$(TARGET_NAME)";
			};
			name = Release;
		};
		D668533D23D8481300DFF799 /* Debug */ = {
			isa = XCBuildConfiguration;
			buildSettings = {
				CODE_SIGN_STYLE = Automatic;
				PRODUCT_NAME = "$(TARGET_NAME)";
			};
			name = Debug;
		};
		D668533E23D8481300DFF799 /* Release */ = {
			isa = XCBuildConfiguration;
			buildSettings = {
				CODE_SIGN_STYLE = Automatic;
				PRODUCT_NAME = "$(TARGET_NAME)";
			};
			name = Release;
		};
		D668534923D84E7000DFF799 /* Debug */ = {
			isa = XCBuildConfiguration;
			buildSettings = {
				CODE_SIGN_STYLE = Automatic;
				PRODUCT_NAME = "$(TARGET_NAME)";
			};
			name = Debug;
		};
		D668534A23D84E7000DFF799 /* Release */ = {
			isa = XCBuildConfiguration;
			buildSettings = {
				CODE_SIGN_STYLE = Automatic;
				PRODUCT_NAME = "$(TARGET_NAME)";
			};
			name = Release;
		};
		D6AD624723D0B37B000BEC08 /* Debug */ = {
			isa = XCBuildConfiguration;
			buildSettings = {
				CODE_SIGN_STYLE = Automatic;
				PRODUCT_NAME = "$(TARGET_NAME)";
			};
			name = Debug;
		};
		D6AD624823D0B37B000BEC08 /* Release */ = {
			isa = XCBuildConfiguration;
			buildSettings = {
				CODE_SIGN_STYLE = Automatic;
				PRODUCT_NAME = "$(TARGET_NAME)";
			};
			name = Release;
		};
		D6AD625623D0BA59000BEC08 /* Debug */ = {
			isa = XCBuildConfiguration;
			buildSettings = {
				CODE_SIGN_STYLE = Automatic;
				PRODUCT_NAME = "$(TARGET_NAME)";
			};
			name = Debug;
		};
		D6AD625723D0BA59000BEC08 /* Release */ = {
			isa = XCBuildConfiguration;
			buildSettings = {
				CODE_SIGN_STYLE = Automatic;
				PRODUCT_NAME = "$(TARGET_NAME)";
			};
			name = Release;
		};
		D6AD626423D0D032000BEC08 /* Debug */ = {
			isa = XCBuildConfiguration;
			buildSettings = {
				CODE_SIGN_STYLE = Automatic;
				PRODUCT_NAME = "$(TARGET_NAME)";
			};
			name = Debug;
		};
		D6AD626523D0D032000BEC08 /* Release */ = {
			isa = XCBuildConfiguration;
			buildSettings = {
				CODE_SIGN_STYLE = Automatic;
				PRODUCT_NAME = "$(TARGET_NAME)";
			};
			name = Release;
		};
		D6AD627223D0DCF8000BEC08 /* Debug */ = {
			isa = XCBuildConfiguration;
			buildSettings = {
				CODE_SIGN_STYLE = Automatic;
				PRODUCT_NAME = "$(TARGET_NAME)";
			};
			name = Debug;
		};
		D6AD627323D0DCF8000BEC08 /* Release */ = {
			isa = XCBuildConfiguration;
			buildSettings = {
				CODE_SIGN_STYLE = Automatic;
				PRODUCT_NAME = "$(TARGET_NAME)";
			};
			name = Release;
		};
		D6AD628023D0E228000BEC08 /* Debug */ = {
			isa = XCBuildConfiguration;
			buildSettings = {
				CODE_SIGN_STYLE = Automatic;
				PRODUCT_NAME = "$(TARGET_NAME)";
			};
			name = Debug;
		};
		D6AD628123D0E228000BEC08 /* Release */ = {
			isa = XCBuildConfiguration;
			buildSettings = {
				CODE_SIGN_STYLE = Automatic;
				PRODUCT_NAME = "$(TARGET_NAME)";
			};
			name = Release;
		};
		D6AE976A23D0A7DC00C78B55 /* Debug */ = {
			isa = XCBuildConfiguration;
			buildSettings = {
				ALWAYS_SEARCH_USER_PATHS = NO;
				CLANG_ANALYZER_NONNULL = YES;
				CLANG_ANALYZER_NUMBER_OBJECT_CONVERSION = YES_AGGRESSIVE;
				CLANG_CXX_LANGUAGE_STANDARD = "gnu++14";
				CLANG_CXX_LIBRARY = "libc++";
				CLANG_ENABLE_MODULES = YES;
				CLANG_ENABLE_OBJC_ARC = YES;
				CLANG_ENABLE_OBJC_WEAK = YES;
				CLANG_WARN_BLOCK_CAPTURE_AUTORELEASING = YES;
				CLANG_WARN_BOOL_CONVERSION = YES;
				CLANG_WARN_COMMA = YES;
				CLANG_WARN_CONSTANT_CONVERSION = YES;
				CLANG_WARN_DEPRECATED_OBJC_IMPLEMENTATIONS = YES;
				CLANG_WARN_DIRECT_OBJC_ISA_USAGE = YES_ERROR;
				CLANG_WARN_DOCUMENTATION_COMMENTS = YES;
				CLANG_WARN_EMPTY_BODY = YES;
				CLANG_WARN_ENUM_CONVERSION = YES;
				CLANG_WARN_INFINITE_RECURSION = YES;
				CLANG_WARN_INT_CONVERSION = YES;
				CLANG_WARN_NON_LITERAL_NULL_CONVERSION = YES;
				CLANG_WARN_OBJC_IMPLICIT_RETAIN_SELF = YES;
				CLANG_WARN_OBJC_LITERAL_CONVERSION = YES;
				CLANG_WARN_OBJC_ROOT_CLASS = YES_ERROR;
				CLANG_WARN_RANGE_LOOP_ANALYSIS = YES;
				CLANG_WARN_STRICT_PROTOTYPES = YES;
				CLANG_WARN_SUSPICIOUS_MOVE = YES;
				CLANG_WARN_UNGUARDED_AVAILABILITY = YES_AGGRESSIVE;
				CLANG_WARN_UNREACHABLE_CODE = YES;
				CLANG_WARN__DUPLICATE_METHOD_MATCH = YES;
				COPY_PHASE_STRIP = NO;
				DEBUG_INFORMATION_FORMAT = dwarf;
				ENABLE_STRICT_OBJC_MSGSEND = YES;
				ENABLE_TESTABILITY = YES;
				GCC_C_LANGUAGE_STANDARD = gnu11;
				GCC_DYNAMIC_NO_PIC = NO;
				GCC_NO_COMMON_BLOCKS = YES;
				GCC_OPTIMIZATION_LEVEL = 0;
				GCC_PREPROCESSOR_DEFINITIONS = (
					"DEBUG=1",
					"$(inherited)",
				);
				GCC_WARN_64_TO_32_BIT_CONVERSION = YES;
				GCC_WARN_ABOUT_RETURN_TYPE = YES_ERROR;
				GCC_WARN_UNDECLARED_SELECTOR = YES;
				GCC_WARN_UNINITIALIZED_AUTOS = YES_AGGRESSIVE;
				GCC_WARN_UNUSED_FUNCTION = YES;
				GCC_WARN_UNUSED_VARIABLE = YES;
				MACOSX_DEPLOYMENT_TARGET = 10.15;
				MTL_ENABLE_DEBUG_INFO = INCLUDE_SOURCE;
				MTL_FAST_MATH = YES;
				ONLY_ACTIVE_ARCH = YES;
				SDKROOT = macosx;
			};
			name = Debug;
		};
		D6AE976B23D0A7DC00C78B55 /* Release */ = {
			isa = XCBuildConfiguration;
			buildSettings = {
				ALWAYS_SEARCH_USER_PATHS = NO;
				CLANG_ANALYZER_NONNULL = YES;
				CLANG_ANALYZER_NUMBER_OBJECT_CONVERSION = YES_AGGRESSIVE;
				CLANG_CXX_LANGUAGE_STANDARD = "gnu++14";
				CLANG_CXX_LIBRARY = "libc++";
				CLANG_ENABLE_MODULES = YES;
				CLANG_ENABLE_OBJC_ARC = YES;
				CLANG_ENABLE_OBJC_WEAK = YES;
				CLANG_WARN_BLOCK_CAPTURE_AUTORELEASING = YES;
				CLANG_WARN_BOOL_CONVERSION = YES;
				CLANG_WARN_COMMA = YES;
				CLANG_WARN_CONSTANT_CONVERSION = YES;
				CLANG_WARN_DEPRECATED_OBJC_IMPLEMENTATIONS = YES;
				CLANG_WARN_DIRECT_OBJC_ISA_USAGE = YES_ERROR;
				CLANG_WARN_DOCUMENTATION_COMMENTS = YES;
				CLANG_WARN_EMPTY_BODY = YES;
				CLANG_WARN_ENUM_CONVERSION = YES;
				CLANG_WARN_INFINITE_RECURSION = YES;
				CLANG_WARN_INT_CONVERSION = YES;
				CLANG_WARN_NON_LITERAL_NULL_CONVERSION = YES;
				CLANG_WARN_OBJC_IMPLICIT_RETAIN_SELF = YES;
				CLANG_WARN_OBJC_LITERAL_CONVERSION = YES;
				CLANG_WARN_OBJC_ROOT_CLASS = YES_ERROR;
				CLANG_WARN_RANGE_LOOP_ANALYSIS = YES;
				CLANG_WARN_STRICT_PROTOTYPES = YES;
				CLANG_WARN_SUSPICIOUS_MOVE = YES;
				CLANG_WARN_UNGUARDED_AVAILABILITY = YES_AGGRESSIVE;
				CLANG_WARN_UNREACHABLE_CODE = YES;
				CLANG_WARN__DUPLICATE_METHOD_MATCH = YES;
				COPY_PHASE_STRIP = NO;
				DEBUG_INFORMATION_FORMAT = "dwarf-with-dsym";
				ENABLE_NS_ASSERTIONS = NO;
				ENABLE_STRICT_OBJC_MSGSEND = YES;
				GCC_C_LANGUAGE_STANDARD = gnu11;
				GCC_NO_COMMON_BLOCKS = YES;
				GCC_WARN_64_TO_32_BIT_CONVERSION = YES;
				GCC_WARN_ABOUT_RETURN_TYPE = YES_ERROR;
				GCC_WARN_UNDECLARED_SELECTOR = YES;
				GCC_WARN_UNINITIALIZED_AUTOS = YES_AGGRESSIVE;
				GCC_WARN_UNUSED_FUNCTION = YES;
				GCC_WARN_UNUSED_VARIABLE = YES;
				MACOSX_DEPLOYMENT_TARGET = 10.15;
				MTL_ENABLE_DEBUG_INFO = NO;
				MTL_FAST_MATH = YES;
				SDKROOT = macosx;
			};
			name = Release;
		};
		D6AE976D23D0A7DC00C78B55 /* Debug */ = {
			isa = XCBuildConfiguration;
			buildSettings = {
				CODE_SIGN_STYLE = Automatic;
				PRODUCT_NAME = "$(TARGET_NAME)";
			};
			name = Debug;
		};
		D6AE976E23D0A7DC00C78B55 /* Release */ = {
			isa = XCBuildConfiguration;
			buildSettings = {
				CODE_SIGN_STYLE = Automatic;
				PRODUCT_NAME = "$(TARGET_NAME)";
			};
			name = Release;
		};
		D6AE977823D0A82C00C78B55 /* Debug */ = {
			isa = XCBuildConfiguration;
			buildSettings = {
				CODE_SIGN_STYLE = Automatic;
				PRODUCT_NAME = "$(TARGET_NAME)";
			};
			name = Debug;
		};
		D6AE977923D0A82C00C78B55 /* Release */ = {
			isa = XCBuildConfiguration;
			buildSettings = {
				CODE_SIGN_STYLE = Automatic;
				PRODUCT_NAME = "$(TARGET_NAME)";
			};
			name = Release;
		};
/* End XCBuildConfiguration section */

/* Begin XCConfigurationList section */
		D65A605D23D44E400072829C /* Build configuration list for PBXNativeTarget "13.1" */ = {
			isa = XCConfigurationList;
			buildConfigurations = (
				D65A605B23D44E400072829C /* Debug */,
				D65A605C23D44E400072829C /* Release */,
			);
			defaultConfigurationIsVisible = 0;
			defaultConfigurationName = Release;
		};
		D65A606C23D457BA0072829C /* Build configuration list for PBXNativeTarget "13.7" */ = {
			isa = XCConfigurationList;
			buildConfigurations = (
				D65A606D23D457BA0072829C /* Debug */,
				D65A606E23D457BA0072829C /* Release */,
			);
			defaultConfigurationIsVisible = 0;
			defaultConfigurationName = Release;
		};
		D65D051123D6F2F500CE78A9 /* Build configuration list for PBXNativeTarget "14.1" */ = {
			isa = XCConfigurationList;
			buildConfigurations = (
				D65D050F23D6F2F500CE78A9 /* Debug */,
				D65D051023D6F2F500CE78A9 /* Release */,
			);
			defaultConfigurationIsVisible = 0;
			defaultConfigurationName = Release;
		};
		D65D051D23D703A700CE78A9 /* Build configuration list for PBXNativeTarget "14.13" */ = {
			isa = XCConfigurationList;
			buildConfigurations = (
				D65D051E23D703A700CE78A9 /* Debug */,
				D65D051F23D703A700CE78A9 /* Release */,
			);
			defaultConfigurationIsVisible = 0;
			defaultConfigurationName = Release;
		};
		D65D052B23D7063200CE78A9 /* Build configuration list for PBXNativeTarget "14.17" */ = {
			isa = XCConfigurationList;
			buildConfigurations = (
				D65D052C23D7063200CE78A9 /* Debug */,
				D65D052D23D7063200CE78A9 /* Release */,
			);
			defaultConfigurationIsVisible = 0;
			defaultConfigurationName = Release;
		};
		D65D053923D70E6500CE78A9 /* Build configuration list for PBXNativeTarget "14.20" */ = {
			isa = XCConfigurationList;
			buildConfigurations = (
				D65D053A23D70E6500CE78A9 /* Debug */,
				D65D053B23D70E6500CE78A9 /* Release */,
			);
			defaultConfigurationIsVisible = 0;
			defaultConfigurationName = Release;
		};
		D6606ED123D2FFBC00FD1E5D /* Build configuration list for PBXNativeTarget "11.1" */ = {
			isa = XCConfigurationList;
			buildConfigurations = (
				D6606ECF23D2FFBC00FD1E5D /* Debug */,
				D6606ED023D2FFBC00FD1E5D /* Release */,
			);
			defaultConfigurationIsVisible = 0;
			defaultConfigurationName = Release;
		};
		D6606EDD23D304A000FD1E5D /* Build configuration list for PBXNativeTarget "11.4" */ = {
			isa = XCConfigurationList;
			buildConfigurations = (
				D6606EDE23D304A000FD1E5D /* Debug */,
				D6606EDF23D304A000FD1E5D /* Release */,
			);
			defaultConfigurationIsVisible = 0;
			defaultConfigurationName = Release;
		};
		D6606EEB23D3075700FD1E5D /* Build configuration list for PBXNativeTarget "11.7" */ = {
			isa = XCConfigurationList;
			buildConfigurations = (
				D6606EEC23D3075700FD1E5D /* Debug */,
				D6606EED23D3075700FD1E5D /* Release */,
			);
			defaultConfigurationIsVisible = 0;
			defaultConfigurationName = Release;
		};
		D6606EF923D3148400FD1E5D /* Build configuration list for PBXNativeTarget "11.10" */ = {
			isa = XCConfigurationList;
			buildConfigurations = (
				D6606EFA23D3148400FD1E5D /* Debug */,
				D6606EFB23D3148400FD1E5D /* Release */,
			);
			defaultConfigurationIsVisible = 0;
			defaultConfigurationName = Release;
		};
		D6606F0723D3197E00FD1E5D /* Build configuration list for PBXNativeTarget "11.3" */ = {
			isa = XCConfigurationList;
			buildConfigurations = (
				D6606F0823D3197E00FD1E5D /* Debug */,
				D6606F0923D3197E00FD1E5D /* Release */,
			);
			defaultConfigurationIsVisible = 0;
			defaultConfigurationName = Release;
		};
		D6606F1523D330A100FD1E5D /* Build configuration list for PBXNativeTarget "11.16" */ = {
			isa = XCConfigurationList;
			buildConfigurations = (
				D6606F1623D330A100FD1E5D /* Debug */,
				D6606F1723D330A100FD1E5D /* Release */,
			);
			defaultConfigurationIsVisible = 0;
			defaultConfigurationName = Release;
		};
		D6606F2323D336C300FD1E5D /* Build configuration list for PBXNativeTarget "11.9" */ = {
			isa = XCConfigurationList;
			buildConfigurations = (
				D6606F2423D336C300FD1E5D /* Debug */,
				D6606F2523D336C300FD1E5D /* Release */,
			);
			defaultConfigurationIsVisible = 0;
			defaultConfigurationName = Release;
		};
		D6606F3123D33C7D00FD1E5D /* Build configuration list for PBXNativeTarget "exercise11.7" */ = {
			isa = XCConfigurationList;
			buildConfigurations = (
				D6606F3223D33C7D00FD1E5D /* Debug */,
				D6606F3323D33C7D00FD1E5D /* Release */,
			);
			defaultConfigurationIsVisible = 0;
			defaultConfigurationName = Release;
		};
		D6606F3F23D393F200FD1E5D /* Build configuration list for PBXNativeTarget "12.1" */ = {
			isa = XCConfigurationList;
			buildConfigurations = (
				D6606F4023D393F200FD1E5D /* Debug */,
				D6606F4123D393F200FD1E5D /* Release */,
			);
			defaultConfigurationIsVisible = 0;
			defaultConfigurationName = Release;
		};
		D6606F4D23D3B6F200FD1E5D /* Build configuration list for PBXNativeTarget "12.4" */ = {
			isa = XCConfigurationList;
			buildConfigurations = (
				D6606F4E23D3B6F200FD1E5D /* Debug */,
				D6606F4F23D3B6F200FD1E5D /* Release */,
			);
			defaultConfigurationIsVisible = 0;
			defaultConfigurationName = Release;
		};
		D6606F5B23D3BFA600FD1E5D /* Build configuration list for PBXNativeTarget "12.5" */ = {
			isa = XCConfigurationList;
			buildConfigurations = (
				D6606F5C23D3BFA600FD1E5D /* Debug */,
				D6606F5D23D3BFA600FD1E5D /* Release */,
			);
			defaultConfigurationIsVisible = 0;
			defaultConfigurationName = Release;
		};
		D6606F6923D3C93B00FD1E5D /* Build configuration list for PBXNativeTarget "12.7" */ = {
			isa = XCConfigurationList;
			buildConfigurations = (
				D6606F6A23D3C93B00FD1E5D /* Debug */,
				D6606F6B23D3C93B00FD1E5D /* Release */,
			);
			defaultConfigurationIsVisible = 0;
			defaultConfigurationName = Release;
		};
		D668533F23D8481300DFF799 /* Build configuration list for PBXNativeTarget "15.8" */ = {
			isa = XCConfigurationList;
			buildConfigurations = (
				D668533D23D8481300DFF799 /* Debug */,
				D668533E23D8481300DFF799 /* Release */,
			);
			defaultConfigurationIsVisible = 0;
			defaultConfigurationName = Release;
		};
		D668534823D84E7000DFF799 /* Build configuration list for PBXNativeTarget "16。5" */ = {
			isa = XCConfigurationList;
			buildConfigurations = (
				D668534923D84E7000DFF799 /* Debug */,
				D668534A23D84E7000DFF799 /* Release */,
			);
			defaultConfigurationIsVisible = 0;
			defaultConfigurationName = Release;
		};
		D6AD624923D0B37B000BEC08 /* Build configuration list for PBXNativeTarget "10.4" */ = {
			isa = XCConfigurationList;
			buildConfigurations = (
				D6AD624723D0B37B000BEC08 /* Debug */,
				D6AD624823D0B37B000BEC08 /* Release */,
			);
			defaultConfigurationIsVisible = 0;
			defaultConfigurationName = Release;
		};
		D6AD625523D0BA59000BEC08 /* Build configuration list for PBXNativeTarget "10.7" */ = {
			isa = XCConfigurationList;
			buildConfigurations = (
				D6AD625623D0BA59000BEC08 /* Debug */,
				D6AD625723D0BA59000BEC08 /* Release */,
			);
			defaultConfigurationIsVisible = 0;
			defaultConfigurationName = Release;
		};
		D6AD626323D0D032000BEC08 /* Build configuration list for PBXNativeTarget "exercise10.1" */ = {
			isa = XCConfigurationList;
			buildConfigurations = (
				D6AD626423D0D032000BEC08 /* Debug */,
				D6AD626523D0D032000BEC08 /* Release */,
			);
			defaultConfigurationIsVisible = 0;
			defaultConfigurationName = Release;
		};
		D6AD627123D0DCF8000BEC08 /* Build configuration list for PBXNativeTarget "exercise10.2" */ = {
			isa = XCConfigurationList;
			buildConfigurations = (
				D6AD627223D0DCF8000BEC08 /* Debug */,
				D6AD627323D0DCF8000BEC08 /* Release */,
			);
			defaultConfigurationIsVisible = 0;
			defaultConfigurationName = Release;
		};
		D6AD627F23D0E228000BEC08 /* Build configuration list for PBXNativeTarget "exercise10.6" */ = {
			isa = XCConfigurationList;
			buildConfigurations = (
				D6AD628023D0E228000BEC08 /* Debug */,
				D6AD628123D0E228000BEC08 /* Release */,
			);
			defaultConfigurationIsVisible = 0;
			defaultConfigurationName = Release;
		};
		D6AE976023D0A7DC00C78B55 /* Build configuration list for PBXProject "C++ Primer Class Study" */ = {
			isa = XCConfigurationList;
			buildConfigurations = (
				D6AE976A23D0A7DC00C78B55 /* Debug */,
				D6AE976B23D0A7DC00C78B55 /* Release */,
			);
			defaultConfigurationIsVisible = 0;
			defaultConfigurationName = Release;
		};
		D6AE976C23D0A7DC00C78B55 /* Build configuration list for PBXNativeTarget "C++ Primer Class Study" */ = {
			isa = XCConfigurationList;
			buildConfigurations = (
				D6AE976D23D0A7DC00C78B55 /* Debug */,
				D6AE976E23D0A7DC00C78B55 /* Release */,
			);
			defaultConfigurationIsVisible = 0;
			defaultConfigurationName = Release;
		};
		D6AE977723D0A82C00C78B55 /* Build configuration list for PBXNativeTarget "Chapter 10" */ = {
			isa = XCConfigurationList;
			buildConfigurations = (
				D6AE977823D0A82C00C78B55 /* Debug */,
				D6AE977923D0A82C00C78B55 /* Release */,
			);
			defaultConfigurationIsVisible = 0;
			defaultConfigurationName = Release;
		};
/* End XCConfigurationList section */
	};
	rootObject = D6AE975D23D0A7DC00C78B55 /* Project object */;
}
